// !$*UTF8*$!
{
	archiveVersion = 1;
	classes = {
	};
	objectVersion = 77;
	objects = {

/* Begin PBXBuildFile section */
		46AFBE922F2C1C7200444306 /* UI in Frameworks */ = {isa = PBXBuildFile; productRef = 46AFBE912F2C1C7200444306 /* UI */; };
		46AFBEC02F2CFEA400444306 /* WidgetKit.framework in Frameworks */ = {isa = PBXBuildFile; fileRef = 46AFBEBF2F2CFEA400444306 /* WidgetKit.framework */; };
		46AFBEC22F2CFEA400444306 /* SwiftUI.framework in Frameworks */ = {isa = PBXBuildFile; fileRef = 46AFBEC12F2CFEA400444306 /* SwiftUI.framework */; };
		46AFBECF2F2CFEA500444306 /* IntentTodoWidgetExtension.appex in Embed Foundation Extensions */ = {isa = PBXBuildFile; fileRef = 46AFBEBE2F2CFEA400444306 /* IntentTodoWidgetExtension.appex */; settings = {ATTRIBUTES = (RemoveHeadersOnCopy, ); }; };
		46AFBED82F2CFEEB00444306 /* Domain in Frameworks */ = {isa = PBXBuildFile; productRef = 46AFBED72F2CFEEB00444306 /* Domain */; };
		46AFBEDA2F2CFEEB00444306 /* TodoAppIntents in Frameworks */ = {isa = PBXBuildFile; productRef = 46AFBED92F2CFEEB00444306 /* TodoAppIntents */; };
		46AFBEE02F2D6D9C00444306 /* WidgetKit.framework in Frameworks */ = {isa = PBXBuildFile; fileRef = 46AFBEBF2F2CFEA400444306 /* WidgetKit.framework */; };
		46AFBEE12F2D6D9C00444306 /* SwiftUI.framework in Frameworks */ = {isa = PBXBuildFile; fileRef = 46AFBEC12F2CFEA400444306 /* SwiftUI.framework */; };
		46AFBEF22F2D6D9E00444306 /* IntentTodoLiveActivityExtension.appex in Embed Foundation Extensions */ = {isa = PBXBuildFile; fileRef = 46AFBEDF2F2D6D9C00444306 /* IntentTodoLiveActivityExtension.appex */; platformFilter = ios; settings = {ATTRIBUTES = (RemoveHeadersOnCopy, ); }; };
		46AFBF072F2D6E5B00444306 /* IntentTodoWatchApp.app in Embed Watch Content */ = {isa = PBXBuildFile; fileRef = 46AFBEFD2F2D6E5A00444306 /* IntentTodoWatchApp.app */; platformFilter = ios; settings = {ATTRIBUTES = (RemoveHeadersOnCopy, ); }; };
		46AFBFA62F2D731900444306 /* Repository in Frameworks */ = {isa = PBXBuildFile; productRef = 46AFBEDB2F2D6E6A00444306 /* Repository */; };
		46AFBFA72F2D731900444306 /* Domain in Frameworks */ = {isa = PBXBuildFile; productRef = 46AFBEDC2F2D6E6A00444306 /* Domain */; };
		46AFBFA82F2D731900444306 /* Repository in Frameworks */ = {isa = PBXBuildFile; productRef = 46AFBEDD2F2D6E6A00444306 /* Repository */; };
		46AFBFA92F2D731900444306 /* TodoAppIntents in Frameworks */ = {isa = PBXBuildFile; productRef = 46AFBEDE2F2D6E6A00444306 /* TodoAppIntents */; };
		46AFBFAA2F2D731900444306 /* Domain in Frameworks */ = {isa = PBXBuildFile; productRef = 46AFBEDF2F2D6E6A00444306 /* Domain */; };
		46AFBFAB2F2D731900444306 /* TodoAppIntents in Frameworks */ = {isa = PBXBuildFile; productRef = 46AFBEE02F2D6E6A00444306 /* TodoAppIntents */; };
		46AFBFF72F32BC5000444306 /* TodoAppIntents in Frameworks */ = {isa = PBXBuildFile; productRef = 46AFBFF62F32BC5000444306 /* TodoAppIntents */; };
		46F00300000000000000FAC1 /* LiveActivity in Frameworks */ = {isa = PBXBuildFile; productRef = 46F00400000000000000FAC1 /* LiveActivity */; };
		46F00600000000000000FAC1 /* WidgetUI in Frameworks */ = {isa = PBXBuildFile; productRef = 46F00700000000000000FAC1 /* WidgetUI */; };
		46F00900000000000000FAC1 /* WatchUI in Frameworks */ = {isa = PBXBuildFile; productRef = 46F00A00000000000000FAC1 /* WatchUI */; };
		46F00B00000000000000FAC1 /* LiveActivity in Frameworks */ = {isa = PBXBuildFile; platformFilter = ios; productRef = 46F00C00000000000000FAC1 /* LiveActivity */; };
/* End PBXBuildFile section */

/* Begin PBXContainerItemProxy section */
		46AFBECD2F2CFEA500444306 /* PBXContainerItemProxy */ = {
			isa = PBXContainerItemProxy;
			containerPortal = 46AFBC312F2BA68C00444306 /* Project object */;
			proxyType = 1;
			remoteGlobalIDString = 46AFBEBD2F2CFEA400444306;
			remoteInfo = IntentTodoWidgetExtension;
		};
		46AFBEF02F2D6D9E00444306 /* PBXContainerItemProxy */ = {
			isa = PBXContainerItemProxy;
			containerPortal = 46AFBC312F2BA68C00444306 /* Project object */;
			proxyType = 1;
			remoteGlobalIDString = 46AFBEDE2F2D6D9C00444306;
			remoteInfo = IntentTodoLiveActivityExtension;
		};
		46AFBF052F2D6E5B00444306 /* PBXContainerItemProxy */ = {
			isa = PBXContainerItemProxy;
			containerPortal = 46AFBC312F2BA68C00444306 /* Project object */;
			proxyType = 1;
			remoteGlobalIDString = 46AFBEFC2F2D6E5A00444306;
			remoteInfo = "IntentTodoWatchApp Watch App";
		};
		46AFC0F92F34F72800444306 /* PBXContainerItemProxy */ = {
			isa = PBXContainerItemProxy;
			containerPortal = 46AFBC312F2BA68C00444306 /* Project object */;
			proxyType = 1;
			remoteGlobalIDString = 46AFBC382F2BA68C00444306;
			remoteInfo = IntentTodo;
		};
		46AFC10D2F34F75C00444306 /* PBXContainerItemProxy */ = {
			isa = PBXContainerItemProxy;
			containerPortal = 46AFBC312F2BA68C00444306 /* Project object */;
			proxyType = 1;
			remoteGlobalIDString = 46AFBEFC2F2D6E5A00444306;
			remoteInfo = IntentTodoWatchApp;
		};
/* End PBXContainerItemProxy section */

/* Begin PBXCopyFilesBuildPhase section */
		46AFBED42F2CFEA500444306 /* Embed Foundation Extensions */ = {
			isa = PBXCopyFilesBuildPhase;
			buildActionMask = 2147483647;
			dstPath = "";
			dstSubfolderSpec = 13;
			files = (
				46AFBECF2F2CFEA500444306 /* IntentTodoWidgetExtension.appex in Embed Foundation Extensions */,
				46AFBEF22F2D6D9E00444306 /* IntentTodoLiveActivityExtension.appex in Embed Foundation Extensions */,
			);
			name = "Embed Foundation Extensions";
			runOnlyForDeploymentPostprocessing = 0;
		};
		46AFBF0B2F2D6E5B00444306 /* Embed Watch Content */ = {
			isa = PBXCopyFilesBuildPhase;
			buildActionMask = 2147483647;
			dstPath = "$(CONTENTS_FOLDER_PATH)/Watch";
			dstSubfolderSpec = 16;
			files = (
				46AFBF072F2D6E5B00444306 /* IntentTodoWatchApp.app in Embed Watch Content */,
			);
			name = "Embed Watch Content";
			runOnlyForDeploymentPostprocessing = 0;
		};
/* End PBXCopyFilesBuildPhase section */

/* Begin PBXFileReference section */
		46AFBC392F2BA68C00444306 /* IntentTodo.app */ = {isa = PBXFileReference; explicitFileType = wrapper.application; includeInIndex = 0; path = IntentTodo.app; sourceTree = BUILT_PRODUCTS_DIR; };
		46AFBE932F2C241700444306 /* AGENTS.md */ = {isa = PBXFileReference; lastKnownFileType = net.daringfireball.markdown; path = AGENTS.md; sourceTree = "<group>"; };
		46AFBE942F2C241700444306 /* CLAUDE.md */ = {isa = PBXFileReference; lastKnownFileType = net.daringfireball.markdown; path = CLAUDE.md; sourceTree = "<group>"; };
		46AFBEAF2F2C241700444306 /* LICENSE */ = {isa = PBXFileReference; lastKnownFileType = text; path = LICENSE; sourceTree = "<group>"; };
		46AFBEB02F2C241700444306 /* README.md */ = {isa = PBXFileReference; lastKnownFileType = net.daringfireball.markdown; path = README.md; sourceTree = "<group>"; };
		46AFBEBE2F2CFEA400444306 /* IntentTodoWidgetExtension.appex */ = {isa = PBXFileReference; explicitFileType = "wrapper.app-extension"; includeInIndex = 0; path = IntentTodoWidgetExtension.appex; sourceTree = BUILT_PRODUCTS_DIR; };
		46AFBEBF2F2CFEA400444306 /* WidgetKit.framework */ = {isa = PBXFileReference; lastKnownFileType = wrapper.framework; name = WidgetKit.framework; path = /System/Library/Frameworks/WidgetKit.framework; sourceTree = "<absolute>"; };
		46AFBEC12F2CFEA400444306 /* SwiftUI.framework */ = {isa = PBXFileReference; lastKnownFileType = wrapper.framework; name = SwiftUI.framework; path = /System/Library/Frameworks/SwiftUI.framework; sourceTree = "<absolute>"; };
		46AFBEDF2F2D6D9C00444306 /* IntentTodoLiveActivityExtension.appex */ = {isa = PBXFileReference; explicitFileType = "wrapper.app-extension"; includeInIndex = 0; path = IntentTodoLiveActivityExtension.appex; sourceTree = BUILT_PRODUCTS_DIR; };
		46AFBEFD2F2D6E5A00444306 /* IntentTodoWatchApp.app */ = {isa = PBXFileReference; explicitFileType = wrapper.application; includeInIndex = 0; path = IntentTodoWatchApp.app; sourceTree = BUILT_PRODUCTS_DIR; };
		46AFC0F32F34F72800444306 /* IntentTodoUITest.xctest */ = {isa = PBXFileReference; explicitFileType = wrapper.cfbundle; includeInIndex = 0; path = IntentTodoUITest.xctest; sourceTree = BUILT_PRODUCTS_DIR; };
		46AFC1072F34F75C00444306 /* IntentTodoWatchAppUITest.xctest */ = {isa = PBXFileReference; explicitFileType = wrapper.cfbundle; includeInIndex = 0; path = IntentTodoWatchAppUITest.xctest; sourceTree = BUILT_PRODUCTS_DIR; };
/* End PBXFileReference section */

/* Begin PBXFileSystemSynchronizedBuildFileExceptionSet section */
		46229CAE2FF88D620043E4FD /* Exceptions for "IntentTodo" folder in "IntentTodo" target */ = {
			isa = PBXFileSystemSynchronizedBuildFileExceptionSet;
			membershipExceptions = (
				Info.plist,
			);
			target = 46AFBC382F2BA68C00444306 /* IntentTodo */;
		};
		46229CAF2FF88D620043E4FD /* Exceptions for "IntentTodoWidget" folder in "IntentTodoWidgetExtension" target */ = {
			isa = PBXFileSystemSynchronizedBuildFileExceptionSet;
			membershipExceptions = (
				Info.plist,
			);
			target = 46AFBEBD2F2CFEA400444306 /* IntentTodoWidgetExtension */;
		};
		46229CB02FF88D620043E4FD /* Exceptions for "IntentTodoLiveActivity" folder in "IntentTodoLiveActivityExtension" target */ = {
			isa = PBXFileSystemSynchronizedBuildFileExceptionSet;
			membershipExceptions = (
				Info.plist,
			);
			target = 46AFBEDE2F2D6D9C00444306 /* IntentTodoLiveActivityExtension */;
		};
		46D3924F304114F400291ED6 /* Exceptions for "IntentTodoWatchApp" folder in "IntentTodoWidgetExtension" target */ = {
			isa = PBXFileSystemSynchronizedBuildFileExceptionSet;
			membershipExceptions = (
				Localizable.xcstrings,
			);
			target = 46AFBEBD2F2CFEA400444306 /* IntentTodoWidgetExtension */;
		};
/* End PBXFileSystemSynchronizedBuildFileExceptionSet section */

/* Begin PBXFileSystemSynchronizedRootGroup section */
		46229C662FF88D610043E4FD /* IntentTodoWatchAppUITest */ = {
			isa = PBXFileSystemSynchronizedRootGroup;
			path = IntentTodoWatchAppUITest;
			sourceTree = "<group>";
		};
		46229C752FF88D610043E4FD /* IntentTodoWidget */ = {
			isa = PBXFileSystemSynchronizedRootGroup;
			exceptions = (
				46229CAF2FF88D620043E4FD /* Exceptions for "IntentTodoWidget" folder in "IntentTodoWidgetExtension" target */,
			);
			path = IntentTodoWidget;
			sourceTree = "<group>";
		};
		46229C862FF88D610043E4FD /* Packages */ = {
			isa = PBXFileSystemSynchronizedRootGroup;
			path = Packages;
			sourceTree = "<group>";
		};
		46229C892FF88D610043E4FD /* IntentTodoUITest */ = {
			isa = PBXFileSystemSynchronizedRootGroup;
			path = IntentTodoUITest;
			sourceTree = "<group>";
		};
		46229C912FF88D610043E4FD /* IntentTodoLiveActivity */ = {
			isa = PBXFileSystemSynchronizedRootGroup;
			exceptions = (
				46229CB02FF88D620043E4FD /* Exceptions for "IntentTodoLiveActivity" folder in "IntentTodoLiveActivityExtension" target */,
			);
			path = IntentTodoLiveActivity;
			sourceTree = "<group>";
		};
		46229C9A2FF88D610043E4FD /* IntentTodoWatchApp */ = {
			isa = PBXFileSystemSynchronizedRootGroup;
			exceptions = (
				46D3924F304114F400291ED6 /* Exceptions for "IntentTodoWatchApp" folder in "IntentTodoWidgetExtension" target */,
			);
			path = IntentTodoWatchApp;
			sourceTree = "<group>";
		};
		46229CA62FF88D610043E4FD /* IntentTodo */ = {
			isa = PBXFileSystemSynchronizedRootGroup;
			exceptions = (
				46229CAE2FF88D620043E4FD /* Exceptions for "IntentTodo" folder in "IntentTodo" target */,
			);
			path = IntentTodo;
			sourceTree = "<group>";
		};
		46229CD72FF88DC70043E4FD /* docs */ = {
			isa = PBXFileSystemSynchronizedRootGroup;
			path = docs;
			sourceTree = "<group>";
		};
/* End PBXFileSystemSynchronizedRootGroup section */

/* Begin PBXFrameworksBuildPhase section */
		46AFBC362F2BA68C00444306 /* Frameworks */ = {
			isa = PBXFrameworksBuildPhase;
			buildActionMask = 2147483647;
			files = (
				46AFBFF72F32BC5000444306 /* TodoAppIntents in Frameworks */,
				46AFBE922F2C1C7200444306 /* UI in Frameworks */,
				46F00B00000000000000FAC1 /* LiveActivity in Frameworks */,
			);
			runOnlyForDeploymentPostprocessing = 0;
		};
		46AFBEBB2F2CFEA400444306 /* Frameworks */ = {
			isa = PBXFrameworksBuildPhase;
			buildActionMask = 2147483647;
			files = (
				46AFBFA62F2D731900444306 /* Repository in Frameworks */,
				46AFBED82F2CFEEB00444306 /* Domain in Frameworks */,
				46AFBEC22F2CFEA400444306 /* SwiftUI.framework in Frameworks */,
				46AFBEDA2F2CFEEB00444306 /* TodoAppIntents in Frameworks */,
				46F00600000000000000FAC1 /* WidgetUI in Frameworks */,
				46AFBEC02F2CFEA400444306 /* WidgetKit.framework in Frameworks */,
			);
			runOnlyForDeploymentPostprocessing = 0;
		};
		46AFBEDC2F2D6D9C00444306 /* Frameworks */ = {
			isa = PBXFrameworksBuildPhase;
			buildActionMask = 2147483647;
			files = (
				46AFBFA92F2D731900444306 /* TodoAppIntents in Frameworks */,
				46AFBFA82F2D731900444306 /* Repository in Frameworks */,
				46AFBFA72F2D731900444306 /* Domain in Frameworks */,
				46F00300000000000000FAC1 /* LiveActivity in Frameworks */,
				46AFBEE12F2D6D9C00444306 /* SwiftUI.framework in Frameworks */,
				46AFBEE02F2D6D9C00444306 /* WidgetKit.framework in Frameworks */,
			);
			runOnlyForDeploymentPostprocessing = 0;
		};
		46AFBEFA2F2D6E5A00444306 /* Frameworks */ = {
			isa = PBXFrameworksBuildPhase;
			buildActionMask = 2147483647;
			files = (
				46AFBFAB2F2D731900444306 /* TodoAppIntents in Frameworks */,
				46AFBFAA2F2D731900444306 /* Domain in Frameworks */,
				46F00900000000000000FAC1 /* WatchUI in Frameworks */,
			);
			runOnlyForDeploymentPostprocessing = 0;
		};
		46AFC0F02F34F72800444306 /* Frameworks */ = {
			isa = PBXFrameworksBuildPhase;
			buildActionMask = 2147483647;
			files = (
			);
			runOnlyForDeploymentPostprocessing = 0;
		};
		46AFC1042F34F75C00444306 /* Frameworks */ = {
			isa = PBXFrameworksBuildPhase;
			buildActionMask = 2147483647;
			files = (
			);
			runOnlyForDeploymentPostprocessing = 0;
		};
/* End PBXFrameworksBuildPhase section */

/* Begin PBXGroup section */
		46AFBC302F2BA68C00444306 = {
			isa = PBXGroup;
			children = (
				46AFBE932F2C241700444306 /* AGENTS.md */,
				46AFBE942F2C241700444306 /* CLAUDE.md */,
				46229CD72FF88DC70043E4FD /* docs */,
				46AFBEAF2F2C241700444306 /* LICENSE */,
				46AFBEB02F2C241700444306 /* README.md */,
				46229CA62FF88D610043E4FD /* IntentTodo */,
				46229C892FF88D610043E4FD /* IntentTodoUITest */,
				46229C9A2FF88D610043E4FD /* IntentTodoWatchApp */,
				46229C662FF88D610043E4FD /* IntentTodoWatchAppUITest */,
				46229C912FF88D610043E4FD /* IntentTodoLiveActivity */,
				46229C752FF88D610043E4FD /* IntentTodoWidget */,
				46229C862FF88D610043E4FD /* Packages */,
				46AFBE902F2C1C7200444306 /* Frameworks */,
				46AFBC3A2F2BA68C00444306 /* Products */,
			);
			sourceTree = "<group>";
		};
		46AFBC3A2F2BA68C00444306 /* Products */ = {
			isa = PBXGroup;
			children = (
				46AFBC392F2BA68C00444306 /* IntentTodo.app */,
				46AFBEBE2F2CFEA400444306 /* IntentTodoWidgetExtension.appex */,
				46AFBEDF2F2D6D9C00444306 /* IntentTodoLiveActivityExtension.appex */,
				46AFBEFD2F2D6E5A00444306 /* IntentTodoWatchApp.app */,
				46AFC0F32F34F72800444306 /* IntentTodoUITest.xctest */,
				46AFC1072F34F75C00444306 /* IntentTodoWatchAppUITest.xctest */,
			);
			name = Products;
			sourceTree = "<group>";
		};
		46AFBE902F2C1C7200444306 /* Frameworks */ = {
			isa = PBXGroup;
			children = (
				46AFBEBF2F2CFEA400444306 /* WidgetKit.framework */,
				46AFBEC12F2CFEA400444306 /* SwiftUI.framework */,
			);
			name = Frameworks;
			sourceTree = "<group>";
		};
/* End PBXGroup section */

/* Begin PBXNativeTarget section */
		46AFBC382F2BA68C00444306 /* IntentTodo */ = {
			isa = PBXNativeTarget;
			buildConfigurationList = 46AFBC5D2F2BA68D00444306 /* Build configuration list for PBXNativeTarget "IntentTodo" */;
			buildPhases = (
				46AFBC352F2BA68C00444306 /* Sources */,
				46AFBC362F2BA68C00444306 /* Frameworks */,
				46AFBC372F2BA68C00444306 /* Resources */,
				46AFBED42F2CFEA500444306 /* Embed Foundation Extensions */,
				46AFBF0B2F2D6E5B00444306 /* Embed Watch Content */,
			);
			buildRules = (
			);
			dependencies = (
				46AFBECE2F2CFEA500444306 /* PBXTargetDependency */,
				46AFBEF12F2D6D9E00444306 /* PBXTargetDependency */,
				46AFBF062F2D6E5B00444306 /* PBXTargetDependency */,
			);
			fileSystemSynchronizedGroups = (
				46229CA62FF88D610043E4FD /* IntentTodo */,
			);
			name = IntentTodo;
			packageProductDependencies = (
				46AFBE912F2C1C7200444306 /* UI */,
				46AFBFF62F32BC5000444306 /* TodoAppIntents */,
				46F00C00000000000000FAC1 /* LiveActivity */,
			);
			productName = IntentTodo;
			productReference = 46AFBC392F2BA68C00444306 /* IntentTodo.app */;
			productType = "com.apple.product-type.application";
		};
		46AFBEBD2F2CFEA400444306 /* IntentTodoWidgetExtension */ = {
			isa = PBXNativeTarget;
			buildConfigurationList = 46AFBED02F2CFEA500444306 /* Build configuration list for PBXNativeTarget "IntentTodoWidgetExtension" */;
			buildPhases = (
				46AFBEBA2F2CFEA400444306 /* Sources */,
				46AFBEBB2F2CFEA400444306 /* Frameworks */,
				46AFBEBC2F2CFEA400444306 /* Resources */,
			);
			buildRules = (
			);
			dependencies = (
			);
			fileSystemSynchronizedGroups = (
				46229C752FF88D610043E4FD /* IntentTodoWidget */,
			);
			name = IntentTodoWidgetExtension;
			packageProductDependencies = (
				46AFBED72F2CFEEB00444306 /* Domain */,
				46AFBED92F2CFEEB00444306 /* TodoAppIntents */,
				46AFBEDB2F2D6E6A00444306 /* Repository */,
				46F00700000000000000FAC1 /* WidgetUI */,
			);
			productName = IntentTodoWidgetExtension;
			productReference = 46AFBEBE2F2CFEA400444306 /* IntentTodoWidgetExtension.appex */;
			productType = "com.apple.product-type.app-extension";
		};
		46AFBEDE2F2D6D9C00444306 /* IntentTodoLiveActivityExtension */ = {
			isa = PBXNativeTarget;
			buildConfigurationList = 46AFBEF32F2D6D9E00444306 /* Build configuration list for PBXNativeTarget "IntentTodoLiveActivityExtension" */;
			buildPhases = (
				46AFBEDB2F2D6D9C00444306 /* Sources */,
				46AFBEDC2F2D6D9C00444306 /* Frameworks */,
				46AFBEDD2F2D6D9C00444306 /* Resources */,
			);
			buildRules = (
			);
			dependencies = (
			);
			fileSystemSynchronizedGroups = (
				46229C912FF88D610043E4FD /* IntentTodoLiveActivity */,
			);
			name = IntentTodoLiveActivityExtension;
			packageProductDependencies = (
				46AFBEDC2F2D6E6A00444306 /* Domain */,
				46AFBEDD2F2D6E6A00444306 /* Repository */,
				46AFBEDE2F2D6E6A00444306 /* TodoAppIntents */,
				46F00400000000000000FAC1 /* LiveActivity */,
			);
			productName = IntentTodoLiveActivityExtension;
			productReference = 46AFBEDF2F2D6D9C00444306 /* IntentTodoLiveActivityExtension.appex */;
			productType = "com.apple.product-type.app-extension";
		};
		46AFBEFC2F2D6E5A00444306 /* IntentTodoWatchApp */ = {
			isa = PBXNativeTarget;
			buildConfigurationList = 46AFBF082F2D6E5B00444306 /* Build configuration list for PBXNativeTarget "IntentTodoWatchApp" */;
			buildPhases = (
				46AFBEF92F2D6E5A00444306 /* Sources */,
				46AFBEFA2F2D6E5A00444306 /* Frameworks */,
				46AFBEFB2F2D6E5A00444306 /* Resources */,
			);
			buildRules = (
			);
			dependencies = (
			);
			fileSystemSynchronizedGroups = (
				46229C9A2FF88D610043E4FD /* IntentTodoWatchApp */,
			);
			name = IntentTodoWatchApp;
			packageProductDependencies = (
				46AFBEDF2F2D6E6A00444306 /* Domain */,
				46AFBEE02F2D6E6A00444306 /* TodoAppIntents */,
				46F00A00000000000000FAC1 /* WatchUI */,
			);
			productName = "IntentTodoWatchApp Watch App";
			productReference = 46AFBEFD2F2D6E5A00444306 /* IntentTodoWatchApp.app */;
			productType = "com.apple.product-type.application";
		};
		46AFC0F22F34F72800444306 /* IntentTodoUITest */ = {
			isa = PBXNativeTarget;
			buildConfigurationList = 46AFC0FB2F34F72800444306 /* Build configuration list for PBXNativeTarget "IntentTodoUITest" */;
			buildPhases = (
				46AFC0EF2F34F72800444306 /* Sources */,
				46AFC0F02F34F72800444306 /* Frameworks */,
				46AFC0F12F34F72800444306 /* Resources */,
			);
			buildRules = (
			);
			dependencies = (
				46AFC0FA2F34F72800444306 /* PBXTargetDependency */,
			);
			fileSystemSynchronizedGroups = (
				46229C892FF88D610043E4FD /* IntentTodoUITest */,
			);
			name = IntentTodoUITest;
			productName = IntentTodoUITest;
			productReference = 46AFC0F32F34F72800444306 /* IntentTodoUITest.xctest */;
			productType = "com.apple.product-type.bundle.ui-testing";
		};
		46AFC1062F34F75C00444306 /* IntentTodoWatchAppUITest */ = {
			isa = PBXNativeTarget;
			buildConfigurationList = 46AFC10F2F34F75C00444306 /* Build configuration list for PBXNativeTarget "IntentTodoWatchAppUITest" */;
			buildPhases = (
				46AFC1032F34F75C00444306 /* Sources */,
				46AFC1042F34F75C00444306 /* Frameworks */,
				46AFC1052F34F75C00444306 /* Resources */,
			);
			buildRules = (
			);
			dependencies = (
				46AFC10E2F34F75C00444306 /* PBXTargetDependency */,
			);
			fileSystemSynchronizedGroups = (
				46229C662FF88D610043E4FD /* IntentTodoWatchAppUITest */,
			);
			name = IntentTodoWatchAppUITest;
			productName = IntentTodoWatchAppUITest;
			productReference = 46AFC1072F34F75C00444306 /* IntentTodoWatchAppUITest.xctest */;
			productType = "com.apple.product-type.bundle.ui-testing";
		};
/* End PBXNativeTarget section */

/* Begin PBXProject section */
		46AFBC312F2BA68C00444306 /* Project object */ = {
			isa = PBXProject;
			attributes = {
				BuildIndependentTargetsInParallel = 1;
				LastSwiftUpdateCheck = 2620;
				LastUpgradeCheck = 2700;
				TargetAttributes = {
					46AFBC382F2BA68C00444306 = {
						CreatedOnToolsVersion = 26.2;
					};
					46AFBEBD2F2CFEA400444306 = {
						CreatedOnToolsVersion = 26.2;
					};
					46AFBEDE2F2D6D9C00444306 = {
						CreatedOnToolsVersion = 26.2;
					};
					46AFBEFC2F2D6E5A00444306 = {
						CreatedOnToolsVersion = 26.2;
					};
					46AFC0F22F34F72800444306 = {
						CreatedOnToolsVersion = 26.2;
						TestTargetID = 46AFBC382F2BA68C00444306;
					};
					46AFC1062F34F75C00444306 = {
						CreatedOnToolsVersion = 26.2;
						TestTargetID = 46AFBEFC2F2D6E5A00444306;
					};
				};
			};
			buildConfigurationList = 46AFBC342F2BA68C00444306 /* Build configuration list for PBXProject "IntentTodo" */;
			developmentRegion = en;
			hasScannedForEncodings = 0;
			knownRegions = (
				en,
				Base,
				ja,
			);
			mainGroup = 46AFBC302F2BA68C00444306;
			minimizedProjectReferenceProxies = 1;
			preferredProjectObjectVersion = 77;
			productRefGroup = 46AFBC3A2F2BA68C00444306 /* Products */;
			projectDirPath = "";
			projectRoot = "";
			targets = (
				46AFBC382F2BA68C00444306 /* IntentTodo */,
				46AFBEBD2F2CFEA400444306 /* IntentTodoWidgetExtension */,
				46AFBEDE2F2D6D9C00444306 /* IntentTodoLiveActivityExtension */,
				46AFBEFC2F2D6E5A00444306 /* IntentTodoWatchApp */,
				46AFC0F22F34F72800444306 /* IntentTodoUITest */,
				46AFC1062F34F75C00444306 /* IntentTodoWatchAppUITest */,
			);
		};
/* End PBXProject section */

/* Begin PBXResourcesBuildPhase section */
		46AFBC372F2BA68C00444306 /* Resources */ = {
			isa = PBXResourcesBuildPhase;
			buildActionMask = 2147483647;
			files = (
			);
			runOnlyForDeploymentPostprocessing = 0;
		};
		46AFBEBC2F2CFEA400444306 /* Resources */ = {
			isa = PBXResourcesBuildPhase;
			buildActionMask = 2147483647;
			files = (
			);
			runOnlyForDeploymentPostprocessing = 0;
		};
		46AFBEDD2F2D6D9C00444306 /* Resources */ = {
			isa = PBXResourcesBuildPhase;
			buildActionMask = 2147483647;
			files = (
			);
			runOnlyForDeploymentPostprocessing = 0;
		};
		46AFBEFB2F2D6E5A00444306 /* Resources */ = {
			isa = PBXResourcesBuildPhase;
			buildActionMask = 2147483647;
			files = (
			);
			runOnlyForDeploymentPostprocessing = 0;
		};
		46AFC0F12F34F72800444306 /* Resources */ = {
			isa = PBXResourcesBuildPhase;
			buildActionMask = 2147483647;
			files = (
			);
			runOnlyForDeploymentPostprocessing = 0;
		};
		46AFC1052F34F75C00444306 /* Resources */ = {
			isa = PBXResourcesBuildPhase;
			buildActionMask = 2147483647;
			files = (
			);
			runOnlyForDeploymentPostprocessing = 0;
		};
/* End PBXResourcesBuildPhase section */

/* Begin PBXSourcesBuildPhase section */
		46AFBC352F2BA68C00444306 /* Sources */ = {
			isa = PBXSourcesBuildPhase;
			buildActionMask = 2147483647;
			files = (
			);
			runOnlyForDeploymentPostprocessing = 0;
		};
		46AFBEBA2F2CFEA400444306 /* Sources */ = {
			isa = PBXSourcesBuildPhase;
			buildActionMask = 2147483647;
			files = (
			);
			runOnlyForDeploymentPostprocessing = 0;
		};
		46AFBEDB2F2D6D9C00444306 /* Sources */ = {
			isa = PBXSourcesBuildPhase;
			buildActionMask = 2147483647;
			files = (
			);
			runOnlyForDeploymentPostprocessing = 0;
		};
		46AFBEF92F2D6E5A00444306 /* Sources */ = {
			isa = PBXSourcesBuildPhase;
			buildActionMask = 2147483647;
			files = (
			);
			runOnlyForDeploymentPostprocessing = 0;
		};
		46AFC0EF2F34F72800444306 /* Sources */ = {
			isa = PBXSourcesBuildPhase;
			buildActionMask = 2147483647;
			files = (
			);
			runOnlyForDeploymentPostprocessing = 0;
		};
		46AFC1032F34F75C00444306 /* Sources */ = {
			isa = PBXSourcesBuildPhase;
			buildActionMask = 2147483647;
			files = (
			);
			runOnlyForDeploymentPostprocessing = 0;
		};
/* End PBXSourcesBuildPhase section */

/* Begin PBXTargetDependency section */
		46AFBECE2F2CFEA500444306 /* PBXTargetDependency */ = {
			isa = PBXTargetDependency;
			target = 46AFBEBD2F2CFEA400444306 /* IntentTodoWidgetExtension */;
			targetProxy = 46AFBECD2F2CFEA500444306 /* PBXContainerItemProxy */;
		};
		46AFBEF12F2D6D9E00444306 /* PBXTargetDependency */ = {
			isa = PBXTargetDependency;
			target = 46AFBEDE2F2D6D9C00444306 /* IntentTodoLiveActivityExtension */;
			targetProxy = 46AFBEF02F2D6D9E00444306 /* PBXContainerItemProxy */;
		};
		46AFBF062F2D6E5B00444306 /* PBXTargetDependency */ = {
			isa = PBXTargetDependency;
			target = 46AFBEFC2F2D6E5A00444306 /* IntentTodoWatchApp */;
			targetProxy = 46AFBF052F2D6E5B00444306 /* PBXContainerItemProxy */;
		};
		46AFC0FA2F34F72800444306 /* PBXTargetDependency */ = {
			isa = PBXTargetDependency;
			target = 46AFBC382F2BA68C00444306 /* IntentTodo */;
			targetProxy = 46AFC0F92F34F72800444306 /* PBXContainerItemProxy */;
		};
		46AFC10E2F34F75C00444306 /* PBXTargetDependency */ = {
			isa = PBXTargetDependency;
			target = 46AFBEFC2F2D6E5A00444306 /* IntentTodoWatchApp */;
			targetProxy = 46AFC10D2F34F75C00444306 /* PBXContainerItemProxy */;
		};
/* End PBXTargetDependency section */

/* Begin XCBuildConfiguration section */
		46AFBC5E2F2BA68D00444306 /* Debug */ = {
			isa = XCBuildConfiguration;
			buildSettings = {
				ASSETCATALOG_COMPILER_APPICON_NAME = AppIcon;
				"ASSETCATALOG_COMPILER_APPICON_NAME[sdk=xr*]" = AppIconVision;
				ASSETCATALOG_COMPILER_GLOBAL_ACCENT_COLOR_NAME = AccentColor;
				CODE_SIGN_ENTITLEMENTS = IntentTodo/IntentTodo.entitlements;
				CODE_SIGN_STYLE = Automatic;
				CURRENT_PROJECT_VERSION = 1;
				DEAD_CODE_STRIPPING = YES;
				DEVELOPMENT_TEAM = B4S4333JDW;
				ENABLE_APP_SANDBOX = YES;
				ENABLE_HARDENED_RUNTIME = YES;
				ENABLE_PREVIEWS = YES;
				ENABLE_USER_SELECTED_FILES = readonly;
				GENERATE_INFOPLIST_FILE = YES;
				INFOPLIST_FILE = IntentTodo/Info.plist;
				INFOPLIST_KEY_CFBundleDisplayName = Intento;
				INFOPLIST_KEY_LSApplicationCategoryType = "public.app-category.utilities";
				INFOPLIST_KEY_NSSupportsLiveActivities = YES;
				"INFOPLIST_KEY_UIApplicationSceneManifest_Generation[sdk=iphoneos*]" = YES;
				"INFOPLIST_KEY_UIApplicationSceneManifest_Generation[sdk=iphonesimulator*]" = YES;
				"INFOPLIST_KEY_UIApplicationSupportsIndirectInputEvents[sdk=iphoneos*]" = YES;
				"INFOPLIST_KEY_UIApplicationSupportsIndirectInputEvents[sdk=iphonesimulator*]" = YES;
				"INFOPLIST_KEY_UILaunchScreen_Generation[sdk=iphoneos*]" = YES;
				"INFOPLIST_KEY_UILaunchScreen_Generation[sdk=iphonesimulator*]" = YES;
				"INFOPLIST_KEY_UIStatusBarStyle[sdk=iphoneos*]" = UIStatusBarStyleDefault;
				"INFOPLIST_KEY_UIStatusBarStyle[sdk=iphonesimulator*]" = UIStatusBarStyleDefault;
				INFOPLIST_KEY_UISupportedInterfaceOrientations_iPad = "UIInterfaceOrientationPortrait UIInterfaceOrientationPortraitUpsideDown UIInterfaceOrientationLandscapeLeft UIInterfaceOrientationLandscapeRight";
				INFOPLIST_KEY_UISupportedInterfaceOrientations_iPhone = "UIInterfaceOrientationPortrait UIInterfaceOrientationLandscapeLeft UIInterfaceOrientationLandscapeRight";
				IPHONEOS_DEPLOYMENT_TARGET = 27.0;
				LD_RUNPATH_SEARCH_PATHS = "@executable_path/Frameworks";
				"LD_RUNPATH_SEARCH_PATHS[sdk=macosx*]" = "@executable_path/../Frameworks";
				MACOSX_DEPLOYMENT_TARGET = 27.0;
				MARKETING_VERSION = 1.0.0;
				PRODUCT_BUNDLE_IDENTIFIER = dev.touyou.IntentTodo;
				PRODUCT_NAME = "$(TARGET_NAME)";
				REGISTER_APP_GROUPS = YES;
				SDKROOT = auto;
				STRING_CATALOG_GENERATE_SYMBOLS = YES;
				SUPPORTED_PLATFORMS = "iphoneos iphonesimulator macosx xros xrsimulator";
				SWIFT_APPROACHABLE_CONCURRENCY = YES;
				SWIFT_DEFAULT_ACTOR_ISOLATION = MainActor;
				SWIFT_EMIT_LOC_STRINGS = YES;
				SWIFT_UPCOMING_FEATURE_MEMBER_IMPORT_VISIBILITY = YES;
				SWIFT_VERSION = 5.0;
				TARGETED_DEVICE_FAMILY = "1,2,7";
				XROS_DEPLOYMENT_TARGET = 27.0;
			};
			name = Debug;
		};
		46AFBC5F2F2BA68D00444306 /* Release */ = {
			isa = XCBuildConfiguration;
			buildSettings = {
				ASSETCATALOG_COMPILER_APPICON_NAME = AppIcon;
				"ASSETCATALOG_COMPILER_APPICON_NAME[sdk=xr*]" = AppIconVision;
				ASSETCATALOG_COMPILER_GLOBAL_ACCENT_COLOR_NAME = AccentColor;
				CODE_SIGN_ENTITLEMENTS = IntentTodo/IntentTodo.entitlements;
				CODE_SIGN_STYLE = Automatic;
				CURRENT_PROJECT_VERSION = 1;
				DEAD_CODE_STRIPPING = YES;
				DEVELOPMENT_TEAM = B4S4333JDW;
				ENABLE_APP_SANDBOX = YES;
				ENABLE_HARDENED_RUNTIME = YES;
				ENABLE_PREVIEWS = YES;
				ENABLE_USER_SELECTED_FILES = readonly;
				GENERATE_INFOPLIST_FILE = YES;
				INFOPLIST_FILE = IntentTodo/Info.plist;
				INFOPLIST_KEY_CFBundleDisplayName = Intento;
				INFOPLIST_KEY_LSApplicationCategoryType = "public.app-category.utilities";
				INFOPLIST_KEY_NSSupportsLiveActivities = YES;
				"INFOPLIST_KEY_UIApplicationSceneManifest_Generation[sdk=iphoneos*]" = YES;
				"INFOPLIST_KEY_UIApplicationSceneManifest_Generation[sdk=iphonesimulator*]" = YES;
				"INFOPLIST_KEY_UIApplicationSupportsIndirectInputEvents[sdk=iphoneos*]" = YES;
				"INFOPLIST_KEY_UIApplicationSupportsIndirectInputEvents[sdk=iphonesimulator*]" = YES;
				"INFOPLIST_KEY_UILaunchScreen_Generation[sdk=iphoneos*]" = YES;
				"INFOPLIST_KEY_UILaunchScreen_Generation[sdk=iphonesimulator*]" = YES;
				"INFOPLIST_KEY_UIStatusBarStyle[sdk=iphoneos*]" = UIStatusBarStyleDefault;
				"INFOPLIST_KEY_UIStatusBarStyle[sdk=iphonesimulator*]" = UIStatusBarStyleDefault;
				INFOPLIST_KEY_UISupportedInterfaceOrientations_iPad = "UIInterfaceOrientationPortrait UIInterfaceOrientationPortraitUpsideDown UIInterfaceOrientationLandscapeLeft UIInterfaceOrientationLandscapeRight";
				INFOPLIST_KEY_UISupportedInterfaceOrientations_iPhone = "UIInterfaceOrientationPortrait UIInterfaceOrientationLandscapeLeft UIInterfaceOrientationLandscapeRight";
				IPHONEOS_DEPLOYMENT_TARGET = 27.0;
				LD_RUNPATH_SEARCH_PATHS = "@executable_path/Frameworks";
				"LD_RUNPATH_SEARCH_PATHS[sdk=macosx*]" = "@executable_path/../Frameworks";
				MACOSX_DEPLOYMENT_TARGET = 27.0;
				MARKETING_VERSION = 1.0.0;
				PRODUCT_BUNDLE_IDENTIFIER = dev.touyou.IntentTodo;
				PRODUCT_NAME = "$(TARGET_NAME)";
				REGISTER_APP_GROUPS = YES;
				SDKROOT = auto;
				STRING_CATALOG_GENERATE_SYMBOLS = YES;
				SUPPORTED_PLATFORMS = "iphoneos iphonesimulator macosx xros xrsimulator";
				SWIFT_APPROACHABLE_CONCURRENCY = YES;
				SWIFT_DEFAULT_ACTOR_ISOLATION = MainActor;
				SWIFT_EMIT_LOC_STRINGS = YES;
				SWIFT_UPCOMING_FEATURE_MEMBER_IMPORT_VISIBILITY = YES;
				SWIFT_VERSION = 5.0;
				TARGETED_DEVICE_FAMILY = "1,2,7";
				XROS_DEPLOYMENT_TARGET = 27.0;
			};
			name = Release;
		};
		46AFBC602F2BA68D00444306 /* Debug */ = {
			isa = XCBuildConfiguration;
			buildSettings = {
				ALWAYS_SEARCH_USER_PATHS = NO;
				ASSETCATALOG_COMPILER_GENERATE_SWIFT_ASSET_SYMBOL_EXTENSIONS = YES;
				CLANG_ANALYZER_NONNULL = YES;
				CLANG_ANALYZER_NUMBER_OBJECT_CONVERSION = YES_AGGRESSIVE;
				CLANG_CXX_LANGUAGE_STANDARD = "gnu++20";
				CLANG_ENABLE_MODULES = YES;
				CLANG_ENABLE_OBJC_ARC = YES;
				CLANG_ENABLE_OBJC_WEAK = YES;
				CLANG_WARN_BLOCK_CAPTURE_AUTORELEASING = YES;
				CLANG_WARN_BOOL_CONVERSION = YES;
				CLANG_WARN_COMMA = YES;
				CLANG_WARN_CONSTANT_CONVERSION = YES;
				CLANG_WARN_DEPRECATED_OBJC_IMPLEMENTATIONS = YES;
				CLANG_WARN_DIRECT_OBJC_ISA_USAGE = YES_ERROR;
				CLANG_WARN_DOCUMENTATION_COMMENTS = YES;
				CLANG_WARN_EMPTY_BODY = YES;
				CLANG_WARN_ENUM_CONVERSION = YES;
				CLANG_WARN_INFINITE_RECURSION = YES;
				CLANG_WARN_INT_CONVERSION = YES;
				CLANG_WARN_NON_LITERAL_NULL_CONVERSION = YES;
				CLANG_WARN_OBJC_IMPLICIT_RETAIN_SELF = YES;
				CLANG_WARN_OBJC_LITERAL_CONVERSION = YES;
				CLANG_WARN_OBJC_ROOT_CLASS = YES_ERROR;
				CLANG_WARN_QUOTED_INCLUDE_IN_FRAMEWORK_HEADER = YES;
				CLANG_WARN_RANGE_LOOP_ANALYSIS = YES;
				CLANG_WARN_STRICT_PROTOTYPES = YES;
				CLANG_WARN_SUSPICIOUS_MOVE = YES;
				CLANG_WARN_UNGUARDED_AVAILABILITY = YES_AGGRESSIVE;
				CLANG_WARN_UNREACHABLE_CODE = YES;
				CLANG_WARN__DUPLICATE_METHOD_MATCH = YES;
				COPY_PHASE_STRIP = NO;
				DEAD_CODE_STRIPPING = YES;
				DEBUG_INFORMATION_FORMAT = dwarf;
				DEVELOPMENT_TEAM = B4S4333JDW;
				ENABLE_STRICT_OBJC_MSGSEND = YES;
				ENABLE_TESTABILITY = YES;
				ENABLE_USER_SCRIPT_SANDBOXING = YES;
				GCC_C_LANGUAGE_STANDARD = gnu17;
				GCC_DYNAMIC_NO_PIC = NO;
				GCC_NO_COMMON_BLOCKS = YES;
				GCC_OPTIMIZATION_LEVEL = 0;
				GCC_PREPROCESSOR_DEFINITIONS = (
					"DEBUG=1",
					"$(inherited)",
				);
				GCC_WARN_64_TO_32_BIT_CONVERSION = YES;
				GCC_WARN_ABOUT_RETURN_TYPE = YES_ERROR;
				GCC_WARN_UNDECLARED_SELECTOR = YES;
				GCC_WARN_UNINITIALIZED_AUTOS = YES_AGGRESSIVE;
				GCC_WARN_UNUSED_FUNCTION = YES;
				GCC_WARN_UNUSED_VARIABLE = YES;
				LOCALIZATION_PREFERS_STRING_CATALOGS = YES;
				MTL_ENABLE_DEBUG_INFO = INCLUDE_SOURCE;
				MTL_FAST_MATH = YES;
				ONLY_ACTIVE_ARCH = YES;
				STRING_CATALOG_GENERATE_SYMBOLS = YES;
				SWIFT_ACTIVE_COMPILATION_CONDITIONS = "DEBUG $(inherited)";
				SWIFT_OPTIMIZATION_LEVEL = "-Onone";
			};
			name = Debug;
		};
		46AFBC612F2BA68D00444306 /* Release */ = {
			isa = XCBuildConfiguration;
			buildSettings = {
				ALWAYS_SEARCH_USER_PATHS = NO;
				ASSETCATALOG_COMPILER_GENERATE_SWIFT_ASSET_SYMBOL_EXTENSIONS = YES;
				CLANG_ANALYZER_NONNULL = YES;
				CLANG_ANALYZER_NUMBER_OBJECT_CONVERSION = YES_AGGRESSIVE;
				CLANG_CXX_LANGUAGE_STANDARD = "gnu++20";
				CLANG_ENABLE_MODULES = YES;
				CLANG_ENABLE_OBJC_ARC = YES;
				CLANG_ENABLE_OBJC_WEAK = YES;
				CLANG_WARN_BLOCK_CAPTURE_AUTORELEASING = YES;
				CLANG_WARN_BOOL_CONVERSION = YES;
				CLANG_WARN_COMMA = YES;
				CLANG_WARN_CONSTANT_CONVERSION = YES;
				CLANG_WARN_DEPRECATED_OBJC_IMPLEMENTATIONS = YES;
				CLANG_WARN_DIRECT_OBJC_ISA_USAGE = YES_ERROR;
				CLANG_WARN_DOCUMENTATION_COMMENTS = YES;
				CLANG_WARN_EMPTY_BODY = YES;
				CLANG_WARN_ENUM_CONVERSION = YES;
				CLANG_WARN_INFINITE_RECURSION = YES;
				CLANG_WARN_INT_CONVERSION = YES;
				CLANG_WARN_NON_LITERAL_NULL_CONVERSION = YES;
				CLANG_WARN_OBJC_IMPLICIT_RETAIN_SELF = YES;
				CLANG_WARN_OBJC_LITERAL_CONVERSION = YES;
				CLANG_WARN_OBJC_ROOT_CLASS = YES_ERROR;
				CLANG_WARN_QUOTED_INCLUDE_IN_FRAMEWORK_HEADER = YES;
				CLANG_WARN_RANGE_LOOP_ANALYSIS = YES;
				CLANG_WARN_STRICT_PROTOTYPES = YES;
				CLANG_WARN_SUSPICIOUS_MOVE = YES;
				CLANG_WARN_UNGUARDED_AVAILABILITY = YES_AGGRESSIVE;
				CLANG_WARN_UNREACHABLE_CODE = YES;
				CLANG_WARN__DUPLICATE_METHOD_MATCH = YES;
				COPY_PHASE_STRIP = NO;
				DEAD_CODE_STRIPPING = YES;
				DEBUG_INFORMATION_FORMAT = "dwarf-with-dsym";
				DEVELOPMENT_TEAM = B4S4333JDW;
				ENABLE_NS_ASSERTIONS = NO;
				ENABLE_STRICT_OBJC_MSGSEND = YES;
				ENABLE_USER_SCRIPT_SANDBOXING = YES;
				GCC_C_LANGUAGE_STANDARD = gnu17;
				GCC_NO_COMMON_BLOCKS = YES;
				GCC_WARN_64_TO_32_BIT_CONVERSION = YES;
				GCC_WARN_ABOUT_RETURN_TYPE = YES_ERROR;
				GCC_WARN_UNDECLARED_SELECTOR = YES;
				GCC_WARN_UNINITIALIZED_AUTOS = YES_AGGRESSIVE;
				GCC_WARN_UNUSED_FUNCTION = YES;
				GCC_WARN_UNUSED_VARIABLE = YES;
				LOCALIZATION_PREFERS_STRING_CATALOGS = YES;
				MTL_ENABLE_DEBUG_INFO = NO;
				MTL_FAST_MATH = YES;
				STRING_CATALOG_GENERATE_SYMBOLS = YES;
				SWIFT_COMPILATION_MODE = wholemodule;
			};
			name = Release;
		};
		46AFBED12F2CFEA500444306 /* Debug */ = {
			isa = XCBuildConfiguration;
			buildSettings = {
				ASSETCATALOG_COMPILER_GLOBAL_ACCENT_COLOR_NAME = AccentColor;
				ASSETCATALOG_COMPILER_WIDGET_BACKGROUND_COLOR_NAME = WidgetBackground;
				CODE_SIGN_ENTITLEMENTS = IntentTodoWidget/IntentTodoWidgetExtension.entitlements;
				CODE_SIGN_STYLE = Automatic;
				CURRENT_PROJECT_VERSION = 1;
				DEAD_CODE_STRIPPING = YES;
				DEVELOPMENT_TEAM = B4S4333JDW;
				ENABLE_APP_SANDBOX = YES;
				ENABLE_HARDENED_RUNTIME = YES;
				GENERATE_INFOPLIST_FILE = YES;
				INFOPLIST_FILE = IntentTodoWidget/Info.plist;
				INFOPLIST_KEY_CFBundleDisplayName = IntentoWidget;
				INFOPLIST_KEY_NSHumanReadableCopyright = "";
				IPHONEOS_DEPLOYMENT_TARGET = 27.0;
				LD_RUNPATH_SEARCH_PATHS = (
					"$(inherited)",
					"@executable_path/Frameworks",
					"@executable_path/../../Frameworks",
				);
				"LD_RUNPATH_SEARCH_PATHS[sdk=macosx*]" = (
					"$(inherited)",
					"@executable_path/../Frameworks",
					"@executable_path/../../../../Frameworks",
				);
				MACOSX_DEPLOYMENT_TARGET = 27.0;
				MARKETING_VERSION = 1.0.0;
				PRODUCT_BUNDLE_IDENTIFIER = dev.touyou.IntentTodo.IntentTodoWidget;
				PRODUCT_NAME = "$(TARGET_NAME)";
				REGISTER_APP_GROUPS = YES;
				SDKROOT = auto;
				SKIP_INSTALL = YES;
				STRING_CATALOG_GENERATE_SYMBOLS = YES;
				SUPPORTED_PLATFORMS = "iphoneos iphonesimulator macosx xros xrsimulator";
				SWIFT_APPROACHABLE_CONCURRENCY = YES;
				SWIFT_EMIT_LOC_STRINGS = YES;
				SWIFT_UPCOMING_FEATURE_MEMBER_IMPORT_VISIBILITY = YES;
				SWIFT_VERSION = 5.0;
				TARGETED_DEVICE_FAMILY = "1,2,7";
				XROS_DEPLOYMENT_TARGET = 27.0;
			};
			name = Debug;
		};
		46AFBED22F2CFEA500444306 /* Release */ = {
			isa = XCBuildConfiguration;
			buildSettings = {
				ASSETCATALOG_COMPILER_GLOBAL_ACCENT_COLOR_NAME = AccentColor;
				ASSETCATALOG_COMPILER_WIDGET_BACKGROUND_COLOR_NAME = WidgetBackground;
				CODE_SIGN_ENTITLEMENTS = IntentTodoWidget/IntentTodoWidgetExtension.entitlements;
				CODE_SIGN_STYLE = Automatic;
				CURRENT_PROJECT_VERSION = 1;
				DEAD_CODE_STRIPPING = YES;
				DEVELOPMENT_TEAM = B4S4333JDW;
				ENABLE_APP_SANDBOX = YES;
				ENABLE_HARDENED_RUNTIME = YES;
				GENERATE_INFOPLIST_FILE = YES;
				INFOPLIST_FILE = IntentTodoWidget/Info.plist;
				INFOPLIST_KEY_CFBundleDisplayName = IntentoWidget;
				INFOPLIST_KEY_NSHumanReadableCopyright = "";
				IPHONEOS_DEPLOYMENT_TARGET = 27.0;
				LD_RUNPATH_SEARCH_PATHS = (
					"$(inherited)",
					"@executable_path/Frameworks",
					"@executable_path/../../Frameworks",
				);
				"LD_RUNPATH_SEARCH_PATHS[sdk=macosx*]" = (
					"$(inherited)",
					"@executable_path/../Frameworks",
					"@executable_path/../../../../Frameworks",
				);
				MACOSX_DEPLOYMENT_TARGET = 27.0;
				MARKETING_VERSION = 1.0.0;
				PRODUCT_BUNDLE_IDENTIFIER = dev.touyou.IntentTodo.IntentTodoWidget;
				PRODUCT_NAME = "$(TARGET_NAME)";
				REGISTER_APP_GROUPS = YES;
				SDKROOT = auto;
				SKIP_INSTALL = YES;
				STRING_CATALOG_GENERATE_SYMBOLS = YES;
				SUPPORTED_PLATFORMS = "iphoneos iphonesimulator macosx xros xrsimulator";
				SWIFT_APPROACHABLE_CONCURRENCY = YES;
				SWIFT_EMIT_LOC_STRINGS = YES;
				SWIFT_UPCOMING_FEATURE_MEMBER_IMPORT_VISIBILITY = YES;
				SWIFT_VERSION = 5.0;
				TARGETED_DEVICE_FAMILY = "1,2,7";
				XROS_DEPLOYMENT_TARGET = 27.0;
			};
			name = Release;
		};
		46AFBEF42F2D6D9E00444306 /* Debug */ = {
			isa = XCBuildConfiguration;
			buildSettings = {
				ASSETCATALOG_COMPILER_GLOBAL_ACCENT_COLOR_NAME = AccentColor;
				ASSETCATALOG_COMPILER_WIDGET_BACKGROUND_COLOR_NAME = WidgetBackground;
				CODE_SIGN_ENTITLEMENTS = IntentTodoLiveActivity/IntentTodoLiveActivityExtension.entitlements;
				CODE_SIGN_STYLE = Automatic;
				CURRENT_PROJECT_VERSION = 1;
				DEVELOPMENT_TEAM = B4S4333JDW;
				GENERATE_INFOPLIST_FILE = YES;
				INFOPLIST_FILE = IntentTodoLiveActivity/Info.plist;
				INFOPLIST_KEY_CFBundleDisplayName = IntentoLiveActivity;
				INFOPLIST_KEY_NSHumanReadableCopyright = "";
				IPHONEOS_DEPLOYMENT_TARGET = 27.0;
				LD_RUNPATH_SEARCH_PATHS = (
					"$(inherited)",
					"@executable_path/Frameworks",
					"@executable_path/../../Frameworks",
				);
				MARKETING_VERSION = 1.0.0;
				PRODUCT_BUNDLE_IDENTIFIER = dev.touyou.IntentTodo.IntentTodoLiveActivity;
				PRODUCT_NAME = "$(TARGET_NAME)";
				SDKROOT = iphoneos;
				SKIP_INSTALL = YES;
				STRING_CATALOG_GENERATE_SYMBOLS = YES;
				SWIFT_APPROACHABLE_CONCURRENCY = YES;
				SWIFT_EMIT_LOC_STRINGS = YES;
				SWIFT_UPCOMING_FEATURE_MEMBER_IMPORT_VISIBILITY = YES;
				SWIFT_VERSION = 5.0;
				TARGETED_DEVICE_FAMILY = "1,2";
			};
			name = Debug;
		};
		46AFBEF52F2D6D9E00444306 /* Release */ = {
			isa = XCBuildConfiguration;
			buildSettings = {
				ASSETCATALOG_COMPILER_GLOBAL_ACCENT_COLOR_NAME = AccentColor;
				ASSETCATALOG_COMPILER_WIDGET_BACKGROUND_COLOR_NAME = WidgetBackground;
				CODE_SIGN_ENTITLEMENTS = IntentTodoLiveActivity/IntentTodoLiveActivityExtension.entitlements;
				CODE_SIGN_STYLE = Automatic;
				CURRENT_PROJECT_VERSION = 1;
				DEVELOPMENT_TEAM = B4S4333JDW;
				GENERATE_INFOPLIST_FILE = YES;
				INFOPLIST_FILE = IntentTodoLiveActivity/Info.plist;
				INFOPLIST_KEY_CFBundleDisplayName = IntentoLiveActivity;
				INFOPLIST_KEY_NSHumanReadableCopyright = "";
				IPHONEOS_DEPLOYMENT_TARGET = 27.0;
				LD_RUNPATH_SEARCH_PATHS = (
					"$(inherited)",
					"@executable_path/Frameworks",
					"@executable_path/../../Frameworks",
				);
				MARKETING_VERSION = 1.0.0;
				PRODUCT_BUNDLE_IDENTIFIER = dev.touyou.IntentTodo.IntentTodoLiveActivity;
				PRODUCT_NAME = "$(TARGET_NAME)";
				SDKROOT = iphoneos;
				SKIP_INSTALL = YES;
				STRING_CATALOG_GENERATE_SYMBOLS = YES;
				SWIFT_APPROACHABLE_CONCURRENCY = YES;
				SWIFT_EMIT_LOC_STRINGS = YES;
				SWIFT_UPCOMING_FEATURE_MEMBER_IMPORT_VISIBILITY = YES;
				SWIFT_VERSION = 5.0;
				TARGETED_DEVICE_FAMILY = "1,2";
				VALIDATE_PRODUCT = YES;
			};
			name = Release;
		};
		46AFBF092F2D6E5B00444306 /* Debug */ = {
			isa = XCBuildConfiguration;
			buildSettings = {
				ASSETCATALOG_COMPILER_APPICON_NAME = AppIcon;
				ASSETCATALOG_COMPILER_GLOBAL_ACCENT_COLOR_NAME = AccentColor;
				CODE_SIGN_ENTITLEMENTS = IntentTodoWatchApp/IntentTodoWatchApp.entitlements;
				CODE_SIGN_STYLE = Automatic;
				CURRENT_PROJECT_VERSION = 1;
				DEVELOPMENT_TEAM = B4S4333JDW;
				ENABLE_PREVIEWS = YES;
				GENERATE_INFOPLIST_FILE = YES;
				INFOPLIST_KEY_CFBundleDisplayName = IntentoWatchApp;
				INFOPLIST_KEY_UISupportedInterfaceOrientations = "UIInterfaceOrientationPortrait UIInterfaceOrientationPortraitUpsideDown";
				INFOPLIST_KEY_WKCompanionAppBundleIdentifier = dev.touyou.IntentTodo;
				LD_RUNPATH_SEARCH_PATHS = (
					"$(inherited)",
					"@executable_path/Frameworks",
				);
				MARKETING_VERSION = 1.0.0;
				PRODUCT_BUNDLE_IDENTIFIER = dev.touyou.IntentTodo.watchkitapp;
				PRODUCT_NAME = "$(TARGET_NAME)";
				SDKROOT = watchos;
				SKIP_INSTALL = YES;
				STRING_CATALOG_GENERATE_SYMBOLS = YES;
				SWIFT_APPROACHABLE_CONCURRENCY = YES;
				SWIFT_DEFAULT_ACTOR_ISOLATION = MainActor;
				SWIFT_EMIT_LOC_STRINGS = YES;
				SWIFT_UPCOMING_FEATURE_MEMBER_IMPORT_VISIBILITY = YES;
				SWIFT_VERSION = 5.0;
				TARGETED_DEVICE_FAMILY = 4;
				WATCHOS_DEPLOYMENT_TARGET = 27.0;
			};
			name = Debug;
		};
		46AFBF0A2F2D6E5B00444306 /* Release */ = {
			isa = XCBuildConfiguration;
			buildSettings = {
				ASSETCATALOG_COMPILER_APPICON_NAME = AppIcon;
				ASSETCATALOG_COMPILER_GLOBAL_ACCENT_COLOR_NAME = AccentColor;
				CODE_SIGN_ENTITLEMENTS = IntentTodoWatchApp/IntentTodoWatchApp.entitlements;
				CODE_SIGN_STYLE = Automatic;
				CURRENT_PROJECT_VERSION = 1;
				DEVELOPMENT_TEAM = B4S4333JDW;
				ENABLE_PREVIEWS = YES;
				GENERATE_INFOPLIST_FILE = YES;
				INFOPLIST_KEY_CFBundleDisplayName = IntentoWatchApp;
				INFOPLIST_KEY_UISupportedInterfaceOrientations = "UIInterfaceOrientationPortrait UIInterfaceOrientationPortraitUpsideDown";
				INFOPLIST_KEY_WKCompanionAppBundleIdentifier = dev.touyou.IntentTodo;
				LD_RUNPATH_SEARCH_PATHS = (
					"$(inherited)",
					"@executable_path/Frameworks",
				);
				MARKETING_VERSION = 1.0.0;
				PRODUCT_BUNDLE_IDENTIFIER = dev.touyou.IntentTodo.watchkitapp;
				PRODUCT_NAME = "$(TARGET_NAME)";
				SDKROOT = watchos;
				SKIP_INSTALL = YES;
				STRING_CATALOG_GENERATE_SYMBOLS = YES;
				SWIFT_APPROACHABLE_CONCURRENCY = YES;
				SWIFT_DEFAULT_ACTOR_ISOLATION = MainActor;
				SWIFT_EMIT_LOC_STRINGS = YES;
				SWIFT_UPCOMING_FEATURE_MEMBER_IMPORT_VISIBILITY = YES;
				SWIFT_VERSION = 5.0;
				TARGETED_DEVICE_FAMILY = 4;
				VALIDATE_PRODUCT = YES;
				WATCHOS_DEPLOYMENT_TARGET = 27.0;
			};
			name = Release;
		};
		46AFC0FC2F34F72800444306 /* Debug */ = {
			isa = XCBuildConfiguration;
			buildSettings = {
				CODE_SIGN_STYLE = Automatic;
				CURRENT_PROJECT_VERSION = 1;
				DEAD_CODE_STRIPPING = YES;
				DEVELOPMENT_TEAM = B4S4333JDW;
				GENERATE_INFOPLIST_FILE = YES;
				IPHONEOS_DEPLOYMENT_TARGET = 27.0;
				MACOSX_DEPLOYMENT_TARGET = 27.0;
				MARKETING_VERSION = 1.0;
				PRODUCT_BUNDLE_IDENTIFIER = dev.touyou.IntentTodo.IntentTodoUITest;
				PRODUCT_NAME = "$(TARGET_NAME)";
				SDKROOT = auto;
				STRING_CATALOG_GENERATE_SYMBOLS = NO;
				SUPPORTED_PLATFORMS = "iphoneos iphonesimulator macosx xros xrsimulator";
				SWIFT_APPROACHABLE_CONCURRENCY = YES;
				SWIFT_EMIT_LOC_STRINGS = NO;
				SWIFT_UPCOMING_FEATURE_MEMBER_IMPORT_VISIBILITY = YES;
				SWIFT_VERSION = 5.0;
				TARGETED_DEVICE_FAMILY = "1,2,7";
				TEST_TARGET_NAME = IntentTodo;
				XROS_DEPLOYMENT_TARGET = 27.0;
			};
			name = Debug;
		};
		46AFC0FD2F34F72800444306 /* Release */ = {
			isa = XCBuildConfiguration;
			buildSettings = {
				CODE_SIGN_STYLE = Automatic;
				CURRENT_PROJECT_VERSION = 1;
				DEAD_CODE_STRIPPING = YES;
				DEVELOPMENT_TEAM = B4S4333JDW;
				GENERATE_INFOPLIST_FILE = YES;
				IPHONEOS_DEPLOYMENT_TARGET = 27.0;
				MACOSX_DEPLOYMENT_TARGET = 27.0;
				MARKETING_VERSION = 1.0;
				PRODUCT_BUNDLE_IDENTIFIER = dev.touyou.IntentTodo.IntentTodoUITest;
				PRODUCT_NAME = "$(TARGET_NAME)";
				SDKROOT = auto;
				STRING_CATALOG_GENERATE_SYMBOLS = NO;
				SUPPORTED_PLATFORMS = "iphoneos iphonesimulator macosx xros xrsimulator";
				SWIFT_APPROACHABLE_CONCURRENCY = YES;
				SWIFT_EMIT_LOC_STRINGS = NO;
				SWIFT_UPCOMING_FEATURE_MEMBER_IMPORT_VISIBILITY = YES;
				SWIFT_VERSION = 5.0;
				TARGETED_DEVICE_FAMILY = "1,2,7";
				TEST_TARGET_NAME = IntentTodo;
				XROS_DEPLOYMENT_TARGET = 27.0;
			};
			name = Release;
		};
		46AFC1102F34F75C00444306 /* Debug */ = {
			isa = XCBuildConfiguration;
			buildSettings = {
				CODE_SIGN_STYLE = Automatic;
				CURRENT_PROJECT_VERSION = 1;
				DEVELOPMENT_TEAM = B4S4333JDW;
				GENERATE_INFOPLIST_FILE = YES;
				MARKETING_VERSION = 1.0;
				PRODUCT_BUNDLE_IDENTIFIER = dev.touyou.IntentTodo.IntentTodoWatchAppUITest;
				PRODUCT_NAME = "$(TARGET_NAME)";
				SDKROOT = watchos;
				STRING_CATALOG_GENERATE_SYMBOLS = NO;
				SWIFT_APPROACHABLE_CONCURRENCY = YES;
				SWIFT_EMIT_LOC_STRINGS = NO;
				SWIFT_UPCOMING_FEATURE_MEMBER_IMPORT_VISIBILITY = YES;
				SWIFT_VERSION = 5.0;
				TARGETED_DEVICE_FAMILY = 4;
				TEST_TARGET_NAME = IntentTodoWatchApp;
				WATCHOS_DEPLOYMENT_TARGET = 27.0;
			};
			name = Debug;
		};
		46AFC1112F34F75C00444306 /* Release */ = {
			isa = XCBuildConfiguration;
			buildSettings = {
				CODE_SIGN_STYLE = Automatic;
				CURRENT_PROJECT_VERSION = 1;
				DEVELOPMENT_TEAM = B4S4333JDW;
				GENERATE_INFOPLIST_FILE = YES;
				MARKETING_VERSION = 1.0;
				PRODUCT_BUNDLE_IDENTIFIER = dev.touyou.IntentTodo.IntentTodoWatchAppUITest;
				PRODUCT_NAME = "$(TARGET_NAME)";
				SDKROOT = watchos;
				STRING_CATALOG_GENERATE_SYMBOLS = NO;
				SWIFT_APPROACHABLE_CONCURRENCY = YES;
				SWIFT_EMIT_LOC_STRINGS = NO;
				SWIFT_UPCOMING_FEATURE_MEMBER_IMPORT_VISIBILITY = YES;
				SWIFT_VERSION = 5.0;
				TARGETED_DEVICE_FAMILY = 4;
				TEST_TARGET_NAME = IntentTodoWatchApp;
				VALIDATE_PRODUCT = YES;
				WATCHOS_DEPLOYMENT_TARGET = 27.0;
			};
			name = Release;
		};
/* End XCBuildConfiguration section */

/* Begin XCConfigurationList section */
		46AFBC342F2BA68C00444306 /* Build configuration list for PBXProject "IntentTodo" */ = {
			isa = XCConfigurationList;
			buildConfigurations = (
				46AFBC602F2BA68D00444306 /* Debug */,
				46AFBC612F2BA68D00444306 /* Release */,
			);
			defaultConfigurationIsVisible = 0;
			defaultConfigurationName = Release;
		};
		46AFBC5D2F2BA68D00444306 /* Build configuration list for PBXNativeTarget "IntentTodo" */ = {
			isa = XCConfigurationList;
			buildConfigurations = (
				46AFBC5E2F2BA68D00444306 /* Debug */,
				46AFBC5F2F2BA68D00444306 /* Release */,
			);
			defaultConfigurationIsVisible = 0;
			defaultConfigurationName = Release;
		};
		46AFBED02F2CFEA500444306 /* Build configuration list for PBXNativeTarget "IntentTodoWidgetExtension" */ = {
			isa = XCConfigurationList;
			buildConfigurations = (
				46AFBED12F2CFEA500444306 /* Debug */,
				46AFBED22F2CFEA500444306 /* Release */,
			);
			defaultConfigurationIsVisible = 0;
			defaultConfigurationName = Release;
		};
		46AFBEF32F2D6D9E00444306 /* Build configuration list for PBXNativeTarget "IntentTodoLiveActivityExtension" */ = {
			isa = XCConfigurationList;
			buildConfigurations = (
				46AFBEF42F2D6D9E00444306 /* Debug */,
				46AFBEF52F2D6D9E00444306 /* Release */,
			);
			defaultConfigurationIsVisible = 0;
			defaultConfigurationName = Release;
		};
		46AFBF082F2D6E5B00444306 /* Build configuration list for PBXNativeTarget "IntentTodoWatchApp" */ = {
			isa = XCConfigurationList;
			buildConfigurations = (
				46AFBF092F2D6E5B00444306 /* Debug */,
				46AFBF0A2F2D6E5B00444306 /* Release */,
			);
			defaultConfigurationIsVisible = 0;
			defaultConfigurationName = Release;
		};
		46AFC0FB2F34F72800444306 /* Build configuration list for PBXNativeTarget "IntentTodoUITest" */ = {
			isa = XCConfigurationList;
			buildConfigurations = (
				46AFC0FC2F34F72800444306 /* Debug */,
				46AFC0FD2F34F72800444306 /* Release */,
			);
			defaultConfigurationIsVisible = 0;
			defaultConfigurationName = Release;
		};
		46AFC10F2F34F75C00444306 /* Build configuration list for PBXNativeTarget "IntentTodoWatchAppUITest" */ = {
			isa = XCConfigurationList;
			buildConfigurations = (
				46AFC1102F34F75C00444306 /* Debug */,
				46AFC1112F34F75C00444306 /* Release */,
			);
			defaultConfigurationIsVisible = 0;
			defaultConfigurationName = Release;
		};
/* End XCConfigurationList section */

/* Begin XCSwiftPackageProductDependency section */
		46AFBE912F2C1C7200444306 /* UI */ = {
			isa = XCSwiftPackageProductDependency;
			productName = UI;
		};
		46AFBED72F2CFEEB00444306 /* Domain */ = {
			isa = XCSwiftPackageProductDependency;
			productName = Domain;
		};
		46AFBED92F2CFEEB00444306 /* TodoAppIntents */ = {
			isa = XCSwiftPackageProductDependency;
			productName = TodoAppIntents;
		};
		46AFBEDB2F2D6E6A00444306 /* Repository */ = {
			isa = XCSwiftPackageProductDependency;
			productName = Repository;
		};
		46AFBEDC2F2D6E6A00444306 /* Domain */ = {
			isa = XCSwiftPackageProductDependency;
			productName = Domain;
		};
		46AFBEDD2F2D6E6A00444306 /* Repository */ = {
			isa = XCSwiftPackageProductDependency;
			productName = Repository;
		};
		46AFBEDE2F2D6E6A00444306 /* TodoAppIntents */ = {
			isa = XCSwiftPackageProductDependency;
			productName = TodoAppIntents;
		};
		46AFBEDF2F2D6E6A00444306 /* Domain */ = {
			isa = XCSwiftPackageProductDependency;
			productName = Domain;
		};
		46AFBEE02F2D6E6A00444306 /* TodoAppIntents */ = {
			isa = XCSwiftPackageProductDependency;
			productName = TodoAppIntents;
		};
		46AFBFF62F32BC5000444306 /* TodoAppIntents */ = {
			isa = XCSwiftPackageProductDependency;
			productName = TodoAppIntents;
		};
		46F00400000000000000FAC1 /* LiveActivity */ = {
			isa = XCSwiftPackageProductDependency;
			productName = LiveActivity;
		};
		46F00700000000000000FAC1 /* WidgetUI */ = {
			isa = XCSwiftPackageProductDependency;
			productName = WidgetUI;
		};
		46F00A00000000000000FAC1 /* WatchUI */ = {
			isa = XCSwiftPackageProductDependency;
			productName = WatchUI;
		};
		46F00C00000000000000FAC1 /* LiveActivity */ = {
			isa = XCSwiftPackageProductDependency;
			productName = LiveActivity;
		};
/* End XCSwiftPackageProductDependency section */
	};
	rootObject = 46AFBC312F2BA68C00444306 /* Project object */;
}
