// !$*UTF8*$!
{
	archiveVersion = 1;
	classes = {
	};
	objectVersion = 77;
	objects = {

/* Begin PBXBuildFile section */
		46AFBE922F2C1C7200444306 /* UI in Frameworks */ = {isa = PBXBuildFile; productRef = 46AFBE912F2C1C7200444306 /* UI */; };
/* End PBXBuildFile section */

/* Begin PBXContainerItemProxy section */
		46AFBC4B2F2BA68D00444306 /* PBXContainerItemProxy */ = {
			isa = PBXContainerItemProxy;
			containerPortal = 46AFBC312F2BA68C00444306 /* Project object */;
			proxyType = 1;
			remoteGlobalIDString = 46AFBC382F2BA68C00444306;
			remoteInfo = IntentTodo;
		};
		46AFBC552F2BA68D00444306 /* PBXContainerItemProxy */ = {
			isa = PBXContainerItemProxy;
			containerPortal = 46AFBC312F2BA68C00444306 /* Project object */;
			proxyType = 1;
			remoteGlobalIDString = 46AFBC382F2BA68C00444306;
			remoteInfo = IntentTodo;
		};
/* End PBXContainerItemProxy section */

/* Begin PBXFileReference section */
		46AFBC392F2BA68C00444306 /* IntentTodo.app */ = {isa = PBXFileReference; explicitFileType = wrapper.application; includeInIndex = 0; path = IntentTodo.app; sourceTree = BUILT_PRODUCTS_DIR; };
		46AFBC4A2F2BA68D00444306 /* IntentTodoTests.xctest */ = {isa = PBXFileReference; explicitFileType = wrapper.cfbundle; includeInIndex = 0; path = IntentTodoTests.xctest; sourceTree = BUILT_PRODUCTS_DIR; };
		46AFBC542F2BA68D00444306 /* IntentTodoUITests.xctest */ = {isa = PBXFileReference; explicitFileType = wrapper.cfbundle; includeInIndex = 0; path = IntentTodoUITests.xctest; sourceTree = BUILT_PRODUCTS_DIR; };
		46AFBE8B2F2C1C3B00444306 /* Domain */ = {isa = PBXFileReference; lastKnownFileType = wrapper; path = Domain; sourceTree = "<group>"; };
		46AFBE8C2F2C1C3B00444306 /* Repository */ = {isa = PBXFileReference; lastKnownFileType = wrapper; path = Repository; sourceTree = "<group>"; };
		46AFBE8D2F2C1C3B00444306 /* TodoAppIntents */ = {isa = PBXFileReference; lastKnownFileType = wrapper; path = TodoAppIntents; sourceTree = "<group>"; };
		46AFBE8E2F2C1C3B00444306 /* UI */ = {isa = PBXFileReference; lastKnownFileType = wrapper; path = UI; sourceTree = "<group>"; };
		46AFBE932F2C241700444306 /* AGENTS.md */ = {isa = PBXFileReference; lastKnownFileType = net.daringfireball.markdown; path = AGENTS.md; sourceTree = "<group>"; };
		46AFBE942F2C241700444306 /* CLAUDE.md */ = {isa = PBXFileReference; lastKnownFileType = net.daringfireball.markdown; path = CLAUDE.md; sourceTree = "<group>"; };
		46AFBE952F2C241700444306 /* AGENTS.md */ = {isa = PBXFileReference; lastKnownFileType = net.daringfireball.markdown; path = AGENTS.md; sourceTree = "<group>"; };
		46AFBE962F2C241700444306 /* AppIntents-Updates.md */ = {isa = PBXFileReference; lastKnownFileType = net.daringfireball.markdown; path = "AppIntents-Updates.md"; sourceTree = "<group>"; };
		46AFBE972F2C241700444306 /* AppKit-Implementing-Liquid-Glass-Design.md */ = {isa = PBXFileReference; lastKnownFileType = net.daringfireball.markdown; path = "AppKit-Implementing-Liquid-Glass-Design.md"; sourceTree = "<group>"; };
		46AFBE982F2C241700444306 /* Foundation-AttributedString-Updates.md */ = {isa = PBXFileReference; lastKnownFileType = net.daringfireball.markdown; path = "Foundation-AttributedString-Updates.md"; sourceTree = "<group>"; };
		46AFBE992F2C241700444306 /* FoundationModels-Using-on-device-LLM-in-your-app.md */ = {isa = PBXFileReference; lastKnownFileType = net.daringfireball.markdown; path = "FoundationModels-Using-on-device-LLM-in-your-app.md"; sourceTree = "<group>"; };
		46AFBE9A2F2C241700444306 /* Implementing-Assistive-Access-in-iOS.md */ = {isa = PBXFileReference; lastKnownFileType = net.daringfireball.markdown; path = "Implementing-Assistive-Access-in-iOS.md"; sourceTree = "<group>"; };
		46AFBE9B2F2C241700444306 /* Implementing-Visual-Intelligence-in-iOS.md */ = {isa = PBXFileReference; lastKnownFileType = net.daringfireball.markdown; path = "Implementing-Visual-Intelligence-in-iOS.md"; sourceTree = "<group>"; };
		46AFBE9C2F2C241700444306 /* MapKit-GeoToolbox-PlaceDescriptors.md */ = {isa = PBXFileReference; lastKnownFileType = net.daringfireball.markdown; path = "MapKit-GeoToolbox-PlaceDescriptors.md"; sourceTree = "<group>"; };
		46AFBE9D2F2C241700444306 /* StoreKit-Updates.md */ = {isa = PBXFileReference; lastKnownFileType = net.daringfireball.markdown; path = "StoreKit-Updates.md"; sourceTree = "<group>"; };
		46AFBE9E2F2C241700444306 /* Swift-Charts-3D-Visualization.md */ = {isa = PBXFileReference; lastKnownFileType = net.daringfireball.markdown; path = "Swift-Charts-3D-Visualization.md"; sourceTree = "<group>"; };
		46AFBE9F2F2C241700444306 /* Swift-Concurrency-Updates.md */ = {isa = PBXFileReference; lastKnownFileType = net.daringfireball.markdown; path = "Swift-Concurrency-Updates.md"; sourceTree = "<group>"; };
		46AFBEA02F2C241700444306 /* Swift-InlineArray-Span.md */ = {isa = PBXFileReference; lastKnownFileType = net.daringfireball.markdown; path = "Swift-InlineArray-Span.md"; sourceTree = "<group>"; };
		46AFBEA12F2C241700444306 /* SwiftData-Class-Inheritance.md */ = {isa = PBXFileReference; lastKnownFileType = net.daringfireball.markdown; path = "SwiftData-Class-Inheritance.md"; sourceTree = "<group>"; };
		46AFBEA22F2C241700444306 /* SwiftUI-AlarmKit-Integration.md */ = {isa = PBXFileReference; lastKnownFileType = net.daringfireball.markdown; path = "SwiftUI-AlarmKit-Integration.md"; sourceTree = "<group>"; };
		46AFBEA32F2C241700444306 /* SwiftUI-Implementing-Liquid-Glass-Design.md */ = {isa = PBXFileReference; lastKnownFileType = net.daringfireball.markdown; path = "SwiftUI-Implementing-Liquid-Glass-Design.md"; sourceTree = "<group>"; };
		46AFBEA42F2C241700444306 /* SwiftUI-New-Toolbar-Features.md */ = {isa = PBXFileReference; lastKnownFileType = net.daringfireball.markdown; path = "SwiftUI-New-Toolbar-Features.md"; sourceTree = "<group>"; };
		46AFBEA52F2C241700444306 /* SwiftUI-Styled-Text-Editing.md */ = {isa = PBXFileReference; lastKnownFileType = net.daringfireball.markdown; path = "SwiftUI-Styled-Text-Editing.md"; sourceTree = "<group>"; };
		46AFBEA62F2C241700444306 /* SwiftUI-WebKit-Integration.md */ = {isa = PBXFileReference; lastKnownFileType = net.daringfireball.markdown; path = "SwiftUI-WebKit-Integration.md"; sourceTree = "<group>"; };
		46AFBEA72F2C241700444306 /* UIKit-Implementing-Liquid-Glass-Design.md */ = {isa = PBXFileReference; lastKnownFileType = net.daringfireball.markdown; path = "UIKit-Implementing-Liquid-Glass-Design.md"; sourceTree = "<group>"; };
		46AFBEA82F2C241700444306 /* WidgetKit-Implementing-Liquid-Glass-Design.md */ = {isa = PBXFileReference; lastKnownFileType = net.daringfireball.markdown; path = "WidgetKit-Implementing-Liquid-Glass-Design.md"; sourceTree = "<group>"; };
		46AFBEA92F2C241700444306 /* Widgets-for-visionOS.md */ = {isa = PBXFileReference; lastKnownFileType = net.daringfireball.markdown; path = "Widgets-for-visionOS.md"; sourceTree = "<group>"; };
		46AFBEAB2F2C241700444306 /* AGENTS.md */ = {isa = PBXFileReference; lastKnownFileType = net.daringfireball.markdown; path = AGENTS.md; sourceTree = "<group>"; };
		46AFBEAC2F2C241700444306 /* INSIGHTS.md */ = {isa = PBXFileReference; lastKnownFileType = net.daringfireball.markdown; path = INSIGHTS.md; sourceTree = "<group>"; };
		46AFBEAD2F2C241700444306 /* PLAN.md */ = {isa = PBXFileReference; lastKnownFileType = net.daringfireball.markdown; path = PLAN.md; sourceTree = "<group>"; };
		46AFBEAF2F2C241700444306 /* LICENSE */ = {isa = PBXFileReference; lastKnownFileType = text; path = LICENSE; sourceTree = "<group>"; };
		46AFBEB02F2C241700444306 /* README.md */ = {isa = PBXFileReference; lastKnownFileType = net.daringfireball.markdown; path = README.md; sourceTree = "<group>"; };
/* End PBXFileReference section */

/* Begin PBXFileSystemSynchronizedBuildFileExceptionSet section */
		46AFBC5C2F2BA68D00444306 /* Exceptions for "IntentTodo" folder in "IntentTodo" target */ = {
			isa = PBXFileSystemSynchronizedBuildFileExceptionSet;
			membershipExceptions = (
				Info.plist,
			);
			target = 46AFBC382F2BA68C00444306 /* IntentTodo */;
		};
/* End PBXFileSystemSynchronizedBuildFileExceptionSet section */

/* Begin PBXFileSystemSynchronizedRootGroup section */
		46AFBC3B2F2BA68C00444306 /* IntentTodo */ = {
			isa = PBXFileSystemSynchronizedRootGroup;
			exceptions = (
				46AFBC5C2F2BA68D00444306 /* Exceptions for "IntentTodo" folder in "IntentTodo" target */,
			);
			path = IntentTodo;
			sourceTree = "<group>";
		};
		46AFBC4D2F2BA68D00444306 /* IntentTodoTests */ = {
			isa = PBXFileSystemSynchronizedRootGroup;
			path = IntentTodoTests;
			sourceTree = "<group>";
		};
		46AFBC572F2BA68D00444306 /* IntentTodoUITests */ = {
			isa = PBXFileSystemSynchronizedRootGroup;
			path = IntentTodoUITests;
			sourceTree = "<group>";
		};
/* End PBXFileSystemSynchronizedRootGroup section */

/* Begin PBXFrameworksBuildPhase section */
		46AFBC362F2BA68C00444306 /* Frameworks */ = {
			isa = PBXFrameworksBuildPhase;
			buildActionMask = 2147483647;
			files = (
				46AFBE922F2C1C7200444306 /* UI in Frameworks */,
			);
			runOnlyForDeploymentPostprocessing = 0;
		};
		46AFBC472F2BA68D00444306 /* Frameworks */ = {
			isa = PBXFrameworksBuildPhase;
			buildActionMask = 2147483647;
			files = (
			);
			runOnlyForDeploymentPostprocessing = 0;
		};
		46AFBC512F2BA68D00444306 /* Frameworks */ = {
			isa = PBXFrameworksBuildPhase;
			buildActionMask = 2147483647;
			files = (
			);
			runOnlyForDeploymentPostprocessing = 0;
		};
/* End PBXFrameworksBuildPhase section */

/* Begin PBXGroup section */
		46AFBC302F2BA68C00444306 = {
			isa = PBXGroup;
			children = (
				46AFBE932F2C241700444306 /* AGENTS.md */,
				46AFBE942F2C241700444306 /* CLAUDE.md */,
				46AFBEAE2F2C241700444306 /* docs */,
				46AFBEAF2F2C241700444306 /* LICENSE */,
				46AFBEB02F2C241700444306 /* README.md */,
				46AFBC3B2F2BA68C00444306 /* IntentTodo */,
				46AFBC4D2F2BA68D00444306 /* IntentTodoTests */,
				46AFBC572F2BA68D00444306 /* IntentTodoUITests */,
				46AFBE8F2F2C1C3B00444306 /* Packages */,
				46AFBE902F2C1C7200444306 /* Frameworks */,
				46AFBC3A2F2BA68C00444306 /* Products */,
			);
			sourceTree = "<group>";
		};
		46AFBC3A2F2BA68C00444306 /* Products */ = {
			isa = PBXGroup;
			children = (
				46AFBC392F2BA68C00444306 /* IntentTodo.app */,
				46AFBC4A2F2BA68D00444306 /* IntentTodoTests.xctest */,
				46AFBC542F2BA68D00444306 /* IntentTodoUITests.xctest */,
			);
			name = Products;
			sourceTree = "<group>";
		};
		46AFBE8F2F2C1C3B00444306 /* Packages */ = {
			isa = PBXGroup;
			children = (
				46AFBE8B2F2C1C3B00444306 /* Domain */,
				46AFBE8C2F2C1C3B00444306 /* Repository */,
				46AFBE8D2F2C1C3B00444306 /* TodoAppIntents */,
				46AFBE8E2F2C1C3B00444306 /* UI */,
			);
			path = Packages;
			sourceTree = "<group>";
		};
		46AFBE902F2C1C7200444306 /* Frameworks */ = {
			isa = PBXGroup;
			children = (
			);
			name = Frameworks;
			sourceTree = "<group>";
		};
		46AFBEAA2F2C241700444306 /* references */ = {
			isa = PBXGroup;
			children = (
				46AFBE952F2C241700444306 /* AGENTS.md */,
				46AFBE962F2C241700444306 /* AppIntents-Updates.md */,
				46AFBE972F2C241700444306 /* AppKit-Implementing-Liquid-Glass-Design.md */,
				46AFBE982F2C241700444306 /* Foundation-AttributedString-Updates.md */,
				46AFBE992F2C241700444306 /* FoundationModels-Using-on-device-LLM-in-your-app.md */,
				46AFBE9A2F2C241700444306 /* Implementing-Assistive-Access-in-iOS.md */,
				46AFBE9B2F2C241700444306 /* Implementing-Visual-Intelligence-in-iOS.md */,
				46AFBE9C2F2C241700444306 /* MapKit-GeoToolbox-PlaceDescriptors.md */,
				46AFBE9D2F2C241700444306 /* StoreKit-Updates.md */,
				46AFBE9E2F2C241700444306 /* Swift-Charts-3D-Visualization.md */,
				46AFBE9F2F2C241700444306 /* Swift-Concurrency-Updates.md */,
				46AFBEA02F2C241700444306 /* Swift-InlineArray-Span.md */,
				46AFBEA12F2C241700444306 /* SwiftData-Class-Inheritance.md */,
				46AFBEA22F2C241700444306 /* SwiftUI-AlarmKit-Integration.md */,
				46AFBEA32F2C241700444306 /* SwiftUI-Implementing-Liquid-Glass-Design.md */,
				46AFBEA42F2C241700444306 /* SwiftUI-New-Toolbar-Features.md */,
				46AFBEA52F2C241700444306 /* SwiftUI-Styled-Text-Editing.md */,
				46AFBEA62F2C241700444306 /* SwiftUI-WebKit-Integration.md */,
				46AFBEA72F2C241700444306 /* UIKit-Implementing-Liquid-Glass-Design.md */,
				46AFBEA82F2C241700444306 /* WidgetKit-Implementing-Liquid-Glass-Design.md */,
				46AFBEA92F2C241700444306 /* Widgets-for-visionOS.md */,
			);
			path = references;
			sourceTree = "<group>";
		};
		46AFBEAE2F2C241700444306 /* docs */ = {
			isa = PBXGroup;
			children = (
				46AFBEAA2F2C241700444306 /* references */,
				46AFBEAB2F2C241700444306 /* AGENTS.md */,
				46AFBEAC2F2C241700444306 /* INSIGHTS.md */,
				46AFBEAD2F2C241700444306 /* PLAN.md */,
			);
			path = docs;
			sourceTree = "<group>";
		};
/* End PBXGroup section */

/* Begin PBXNativeTarget section */
		46AFBC382F2BA68C00444306 /* IntentTodo */ = {
			isa = PBXNativeTarget;
			buildConfigurationList = 46AFBC5D2F2BA68D00444306 /* Build configuration list for PBXNativeTarget "IntentTodo" */;
			buildPhases = (
				46AFBC352F2BA68C00444306 /* Sources */,
				46AFBC362F2BA68C00444306 /* Frameworks */,
				46AFBC372F2BA68C00444306 /* Resources */,
			);
			buildRules = (
			);
			dependencies = (
			);
			fileSystemSynchronizedGroups = (
				46AFBC3B2F2BA68C00444306 /* IntentTodo */,
			);
			name = IntentTodo;
			packageProductDependencies = (
				46AFBE912F2C1C7200444306 /* UI */,
			);
			productName = IntentTodo;
			productReference = 46AFBC392F2BA68C00444306 /* IntentTodo.app */;
			productType = "com.apple.product-type.application";
		};
		46AFBC492F2BA68D00444306 /* IntentTodoTests */ = {
			isa = PBXNativeTarget;
			buildConfigurationList = 46AFBC622F2BA68D00444306 /* Build configuration list for PBXNativeTarget "IntentTodoTests" */;
			buildPhases = (
				46AFBC462F2BA68D00444306 /* Sources */,
				46AFBC472F2BA68D00444306 /* Frameworks */,
				46AFBC482F2BA68D00444306 /* Resources */,
			);
			buildRules = (
			);
			dependencies = (
				46AFBC4C2F2BA68D00444306 /* PBXTargetDependency */,
			);
			fileSystemSynchronizedGroups = (
				46AFBC4D2F2BA68D00444306 /* IntentTodoTests */,
			);
			name = IntentTodoTests;
			packageProductDependencies = (
			);
			productName = IntentTodoTests;
			productReference = 46AFBC4A2F2BA68D00444306 /* IntentTodoTests.xctest */;
			productType = "com.apple.product-type.bundle.unit-test";
		};
		46AFBC532F2BA68D00444306 /* IntentTodoUITests */ = {
			isa = PBXNativeTarget;
			buildConfigurationList = 46AFBC652F2BA68D00444306 /* Build configuration list for PBXNativeTarget "IntentTodoUITests" */;
			buildPhases = (
				46AFBC502F2BA68D00444306 /* Sources */,
				46AFBC512F2BA68D00444306 /* Frameworks */,
				46AFBC522F2BA68D00444306 /* Resources */,
			);
			buildRules = (
			);
			dependencies = (
				46AFBC562F2BA68D00444306 /* PBXTargetDependency */,
			);
			fileSystemSynchronizedGroups = (
				46AFBC572F2BA68D00444306 /* IntentTodoUITests */,
			);
			name = IntentTodoUITests;
			packageProductDependencies = (
			);
			productName = IntentTodoUITests;
			productReference = 46AFBC542F2BA68D00444306 /* IntentTodoUITests.xctest */;
			productType = "com.apple.product-type.bundle.ui-testing";
		};
/* End PBXNativeTarget section */

/* Begin PBXProject section */
		46AFBC312F2BA68C00444306 /* Project object */ = {
			isa = PBXProject;
			attributes = {
				BuildIndependentTargetsInParallel = 1;
				LastSwiftUpdateCheck = 2620;
				LastUpgradeCheck = 2620;
				TargetAttributes = {
					46AFBC382F2BA68C00444306 = {
						CreatedOnToolsVersion = 26.2;
					};
					46AFBC492F2BA68D00444306 = {
						CreatedOnToolsVersion = 26.2;
						TestTargetID = 46AFBC382F2BA68C00444306;
					};
					46AFBC532F2BA68D00444306 = {
						CreatedOnToolsVersion = 26.2;
						TestTargetID = 46AFBC382F2BA68C00444306;
					};
				};
			};
			buildConfigurationList = 46AFBC342F2BA68C00444306 /* Build configuration list for PBXProject "IntentTodo" */;
			developmentRegion = en;
			hasScannedForEncodings = 0;
			knownRegions = (
				en,
				Base,
			);
			mainGroup = 46AFBC302F2BA68C00444306;
			minimizedProjectReferenceProxies = 1;
			packageReferences = (
			);
			preferredProjectObjectVersion = 77;
			productRefGroup = 46AFBC3A2F2BA68C00444306 /* Products */;
			projectDirPath = "";
			projectRoot = "";
			targets = (
				46AFBC382F2BA68C00444306 /* IntentTodo */,
				46AFBC492F2BA68D00444306 /* IntentTodoTests */,
				46AFBC532F2BA68D00444306 /* IntentTodoUITests */,
			);
		};
/* End PBXProject section */

/* Begin PBXResourcesBuildPhase section */
		46AFBC372F2BA68C00444306 /* Resources */ = {
			isa = PBXResourcesBuildPhase;
			buildActionMask = 2147483647;
			files = (
			);
			runOnlyForDeploymentPostprocessing = 0;
		};
		46AFBC482F2BA68D00444306 /* Resources */ = {
			isa = PBXResourcesBuildPhase;
			buildActionMask = 2147483647;
			files = (
			);
			runOnlyForDeploymentPostprocessing = 0;
		};
		46AFBC522F2BA68D00444306 /* Resources */ = {
			isa = PBXResourcesBuildPhase;
			buildActionMask = 2147483647;
			files = (
			);
			runOnlyForDeploymentPostprocessing = 0;
		};
/* End PBXResourcesBuildPhase section */

/* Begin PBXSourcesBuildPhase section */
		46AFBC352F2BA68C00444306 /* Sources */ = {
			isa = PBXSourcesBuildPhase;
			buildActionMask = 2147483647;
			files = (
			);
			runOnlyForDeploymentPostprocessing = 0;
		};
		46AFBC462F2BA68D00444306 /* Sources */ = {
			isa = PBXSourcesBuildPhase;
			buildActionMask = 2147483647;
			files = (
			);
			runOnlyForDeploymentPostprocessing = 0;
		};
		46AFBC502F2BA68D00444306 /* Sources */ = {
			isa = PBXSourcesBuildPhase;
			buildActionMask = 2147483647;
			files = (
			);
			runOnlyForDeploymentPostprocessing = 0;
		};
/* End PBXSourcesBuildPhase section */

/* Begin PBXTargetDependency section */
		46AFBC4C2F2BA68D00444306 /* PBXTargetDependency */ = {
			isa = PBXTargetDependency;
			target = 46AFBC382F2BA68C00444306 /* IntentTodo */;
			targetProxy = 46AFBC4B2F2BA68D00444306 /* PBXContainerItemProxy */;
		};
		46AFBC562F2BA68D00444306 /* PBXTargetDependency */ = {
			isa = PBXTargetDependency;
			target = 46AFBC382F2BA68C00444306 /* IntentTodo */;
			targetProxy = 46AFBC552F2BA68D00444306 /* PBXContainerItemProxy */;
		};
/* End PBXTargetDependency section */

/* Begin XCBuildConfiguration section */
		46AFBC5E2F2BA68D00444306 /* Debug */ = {
			isa = XCBuildConfiguration;
			buildSettings = {
				ASSETCATALOG_COMPILER_APPICON_NAME = AppIcon;
				ASSETCATALOG_COMPILER_GLOBAL_ACCENT_COLOR_NAME = AccentColor;
				CODE_SIGN_STYLE = Automatic;
				CURRENT_PROJECT_VERSION = 1;
				DEVELOPMENT_TEAM = B4S4333JDW;
				ENABLE_APP_SANDBOX = YES;
				ENABLE_HARDENED_RUNTIME = YES;
				ENABLE_PREVIEWS = YES;
				ENABLE_USER_SELECTED_FILES = readonly;
				GENERATE_INFOPLIST_FILE = YES;
				INFOPLIST_FILE = IntentTodo/Info.plist;
				"INFOPLIST_KEY_UIApplicationSceneManifest_Generation[sdk=iphoneos*]" = YES;
				"INFOPLIST_KEY_UIApplicationSceneManifest_Generation[sdk=iphonesimulator*]" = YES;
				"INFOPLIST_KEY_UIApplicationSupportsIndirectInputEvents[sdk=iphoneos*]" = YES;
				"INFOPLIST_KEY_UIApplicationSupportsIndirectInputEvents[sdk=iphonesimulator*]" = YES;
				"INFOPLIST_KEY_UILaunchScreen_Generation[sdk=iphoneos*]" = YES;
				"INFOPLIST_KEY_UILaunchScreen_Generation[sdk=iphonesimulator*]" = YES;
				"INFOPLIST_KEY_UIStatusBarStyle[sdk=iphoneos*]" = UIStatusBarStyleDefault;
				"INFOPLIST_KEY_UIStatusBarStyle[sdk=iphonesimulator*]" = UIStatusBarStyleDefault;
				INFOPLIST_KEY_UISupportedInterfaceOrientations_iPad = "UIInterfaceOrientationPortrait UIInterfaceOrientationPortraitUpsideDown UIInterfaceOrientationLandscapeLeft UIInterfaceOrientationLandscapeRight";
				INFOPLIST_KEY_UISupportedInterfaceOrientations_iPhone = "UIInterfaceOrientationPortrait UIInterfaceOrientationLandscapeLeft UIInterfaceOrientationLandscapeRight";
				IPHONEOS_DEPLOYMENT_TARGET = 26.2;
				LD_RUNPATH_SEARCH_PATHS = "@executable_path/Frameworks";
				"LD_RUNPATH_SEARCH_PATHS[sdk=macosx*]" = "@executable_path/../Frameworks";
				MACOSX_DEPLOYMENT_TARGET = 26.2;
				MARKETING_VERSION = 1.0;
				PRODUCT_BUNDLE_IDENTIFIER = dev.touyou.IntentTodo;
				PRODUCT_NAME = "$(TARGET_NAME)";
				REGISTER_APP_GROUPS = YES;
				SDKROOT = auto;
				STRING_CATALOG_GENERATE_SYMBOLS = YES;
				SUPPORTED_PLATFORMS = "iphoneos iphonesimulator macosx xros xrsimulator";
				SWIFT_APPROACHABLE_CONCURRENCY = YES;
				SWIFT_DEFAULT_ACTOR_ISOLATION = MainActor;
				SWIFT_EMIT_LOC_STRINGS = YES;
				SWIFT_UPCOMING_FEATURE_MEMBER_IMPORT_VISIBILITY = YES;
				SWIFT_VERSION = 5.0;
				TARGETED_DEVICE_FAMILY = "1,2,7";
				XROS_DEPLOYMENT_TARGET = 26.2;
			};
			name = Debug;
		};
		46AFBC5F2F2BA68D00444306 /* Release */ = {
			isa = XCBuildConfiguration;
			buildSettings = {
				ASSETCATALOG_COMPILER_APPICON_NAME = AppIcon;
				ASSETCATALOG_COMPILER_GLOBAL_ACCENT_COLOR_NAME = AccentColor;
				CODE_SIGN_STYLE = Automatic;
				CURRENT_PROJECT_VERSION = 1;
				DEVELOPMENT_TEAM = B4S4333JDW;
				ENABLE_APP_SANDBOX = YES;
				ENABLE_HARDENED_RUNTIME = YES;
				ENABLE_PREVIEWS = YES;
				ENABLE_USER_SELECTED_FILES = readonly;
				GENERATE_INFOPLIST_FILE = YES;
				INFOPLIST_FILE = IntentTodo/Info.plist;
				"INFOPLIST_KEY_UIApplicationSceneManifest_Generation[sdk=iphoneos*]" = YES;
				"INFOPLIST_KEY_UIApplicationSceneManifest_Generation[sdk=iphonesimulator*]" = YES;
				"INFOPLIST_KEY_UIApplicationSupportsIndirectInputEvents[sdk=iphoneos*]" = YES;
				"INFOPLIST_KEY_UIApplicationSupportsIndirectInputEvents[sdk=iphonesimulator*]" = YES;
				"INFOPLIST_KEY_UILaunchScreen_Generation[sdk=iphoneos*]" = YES;
				"INFOPLIST_KEY_UILaunchScreen_Generation[sdk=iphonesimulator*]" = YES;
				"INFOPLIST_KEY_UIStatusBarStyle[sdk=iphoneos*]" = UIStatusBarStyleDefault;
				"INFOPLIST_KEY_UIStatusBarStyle[sdk=iphonesimulator*]" = UIStatusBarStyleDefault;
				INFOPLIST_KEY_UISupportedInterfaceOrientations_iPad = "UIInterfaceOrientationPortrait UIInterfaceOrientationPortraitUpsideDown UIInterfaceOrientationLandscapeLeft UIInterfaceOrientationLandscapeRight";
				INFOPLIST_KEY_UISupportedInterfaceOrientations_iPhone = "UIInterfaceOrientationPortrait UIInterfaceOrientationLandscapeLeft UIInterfaceOrientationLandscapeRight";
				IPHONEOS_DEPLOYMENT_TARGET = 26.2;
				LD_RUNPATH_SEARCH_PATHS = "@executable_path/Frameworks";
				"LD_RUNPATH_SEARCH_PATHS[sdk=macosx*]" = "@executable_path/../Frameworks";
				MACOSX_DEPLOYMENT_TARGET = 26.2;
				MARKETING_VERSION = 1.0;
				PRODUCT_BUNDLE_IDENTIFIER = dev.touyou.IntentTodo;
				PRODUCT_NAME = "$(TARGET_NAME)";
				REGISTER_APP_GROUPS = YES;
				SDKROOT = auto;
				STRING_CATALOG_GENERATE_SYMBOLS = YES;
				SUPPORTED_PLATFORMS = "iphoneos iphonesimulator macosx xros xrsimulator";
				SWIFT_APPROACHABLE_CONCURRENCY = YES;
				SWIFT_DEFAULT_ACTOR_ISOLATION = MainActor;
				SWIFT_EMIT_LOC_STRINGS = YES;
				SWIFT_UPCOMING_FEATURE_MEMBER_IMPORT_VISIBILITY = YES;
				SWIFT_VERSION = 5.0;
				TARGETED_DEVICE_FAMILY = "1,2,7";
				XROS_DEPLOYMENT_TARGET = 26.2;
			};
			name = Release;
		};
		46AFBC602F2BA68D00444306 /* Debug */ = {
			isa = XCBuildConfiguration;
			buildSettings = {
				ALWAYS_SEARCH_USER_PATHS = NO;
				ASSETCATALOG_COMPILER_GENERATE_SWIFT_ASSET_SYMBOL_EXTENSIONS = YES;
				CLANG_ANALYZER_NONNULL = YES;
				CLANG_ANALYZER_NUMBER_OBJECT_CONVERSION = YES_AGGRESSIVE;
				CLANG_CXX_LANGUAGE_STANDARD = "gnu++20";
				CLANG_ENABLE_MODULES = YES;
				CLANG_ENABLE_OBJC_ARC = YES;
				CLANG_ENABLE_OBJC_WEAK = YES;
				CLANG_WARN_BLOCK_CAPTURE_AUTORELEASING = YES;
				CLANG_WARN_BOOL_CONVERSION = YES;
				CLANG_WARN_COMMA = YES;
				CLANG_WARN_CONSTANT_CONVERSION = YES;
				CLANG_WARN_DEPRECATED_OBJC_IMPLEMENTATIONS = YES;
				CLANG_WARN_DIRECT_OBJC_ISA_USAGE = YES_ERROR;
				CLANG_WARN_DOCUMENTATION_COMMENTS = YES;
				CLANG_WARN_EMPTY_BODY = YES;
				CLANG_WARN_ENUM_CONVERSION = YES;
				CLANG_WARN_INFINITE_RECURSION = YES;
				CLANG_WARN_INT_CONVERSION = YES;
				CLANG_WARN_NON_LITERAL_NULL_CONVERSION = YES;
				CLANG_WARN_OBJC_IMPLICIT_RETAIN_SELF = YES;
				CLANG_WARN_OBJC_LITERAL_CONVERSION = YES;
				CLANG_WARN_OBJC_ROOT_CLASS = YES_ERROR;
				CLANG_WARN_QUOTED_INCLUDE_IN_FRAMEWORK_HEADER = YES;
				CLANG_WARN_RANGE_LOOP_ANALYSIS = YES;
				CLANG_WARN_STRICT_PROTOTYPES = YES;
				CLANG_WARN_SUSPICIOUS_MOVE = YES;
				CLANG_WARN_UNGUARDED_AVAILABILITY = YES_AGGRESSIVE;
				CLANG_WARN_UNREACHABLE_CODE = YES;
				CLANG_WARN__DUPLICATE_METHOD_MATCH = YES;
				COPY_PHASE_STRIP = NO;
				DEBUG_INFORMATION_FORMAT = dwarf;
				DEVELOPMENT_TEAM = B4S4333JDW;
				ENABLE_STRICT_OBJC_MSGSEND = YES;
				ENABLE_TESTABILITY = YES;
				ENABLE_USER_SCRIPT_SANDBOXING = YES;
				GCC_C_LANGUAGE_STANDARD = gnu17;
				GCC_DYNAMIC_NO_PIC = NO;
				GCC_NO_COMMON_BLOCKS = YES;
				GCC_OPTIMIZATION_LEVEL = 0;
				GCC_PREPROCESSOR_DEFINITIONS = (
					"DEBUG=1",
					"$(inherited)",
				);
				GCC_WARN_64_TO_32_BIT_CONVERSION = YES;
				GCC_WARN_ABOUT_RETURN_TYPE = YES_ERROR;
				GCC_WARN_UNDECLARED_SELECTOR = YES;
				GCC_WARN_UNINITIALIZED_AUTOS = YES_AGGRESSIVE;
				GCC_WARN_UNUSED_FUNCTION = YES;
				GCC_WARN_UNUSED_VARIABLE = YES;
				LOCALIZATION_PREFERS_STRING_CATALOGS = YES;
				MTL_ENABLE_DEBUG_INFO = INCLUDE_SOURCE;
				MTL_FAST_MATH = YES;
				ONLY_ACTIVE_ARCH = YES;
				SWIFT_ACTIVE_COMPILATION_CONDITIONS = "DEBUG $(inherited)";
				SWIFT_OPTIMIZATION_LEVEL = "-Onone";
			};
			name = Debug;
		};
		46AFBC612F2BA68D00444306 /* Release */ = {
			isa = XCBuildConfiguration;
			buildSettings = {
				ALWAYS_SEARCH_USER_PATHS = NO;
				ASSETCATALOG_COMPILER_GENERATE_SWIFT_ASSET_SYMBOL_EXTENSIONS = YES;
				CLANG_ANALYZER_NONNULL = YES;
				CLANG_ANALYZER_NUMBER_OBJECT_CONVERSION = YES_AGGRESSIVE;
				CLANG_CXX_LANGUAGE_STANDARD = "gnu++20";
				CLANG_ENABLE_MODULES = YES;
				CLANG_ENABLE_OBJC_ARC = YES;
				CLANG_ENABLE_OBJC_WEAK = YES;
				CLANG_WARN_BLOCK_CAPTURE_AUTORELEASING = YES;
				CLANG_WARN_BOOL_CONVERSION = YES;
				CLANG_WARN_COMMA = YES;
				CLANG_WARN_CONSTANT_CONVERSION = YES;
				CLANG_WARN_DEPRECATED_OBJC_IMPLEMENTATIONS = YES;
				CLANG_WARN_DIRECT_OBJC_ISA_USAGE = YES_ERROR;
				CLANG_WARN_DOCUMENTATION_COMMENTS = YES;
				CLANG_WARN_EMPTY_BODY = YES;
				CLANG_WARN_ENUM_CONVERSION = YES;
				CLANG_WARN_INFINITE_RECURSION = YES;
				CLANG_WARN_INT_CONVERSION = YES;
				CLANG_WARN_NON_LITERAL_NULL_CONVERSION = YES;
				CLANG_WARN_OBJC_IMPLICIT_RETAIN_SELF = YES;
				CLANG_WARN_OBJC_LITERAL_CONVERSION = YES;
				CLANG_WARN_OBJC_ROOT_CLASS = YES_ERROR;
				CLANG_WARN_QUOTED_INCLUDE_IN_FRAMEWORK_HEADER = YES;
				CLANG_WARN_RANGE_LOOP_ANALYSIS = YES;
				CLANG_WARN_STRICT_PROTOTYPES = YES;
				CLANG_WARN_SUSPICIOUS_MOVE = YES;
				CLANG_WARN_UNGUARDED_AVAILABILITY = YES_AGGRESSIVE;
				CLANG_WARN_UNREACHABLE_CODE = YES;
				CLANG_WARN__DUPLICATE_METHOD_MATCH = YES;
				COPY_PHASE_STRIP = NO;
				DEBUG_INFORMATION_FORMAT = "dwarf-with-dsym";
				DEVELOPMENT_TEAM = B4S4333JDW;
				ENABLE_NS_ASSERTIONS = NO;
				ENABLE_STRICT_OBJC_MSGSEND = YES;
				ENABLE_USER_SCRIPT_SANDBOXING = YES;
				GCC_C_LANGUAGE_STANDARD = gnu17;
				GCC_NO_COMMON_BLOCKS = YES;
				GCC_WARN_64_TO_32_BIT_CONVERSION = YES;
				GCC_WARN_ABOUT_RETURN_TYPE = YES_ERROR;
				GCC_WARN_UNDECLARED_SELECTOR = YES;
				GCC_WARN_UNINITIALIZED_AUTOS = YES_AGGRESSIVE;
				GCC_WARN_UNUSED_FUNCTION = YES;
				GCC_WARN_UNUSED_VARIABLE = YES;
				LOCALIZATION_PREFERS_STRING_CATALOGS = YES;
				MTL_ENABLE_DEBUG_INFO = NO;
				MTL_FAST_MATH = YES;
				SWIFT_COMPILATION_MODE = wholemodule;
			};
			name = Release;
		};
		46AFBC632F2BA68D00444306 /* Debug */ = {
			isa = XCBuildConfiguration;
			buildSettings = {
				BUNDLE_LOADER = "$(TEST_HOST)";
				CODE_SIGN_STYLE = Automatic;
				CURRENT_PROJECT_VERSION = 1;
				DEVELOPMENT_TEAM = B4S4333JDW;
				GENERATE_INFOPLIST_FILE = YES;
				IPHONEOS_DEPLOYMENT_TARGET = 26.2;
				MACOSX_DEPLOYMENT_TARGET = 26.2;
				MARKETING_VERSION = 1.0;
				PRODUCT_BUNDLE_IDENTIFIER = dev.touyou.IntentTodoTests;
				PRODUCT_NAME = "$(TARGET_NAME)";
				SDKROOT = auto;
				STRING_CATALOG_GENERATE_SYMBOLS = NO;
				SUPPORTED_PLATFORMS = "iphoneos iphonesimulator macosx xros xrsimulator";
				SWIFT_APPROACHABLE_CONCURRENCY = YES;
				SWIFT_EMIT_LOC_STRINGS = NO;
				SWIFT_UPCOMING_FEATURE_MEMBER_IMPORT_VISIBILITY = YES;
				SWIFT_VERSION = 5.0;
				TARGETED_DEVICE_FAMILY = "1,2,7";
				TEST_HOST = "$(BUILT_PRODUCTS_DIR)/IntentTodo.app/$(BUNDLE_EXECUTABLE_FOLDER_PATH)/IntentTodo";
				XROS_DEPLOYMENT_TARGET = 26.2;
			};
			name = Debug;
		};
		46AFBC642F2BA68D00444306 /* Release */ = {
			isa = XCBuildConfiguration;
			buildSettings = {
				BUNDLE_LOADER = "$(TEST_HOST)";
				CODE_SIGN_STYLE = Automatic;
				CURRENT_PROJECT_VERSION = 1;
				DEVELOPMENT_TEAM = B4S4333JDW;
				GENERATE_INFOPLIST_FILE = YES;
				IPHONEOS_DEPLOYMENT_TARGET = 26.2;
				MACOSX_DEPLOYMENT_TARGET = 26.2;
				MARKETING_VERSION = 1.0;
				PRODUCT_BUNDLE_IDENTIFIER = dev.touyou.IntentTodoTests;
				PRODUCT_NAME = "$(TARGET_NAME)";
				SDKROOT = auto;
				STRING_CATALOG_GENERATE_SYMBOLS = NO;
				SUPPORTED_PLATFORMS = "iphoneos iphonesimulator macosx xros xrsimulator";
				SWIFT_APPROACHABLE_CONCURRENCY = YES;
				SWIFT_EMIT_LOC_STRINGS = NO;
				SWIFT_UPCOMING_FEATURE_MEMBER_IMPORT_VISIBILITY = YES;
				SWIFT_VERSION = 5.0;
				TARGETED_DEVICE_FAMILY = "1,2,7";
				TEST_HOST = "$(BUILT_PRODUCTS_DIR)/IntentTodo.app/$(BUNDLE_EXECUTABLE_FOLDER_PATH)/IntentTodo";
				XROS_DEPLOYMENT_TARGET = 26.2;
			};
			name = Release;
		};
		46AFBC662F2BA68D00444306 /* Debug */ = {
			isa = XCBuildConfiguration;
			buildSettings = {
				CODE_SIGN_STYLE = Automatic;
				CURRENT_PROJECT_VERSION = 1;
				DEVELOPMENT_TEAM = B4S4333JDW;
				GENERATE_INFOPLIST_FILE = YES;
				IPHONEOS_DEPLOYMENT_TARGET = 26.2;
				MACOSX_DEPLOYMENT_TARGET = 26.2;
				MARKETING_VERSION = 1.0;
				PRODUCT_BUNDLE_IDENTIFIER = dev.touyou.IntentTodoUITests;
				PRODUCT_NAME = "$(TARGET_NAME)";
				SDKROOT = auto;
				STRING_CATALOG_GENERATE_SYMBOLS = NO;
				SUPPORTED_PLATFORMS = "iphoneos iphonesimulator macosx xros xrsimulator";
				SWIFT_APPROACHABLE_CONCURRENCY = YES;
				SWIFT_EMIT_LOC_STRINGS = NO;
				SWIFT_UPCOMING_FEATURE_MEMBER_IMPORT_VISIBILITY = YES;
				SWIFT_VERSION = 5.0;
				TARGETED_DEVICE_FAMILY = "1,2,7";
				TEST_TARGET_NAME = IntentTodo;
				XROS_DEPLOYMENT_TARGET = 26.2;
			};
			name = Debug;
		};
		46AFBC672F2BA68D00444306 /* Release */ = {
			isa = XCBuildConfiguration;
			buildSettings = {
				CODE_SIGN_STYLE = Automatic;
				CURRENT_PROJECT_VERSION = 1;
				DEVELOPMENT_TEAM = B4S4333JDW;
				GENERATE_INFOPLIST_FILE = YES;
				IPHONEOS_DEPLOYMENT_TARGET = 26.2;
				MACOSX_DEPLOYMENT_TARGET = 26.2;
				MARKETING_VERSION = 1.0;
				PRODUCT_BUNDLE_IDENTIFIER = dev.touyou.IntentTodoUITests;
				PRODUCT_NAME = "$(TARGET_NAME)";
				SDKROOT = auto;
				STRING_CATALOG_GENERATE_SYMBOLS = NO;
				SUPPORTED_PLATFORMS = "iphoneos iphonesimulator macosx xros xrsimulator";
				SWIFT_APPROACHABLE_CONCURRENCY = YES;
				SWIFT_EMIT_LOC_STRINGS = NO;
				SWIFT_UPCOMING_FEATURE_MEMBER_IMPORT_VISIBILITY = YES;
				SWIFT_VERSION = 5.0;
				TARGETED_DEVICE_FAMILY = "1,2,7";
				TEST_TARGET_NAME = IntentTodo;
				XROS_DEPLOYMENT_TARGET = 26.2;
			};
			name = Release;
		};
/* End XCBuildConfiguration section */

/* Begin XCConfigurationList section */
		46AFBC342F2BA68C00444306 /* Build configuration list for PBXProject "IntentTodo" */ = {
			isa = XCConfigurationList;
			buildConfigurations = (
				46AFBC602F2BA68D00444306 /* Debug */,
				46AFBC612F2BA68D00444306 /* Release */,
			);
			defaultConfigurationIsVisible = 0;
			defaultConfigurationName = Release;
		};
		46AFBC5D2F2BA68D00444306 /* Build configuration list for PBXNativeTarget "IntentTodo" */ = {
			isa = XCConfigurationList;
			buildConfigurations = (
				46AFBC5E2F2BA68D00444306 /* Debug */,
				46AFBC5F2F2BA68D00444306 /* Release */,
			);
			defaultConfigurationIsVisible = 0;
			defaultConfigurationName = Release;
		};
		46AFBC622F2BA68D00444306 /* Build configuration list for PBXNativeTarget "IntentTodoTests" */ = {
			isa = XCConfigurationList;
			buildConfigurations = (
				46AFBC632F2BA68D00444306 /* Debug */,
				46AFBC642F2BA68D00444306 /* Release */,
			);
			defaultConfigurationIsVisible = 0;
			defaultConfigurationName = Release;
		};
		46AFBC652F2BA68D00444306 /* Build configuration list for PBXNativeTarget "IntentTodoUITests" */ = {
			isa = XCConfigurationList;
			buildConfigurations = (
				46AFBC662F2BA68D00444306 /* Debug */,
				46AFBC672F2BA68D00444306 /* Release */,
			);
			defaultConfigurationIsVisible = 0;
			defaultConfigurationName = Release;
		};
/* End XCConfigurationList section */

/* Begin XCSwiftPackageProductDependency section */
		46AFBE912F2C1C7200444306 /* UI */ = {
			isa = XCSwiftPackageProductDependency;
			productName = UI;
		};
/* End XCSwiftPackageProductDependency section */
	};
	rootObject = 46AFBC312F2BA68C00444306 /* Project object */;
}
