// !$*UTF8*$!
{
	archiveVersion = 1;
	classes = {
	};
	objectVersion = 77;
	objects = {

/* Begin PBXBuildFile section */
		4649B7102FD964D40094754A /* AppIntentsTestingTests.swift in Sources */ = {isa = PBXBuildFile; fileRef = 4649B70F2FD964D40094754A /* AppIntentsTestingTests.swift */; };
		46AFBE922F2C1C7200444306 /* UI in Frameworks */ = {isa = PBXBuildFile; productRef = 46AFBE912F2C1C7200444306 /* UI */; };
		46AFBEC02F2CFEA400444306 /* WidgetKit.framework in Frameworks */ = {isa = PBXBuildFile; fileRef = 46AFBEBF2F2CFEA400444306 /* WidgetKit.framework */; };
		46AFBEC22F2CFEA400444306 /* SwiftUI.framework in Frameworks */ = {isa = PBXBuildFile; fileRef = 46AFBEC12F2CFEA400444306 /* SwiftUI.framework */; };
		46AFBECF2F2CFEA500444306 /* IntentTodoWidgetExtension.appex in Embed Foundation Extensions */ = {isa = PBXBuildFile; fileRef = 46AFBEBE2F2CFEA400444306 /* IntentTodoWidgetExtension.appex */; settings = {ATTRIBUTES = (RemoveHeadersOnCopy, ); }; };
		46AFBED82F2CFEEB00444306 /* Domain in Frameworks */ = {isa = PBXBuildFile; productRef = 46AFBED72F2CFEEB00444306 /* Domain */; };
		46AFBEDA2F2CFEEB00444306 /* TodoAppIntents in Frameworks */ = {isa = PBXBuildFile; productRef = 46AFBED92F2CFEEB00444306 /* TodoAppIntents */; };
		46AFBEE02F2D6D9C00444306 /* WidgetKit.framework in Frameworks */ = {isa = PBXBuildFile; fileRef = 46AFBEBF2F2CFEA400444306 /* WidgetKit.framework */; };
		46AFBEE12F2D6D9C00444306 /* SwiftUI.framework in Frameworks */ = {isa = PBXBuildFile; fileRef = 46AFBEC12F2CFEA400444306 /* SwiftUI.framework */; };
		46AFBEF22F2D6D9E00444306 /* IntentTodoLiveActivityExtension.appex in Embed Foundation Extensions */ = {isa = PBXBuildFile; fileRef = 46AFBEDF2F2D6D9C00444306 /* IntentTodoLiveActivityExtension.appex */; platformFilter = ios; settings = {ATTRIBUTES = (RemoveHeadersOnCopy, ); }; };
		46AFBF072F2D6E5B00444306 /* IntentTodoWatchApp.app in Embed Watch Content */ = {isa = PBXBuildFile; fileRef = 46AFBEFD2F2D6E5A00444306 /* IntentTodoWatchApp.app */; platformFilter = ios; settings = {ATTRIBUTES = (RemoveHeadersOnCopy, ); }; };
		46AFBFA62F2D731900444306 /* Repository in Frameworks */ = {isa = PBXBuildFile; productRef = 46AFBEDB2F2D6E6A00444306 /* Repository */; };
		46AFBFA72F2D731900444306 /* Domain in Frameworks */ = {isa = PBXBuildFile; productRef = 46AFBEDC2F2D6E6A00444306 /* Domain */; };
		46AFBFA82F2D731900444306 /* Repository in Frameworks */ = {isa = PBXBuildFile; productRef = 46AFBEDD2F2D6E6A00444306 /* Repository */; };
		46AFBFA92F2D731900444306 /* TodoAppIntents in Frameworks */ = {isa = PBXBuildFile; productRef = 46AFBEDE2F2D6E6A00444306 /* TodoAppIntents */; };
		46AFBFAA2F2D731900444306 /* Domain in Frameworks */ = {isa = PBXBuildFile; productRef = 46AFBEDF2F2D6E6A00444306 /* Domain */; };
		46AFBFAB2F2D731900444306 /* TodoAppIntents in Frameworks */ = {isa = PBXBuildFile; productRef = 46AFBEE02F2D6E6A00444306 /* TodoAppIntents */; };
		46AFBFF72F32BC5000444306 /* TodoAppIntents in Frameworks */ = {isa = PBXBuildFile; productRef = 46AFBFF62F32BC5000444306 /* TodoAppIntents */; };
		46AFC0092F33047800444306 /* Assets.xcassets in Resources */ = {isa = PBXBuildFile; fileRef = 46AFC0022F33047800444306 /* Assets.xcassets */; };
		46AFC00B2F33047800444306 /* TodoWidgetConfiguration.swift in Sources */ = {isa = PBXBuildFile; fileRef = 46AFBFFA2F33047800444306 /* TodoWidgetConfiguration.swift */; };
		46AFC00D2F33047800444306 /* WidgetModelContainer.swift in Sources */ = {isa = PBXBuildFile; fileRef = 46AFBFFD2F33047800444306 /* WidgetModelContainer.swift */; };
		46AFC0102F33047800444306 /* IntentTodoWidget.swift in Sources */ = {isa = PBXBuildFile; fileRef = 46AFC0042F33047800444306 /* IntentTodoWidget.swift */; };
		46AFC0112F33047800444306 /* IntentTodoWidgetBundle.swift in Sources */ = {isa = PBXBuildFile; fileRef = 46AFC0052F33047800444306 /* IntentTodoWidgetBundle.swift */; };
		46AFC0202F33047B00444306 /* Assets.xcassets in Resources */ = {isa = PBXBuildFile; fileRef = 46AFC01A2F33047B00444306 /* Assets.xcassets */; };
		46AFC0262F33047B00444306 /* IntentTodoLiveActivityBundle.swift in Sources */ = {isa = PBXBuildFile; fileRef = 46AFC01C2F33047B00444306 /* IntentTodoLiveActivityBundle.swift */; };
		46AFC0272F33047B00444306 /* TodoLiveActivity.swift in Sources */ = {isa = PBXBuildFile; fileRef = 46AFC01E2F33047B00444306 /* TodoLiveActivity.swift */; };
		46AFC0392F33047D00444306 /* IntentTodoWatchApp.swift in Sources */ = {isa = PBXBuildFile; fileRef = 46AFC0312F33047D00444306 /* IntentTodoWatchApp.swift */; };
		46AFC03A2F33047D00444306 /* TodoComplication.swift in Sources */ = {isa = PBXBuildFile; fileRef = 46AFC0322F33047D00444306 /* TodoComplication.swift */; };
		46AFC03B2F33047D00444306 /* Assets.xcassets in Resources */ = {isa = PBXBuildFile; fileRef = 46AFC02F2F33047D00444306 /* Assets.xcassets */; };
		46AFC0432F33048000444306 /* AppDelegate.swift in Sources */ = {isa = PBXBuildFile; fileRef = 46AFC03C2F33048000444306 /* AppDelegate.swift */; };
		46AFC0452F33048000444306 /* IntentTodoApp.swift in Sources */ = {isa = PBXBuildFile; fileRef = 46AFC0412F33048000444306 /* IntentTodoApp.swift */; };
		46AFC0462F33048000444306 /* Assets.xcassets in Resources */ = {isa = PBXBuildFile; fileRef = 46AFC03E2F33048000444306 /* Assets.xcassets */; };
		46AFC1012F34F73500444306 /* IntentTodoUITest.swift in Sources */ = {isa = PBXBuildFile; fileRef = 46AFC0FE2F34F73500444306 /* IntentTodoUITest.swift */; };
		46AFC1152F34F76300444306 /* IntentTodoWatchAppUITest.swift in Sources */ = {isa = PBXBuildFile; fileRef = 46AFC1122F34F76300444306 /* IntentTodoWatchAppUITest.swift */; };
		46AFC1212F33048100444306 /* QuickAddTodoControl.swift in Sources */ = {isa = PBXBuildFile; fileRef = 46AFC1202F33048100444306 /* QuickAddTodoControl.swift */; };
		46AFC1232F33048100444306 /* TodoCountControl.swift in Sources */ = {isa = PBXBuildFile; fileRef = 46AFC1222F33048100444306 /* TodoCountControl.swift */; };
		46AFC1252F33048100444306 /* ToggleUrgentTodoControl.swift in Sources */ = {isa = PBXBuildFile; fileRef = 46AFC1242F33048100444306 /* ToggleUrgentTodoControl.swift */; };
		46D8865E2F6B857A0029BF80 /* SceneDelegate.swift in Sources */ = {isa = PBXBuildFile; fileRef = 46D8865D2F6B857A0029BF80 /* SceneDelegate.swift */; };
		46F0000A000000000000FAC1 /* MacAppDelegate.swift in Sources */ = {isa = PBXBuildFile; fileRef = 46F00009000000000000FAC1 /* MacAppDelegate.swift */; };
		46F0000C000000000000FAC1 /* NotificationHandler.swift in Sources */ = {isa = PBXBuildFile; fileRef = 46F0000B000000000000FAC1 /* NotificationHandler.swift */; };
		46F00300000000000000FAC1 /* LiveActivity in Frameworks */ = {isa = PBXBuildFile; productRef = 46F00400000000000000FAC1 /* LiveActivity */; };
		46F00600000000000000FAC1 /* WidgetUI in Frameworks */ = {isa = PBXBuildFile; productRef = 46F00700000000000000FAC1 /* WidgetUI */; };
		46F00900000000000000FAC1 /* WatchUI in Frameworks */ = {isa = PBXBuildFile; productRef = 46F00A00000000000000FAC1 /* WatchUI */; };
		46F00B00000000000000FAC1 /* LiveActivity in Frameworks */ = {isa = PBXBuildFile; platformFilter = ios; productRef = 46F00C00000000000000FAC1 /* LiveActivity */; };
/* End PBXBuildFile section */

/* Begin PBXContainerItemProxy section */
		46AFBECD2F2CFEA500444306 /* PBXContainerItemProxy */ = {
			isa = PBXContainerItemProxy;
			containerPortal = 46AFBC312F2BA68C00444306 /* Project object */;
			proxyType = 1;
			remoteGlobalIDString = 46AFBEBD2F2CFEA400444306;
			remoteInfo = IntentTodoWidgetExtension;
		};
		46AFBEF02F2D6D9E00444306 /* PBXContainerItemProxy */ = {
			isa = PBXContainerItemProxy;
			containerPortal = 46AFBC312F2BA68C00444306 /* Project object */;
			proxyType = 1;
			remoteGlobalIDString = 46AFBEDE2F2D6D9C00444306;
			remoteInfo = IntentTodoLiveActivityExtension;
		};
		46AFBF052F2D6E5B00444306 /* PBXContainerItemProxy */ = {
			isa = PBXContainerItemProxy;
			containerPortal = 46AFBC312F2BA68C00444306 /* Project object */;
			proxyType = 1;
			remoteGlobalIDString = 46AFBEFC2F2D6E5A00444306;
			remoteInfo = "IntentTodoWatchApp Watch App";
		};
		46AFC0F92F34F72800444306 /* PBXContainerItemProxy */ = {
			isa = PBXContainerItemProxy;
			containerPortal = 46AFBC312F2BA68C00444306 /* Project object */;
			proxyType = 1;
			remoteGlobalIDString = 46AFBC382F2BA68C00444306;
			remoteInfo = IntentTodo;
		};
		46AFC10D2F34F75C00444306 /* PBXContainerItemProxy */ = {
			isa = PBXContainerItemProxy;
			containerPortal = 46AFBC312F2BA68C00444306 /* Project object */;
			proxyType = 1;
			remoteGlobalIDString = 46AFBEFC2F2D6E5A00444306;
			remoteInfo = IntentTodoWatchApp;
		};
/* End PBXContainerItemProxy section */

/* Begin PBXCopyFilesBuildPhase section */
		46AFBED42F2CFEA500444306 /* Embed Foundation Extensions */ = {
			isa = PBXCopyFilesBuildPhase;
			buildActionMask = 2147483647;
			dstPath = "";
			dstSubfolderSpec = 13;
			files = (
				46AFBECF2F2CFEA500444306 /* IntentTodoWidgetExtension.appex in Embed Foundation Extensions */,
				46AFBEF22F2D6D9E00444306 /* IntentTodoLiveActivityExtension.appex in Embed Foundation Extensions */,
			);
			name = "Embed Foundation Extensions";
			runOnlyForDeploymentPostprocessing = 0;
		};
		46AFBF0B2F2D6E5B00444306 /* Embed Watch Content */ = {
			isa = PBXCopyFilesBuildPhase;
			buildActionMask = 2147483647;
			dstPath = "$(CONTENTS_FOLDER_PATH)/Watch";
			dstSubfolderSpec = 16;
			files = (
				46AFBF072F2D6E5B00444306 /* IntentTodoWatchApp.app in Embed Watch Content */,
			);
			name = "Embed Watch Content";
			runOnlyForDeploymentPostprocessing = 0;
		};
/* End PBXCopyFilesBuildPhase section */

/* Begin PBXFileReference section */
		4649B70F2FD964D40094754A /* AppIntentsTestingTests.swift */ = {isa = PBXFileReference; lastKnownFileType = sourcecode.swift; path = AppIntentsTestingTests.swift; sourceTree = "<group>"; };
		46AFBC392F2BA68C00444306 /* IntentTodo.app */ = {isa = PBXFileReference; explicitFileType = wrapper.application; includeInIndex = 0; path = IntentTodo.app; sourceTree = BUILT_PRODUCTS_DIR; };
		46AFBE8B2F2C1C3B00444306 /* Domain */ = {isa = PBXFileReference; lastKnownFileType = wrapper; path = Domain; sourceTree = "<group>"; };
		46AFBE8C2F2C1C3B00444306 /* Repository */ = {isa = PBXFileReference; lastKnownFileType = wrapper; path = Repository; sourceTree = "<group>"; };
		46AFBE8D2F2C1C3B00444306 /* TodoAppIntents */ = {isa = PBXFileReference; lastKnownFileType = wrapper; path = TodoAppIntents; sourceTree = "<group>"; };
		46AFBE8E2F2C1C3B00444306 /* UI */ = {isa = PBXFileReference; lastKnownFileType = wrapper; path = UI; sourceTree = "<group>"; };
		46AFBE932F2C241700444306 /* AGENTS.md */ = {isa = PBXFileReference; lastKnownFileType = net.daringfireball.markdown; path = AGENTS.md; sourceTree = "<group>"; };
		46AFBE942F2C241700444306 /* CLAUDE.md */ = {isa = PBXFileReference; lastKnownFileType = net.daringfireball.markdown; path = CLAUDE.md; sourceTree = "<group>"; };
		46AFBE952F2C241700444306 /* AGENTS.md */ = {isa = PBXFileReference; lastKnownFileType = net.daringfireball.markdown; path = AGENTS.md; sourceTree = "<group>"; };
		46AFBE962F2C241700444306 /* AppIntents-Updates.md */ = {isa = PBXFileReference; lastKnownFileType = net.daringfireball.markdown; path = "AppIntents-Updates.md"; sourceTree = "<group>"; };
		46AFBE972F2C241700444306 /* AppKit-Implementing-Liquid-Glass-Design.md */ = {isa = PBXFileReference; lastKnownFileType = net.daringfireball.markdown; path = "AppKit-Implementing-Liquid-Glass-Design.md"; sourceTree = "<group>"; };
		46AFBE982F2C241700444306 /* Foundation-AttributedString-Updates.md */ = {isa = PBXFileReference; lastKnownFileType = net.daringfireball.markdown; path = "Foundation-AttributedString-Updates.md"; sourceTree = "<group>"; };
		46AFBE992F2C241700444306 /* FoundationModels-Using-on-device-LLM-in-your-app.md */ = {isa = PBXFileReference; lastKnownFileType = net.daringfireball.markdown; path = "FoundationModels-Using-on-device-LLM-in-your-app.md"; sourceTree = "<group>"; };
		46AFBE9A2F2C241700444306 /* Implementing-Assistive-Access-in-iOS.md */ = {isa = PBXFileReference; lastKnownFileType = net.daringfireball.markdown; path = "Implementing-Assistive-Access-in-iOS.md"; sourceTree = "<group>"; };
		46AFBE9B2F2C241700444306 /* Implementing-Visual-Intelligence-in-iOS.md */ = {isa = PBXFileReference; lastKnownFileType = net.daringfireball.markdown; path = "Implementing-Visual-Intelligence-in-iOS.md"; sourceTree = "<group>"; };
		46AFBE9C2F2C241700444306 /* MapKit-GeoToolbox-PlaceDescriptors.md */ = {isa = PBXFileReference; lastKnownFileType = net.daringfireball.markdown; path = "MapKit-GeoToolbox-PlaceDescriptors.md"; sourceTree = "<group>"; };
		46AFBE9D2F2C241700444306 /* StoreKit-Updates.md */ = {isa = PBXFileReference; lastKnownFileType = net.daringfireball.markdown; path = "StoreKit-Updates.md"; sourceTree = "<group>"; };
		46AFBE9E2F2C241700444306 /* Swift-Charts-3D-Visualization.md */ = {isa = PBXFileReference; lastKnownFileType = net.daringfireball.markdown; path = "Swift-Charts-3D-Visualization.md"; sourceTree = "<group>"; };
		46AFBE9F2F2C241700444306 /* Swift-Concurrency-Updates.md */ = {isa = PBXFileReference; lastKnownFileType = net.daringfireball.markdown; path = "Swift-Concurrency-Updates.md"; sourceTree = "<group>"; };
		46AFBEA02F2C241700444306 /* Swift-InlineArray-Span.md */ = {isa = PBXFileReference; lastKnownFileType = net.daringfireball.markdown; path = "Swift-InlineArray-Span.md"; sourceTree = "<group>"; };
		46AFBEA12F2C241700444306 /* SwiftData-Class-Inheritance.md */ = {isa = PBXFileReference; lastKnownFileType = net.daringfireball.markdown; path = "SwiftData-Class-Inheritance.md"; sourceTree = "<group>"; };
		46AFBEA22F2C241700444306 /* SwiftUI-AlarmKit-Integration.md */ = {isa = PBXFileReference; lastKnownFileType = net.daringfireball.markdown; path = "SwiftUI-AlarmKit-Integration.md"; sourceTree = "<group>"; };
		46AFBEA32F2C241700444306 /* SwiftUI-Implementing-Liquid-Glass-Design.md */ = {isa = PBXFileReference; lastKnownFileType = net.daringfireball.markdown; path = "SwiftUI-Implementing-Liquid-Glass-Design.md"; sourceTree = "<group>"; };
		46AFBEA42F2C241700444306 /* SwiftUI-New-Toolbar-Features.md */ = {isa = PBXFileReference; lastKnownFileType = net.daringfireball.markdown; path = "SwiftUI-New-Toolbar-Features.md"; sourceTree = "<group>"; };
		46AFBEA52F2C241700444306 /* SwiftUI-Styled-Text-Editing.md */ = {isa = PBXFileReference; lastKnownFileType = net.daringfireball.markdown; path = "SwiftUI-Styled-Text-Editing.md"; sourceTree = "<group>"; };
		46AFBEA62F2C241700444306 /* SwiftUI-WebKit-Integration.md */ = {isa = PBXFileReference; lastKnownFileType = net.daringfireball.markdown; path = "SwiftUI-WebKit-Integration.md"; sourceTree = "<group>"; };
		46AFBEA72F2C241700444306 /* UIKit-Implementing-Liquid-Glass-Design.md */ = {isa = PBXFileReference; lastKnownFileType = net.daringfireball.markdown; path = "UIKit-Implementing-Liquid-Glass-Design.md"; sourceTree = "<group>"; };
		46AFBEA82F2C241700444306 /* WidgetKit-Implementing-Liquid-Glass-Design.md */ = {isa = PBXFileReference; lastKnownFileType = net.daringfireball.markdown; path = "WidgetKit-Implementing-Liquid-Glass-Design.md"; sourceTree = "<group>"; };
		46AFBEA92F2C241700444306 /* Widgets-for-visionOS.md */ = {isa = PBXFileReference; lastKnownFileType = net.daringfireball.markdown; path = "Widgets-for-visionOS.md"; sourceTree = "<group>"; };
		46AFBEAB2F2C241700444306 /* AGENTS.md */ = {isa = PBXFileReference; lastKnownFileType = net.daringfireball.markdown; path = AGENTS.md; sourceTree = "<group>"; };
		46AFBEAC2F2C241700444306 /* INSIGHTS.md */ = {isa = PBXFileReference; lastKnownFileType = net.daringfireball.markdown; path = INSIGHTS.md; sourceTree = "<group>"; };
		46AFBEAD2F2C241700444306 /* PLAN.md */ = {isa = PBXFileReference; lastKnownFileType = net.daringfireball.markdown; path = PLAN.md; sourceTree = "<group>"; };
		46AFBEAF2F2C241700444306 /* LICENSE */ = {isa = PBXFileReference; lastKnownFileType = text; path = LICENSE; sourceTree = "<group>"; };
		46AFBEB02F2C241700444306 /* README.md */ = {isa = PBXFileReference; lastKnownFileType = net.daringfireball.markdown; path = README.md; sourceTree = "<group>"; };
		46AFBEBE2F2CFEA400444306 /* IntentTodoWidgetExtension.appex */ = {isa = PBXFileReference; explicitFileType = "wrapper.app-extension"; includeInIndex = 0; path = IntentTodoWidgetExtension.appex; sourceTree = BUILT_PRODUCTS_DIR; };
		46AFBEBF2F2CFEA400444306 /* WidgetKit.framework */ = {isa = PBXFileReference; lastKnownFileType = wrapper.framework; name = WidgetKit.framework; path = /System/Library/Frameworks/WidgetKit.framework; sourceTree = "<absolute>"; };
		46AFBEC12F2CFEA400444306 /* SwiftUI.framework */ = {isa = PBXFileReference; lastKnownFileType = wrapper.framework; name = SwiftUI.framework; path = /System/Library/Frameworks/SwiftUI.framework; sourceTree = "<absolute>"; };
		46AFBEDF2F2D6D9C00444306 /* IntentTodoLiveActivityExtension.appex */ = {isa = PBXFileReference; explicitFileType = "wrapper.app-extension"; includeInIndex = 0; path = IntentTodoLiveActivityExtension.appex; sourceTree = BUILT_PRODUCTS_DIR; };
		46AFBEFD2F2D6E5A00444306 /* IntentTodoWatchApp.app */ = {isa = PBXFileReference; explicitFileType = wrapper.application; includeInIndex = 0; path = IntentTodoWatchApp.app; sourceTree = BUILT_PRODUCTS_DIR; };
		46AFBFFA2F33047800444306 /* TodoWidgetConfiguration.swift */ = {isa = PBXFileReference; lastKnownFileType = sourcecode.swift; path = TodoWidgetConfiguration.swift; sourceTree = "<group>"; };
		46AFBFFD2F33047800444306 /* WidgetModelContainer.swift */ = {isa = PBXFileReference; lastKnownFileType = sourcecode.swift; path = WidgetModelContainer.swift; sourceTree = "<group>"; };
		46AFC0022F33047800444306 /* Assets.xcassets */ = {isa = PBXFileReference; lastKnownFileType = folder.assetcatalog; path = Assets.xcassets; sourceTree = "<group>"; };
		46AFC0032F33047800444306 /* Info.plist */ = {isa = PBXFileReference; lastKnownFileType = text.plist.xml; path = Info.plist; sourceTree = "<group>"; };
		46AFC0042F33047800444306 /* IntentTodoWidget.swift */ = {isa = PBXFileReference; lastKnownFileType = sourcecode.swift; path = IntentTodoWidget.swift; sourceTree = "<group>"; };
		46AFC0052F33047800444306 /* IntentTodoWidgetBundle.swift */ = {isa = PBXFileReference; lastKnownFileType = sourcecode.swift; path = IntentTodoWidgetBundle.swift; sourceTree = "<group>"; };
		46AFC0062F33047800444306 /* IntentTodoWidgetExtension.entitlements */ = {isa = PBXFileReference; lastKnownFileType = text.plist.entitlements; path = IntentTodoWidgetExtension.entitlements; sourceTree = "<group>"; };
		46AFC01A2F33047B00444306 /* Assets.xcassets */ = {isa = PBXFileReference; lastKnownFileType = folder.assetcatalog; path = Assets.xcassets; sourceTree = "<group>"; };
		46AFC01B2F33047B00444306 /* Info.plist */ = {isa = PBXFileReference; lastKnownFileType = text.plist.xml; path = Info.plist; sourceTree = "<group>"; };
		46AFC01C2F33047B00444306 /* IntentTodoLiveActivityBundle.swift */ = {isa = PBXFileReference; lastKnownFileType = sourcecode.swift; path = IntentTodoLiveActivityBundle.swift; sourceTree = "<group>"; };
		46AFC01D2F33047B00444306 /* IntentTodoLiveActivityExtension.entitlements */ = {isa = PBXFileReference; lastKnownFileType = text.plist.entitlements; path = IntentTodoLiveActivityExtension.entitlements; sourceTree = "<group>"; };
		46AFC01E2F33047B00444306 /* TodoLiveActivity.swift */ = {isa = PBXFileReference; lastKnownFileType = sourcecode.swift; path = TodoLiveActivity.swift; sourceTree = "<group>"; };
		46AFC02F2F33047D00444306 /* Assets.xcassets */ = {isa = PBXFileReference; lastKnownFileType = folder.assetcatalog; path = Assets.xcassets; sourceTree = "<group>"; };
		46AFC0302F33047D00444306 /* IntentTodoWatchApp.entitlements */ = {isa = PBXFileReference; lastKnownFileType = text.plist.entitlements; path = IntentTodoWatchApp.entitlements; sourceTree = "<group>"; };
		46AFC0312F33047D00444306 /* IntentTodoWatchApp.swift */ = {isa = PBXFileReference; lastKnownFileType = sourcecode.swift; path = IntentTodoWatchApp.swift; sourceTree = "<group>"; };
		46AFC0322F33047D00444306 /* TodoComplication.swift */ = {isa = PBXFileReference; lastKnownFileType = sourcecode.swift; path = TodoComplication.swift; sourceTree = "<group>"; };
		46AFC03C2F33048000444306 /* AppDelegate.swift */ = {isa = PBXFileReference; lastKnownFileType = sourcecode.swift; path = AppDelegate.swift; sourceTree = "<group>"; };
		46AFC03E2F33048000444306 /* Assets.xcassets */ = {isa = PBXFileReference; lastKnownFileType = folder.assetcatalog; path = Assets.xcassets; sourceTree = "<group>"; };
		46AFC03F2F33048000444306 /* Info.plist */ = {isa = PBXFileReference; lastKnownFileType = text.plist.xml; path = Info.plist; sourceTree = "<group>"; };
		46AFC0402F33048000444306 /* IntentTodo.entitlements */ = {isa = PBXFileReference; lastKnownFileType = text.plist.entitlements; path = IntentTodo.entitlements; sourceTree = "<group>"; };
		46AFC0412F33048000444306 /* IntentTodoApp.swift */ = {isa = PBXFileReference; lastKnownFileType = sourcecode.swift; path = IntentTodoApp.swift; sourceTree = "<group>"; };
		46AFC0F32F34F72800444306 /* IntentTodoUITest.xctest */ = {isa = PBXFileReference; explicitFileType = wrapper.cfbundle; includeInIndex = 0; path = IntentTodoUITest.xctest; sourceTree = BUILT_PRODUCTS_DIR; };
		46AFC0FE2F34F73500444306 /* IntentTodoUITest.swift */ = {isa = PBXFileReference; lastKnownFileType = sourcecode.swift; path = IntentTodoUITest.swift; sourceTree = "<group>"; };
		46AFC1072F34F75C00444306 /* IntentTodoWatchAppUITest.xctest */ = {isa = PBXFileReference; explicitFileType = wrapper.cfbundle; includeInIndex = 0; path = IntentTodoWatchAppUITest.xctest; sourceTree = BUILT_PRODUCTS_DIR; };
		46AFC1122F34F76300444306 /* IntentTodoWatchAppUITest.swift */ = {isa = PBXFileReference; lastKnownFileType = sourcecode.swift; path = IntentTodoWatchAppUITest.swift; sourceTree = "<group>"; };
		46AFC1202F33048100444306 /* QuickAddTodoControl.swift */ = {isa = PBXFileReference; lastKnownFileType = sourcecode.swift; path = QuickAddTodoControl.swift; sourceTree = "<group>"; };
		46AFC1222F33048100444306 /* TodoCountControl.swift */ = {isa = PBXFileReference; lastKnownFileType = sourcecode.swift; path = TodoCountControl.swift; sourceTree = "<group>"; };
		46AFC1242F33048100444306 /* ToggleUrgentTodoControl.swift */ = {isa = PBXFileReference; lastKnownFileType = sourcecode.swift; path = ToggleUrgentTodoControl.swift; sourceTree = "<group>"; };
		46D886522F6B7E500029BF80 /* APP_INTENT_DRIVEN_DESIGN.md */ = {isa = PBXFileReference; lastKnownFileType = net.daringfireball.markdown; path = APP_INTENT_DRIVEN_DESIGN.md; sourceTree = "<group>"; };
		46D886562F6B804A0029BF80 /* 01-swift-package-design.md */ = {isa = PBXFileReference; lastKnownFileType = net.daringfireball.markdown; path = "01-swift-package-design.md"; sourceTree = "<group>"; };
		46D886572F6B804A0029BF80 /* 02-swiftdata-concurrency.md */ = {isa = PBXFileReference; lastKnownFileType = net.daringfireball.markdown; path = "02-swiftdata-concurrency.md"; sourceTree = "<group>"; };
		46D886582F6B804B0029BF80 /* 03-app-intents-core.md */ = {isa = PBXFileReference; lastKnownFileType = net.daringfireball.markdown; path = "03-app-intents-core.md"; sourceTree = "<group>"; };
		46D886592F6B804B0029BF80 /* 04-ui-integration.md */ = {isa = PBXFileReference; lastKnownFileType = net.daringfireball.markdown; path = "04-ui-integration.md"; sourceTree = "<group>"; };
		46D8865A2F6B804C0029BF80 /* 05-extensions-and-data-sharing.md */ = {isa = PBXFileReference; lastKnownFileType = net.daringfireball.markdown; path = "05-extensions-and-data-sharing.md"; sourceTree = "<group>"; };
		46D8865B2F6B804D0029BF80 /* 06-control-widget-ios26.md */ = {isa = PBXFileReference; lastKnownFileType = net.daringfireball.markdown; path = "06-control-widget-ios26.md"; sourceTree = "<group>"; };
		46D8865C2F6B804E0029BF80 /* 07-platform-specific.md */ = {isa = PBXFileReference; lastKnownFileType = net.daringfireball.markdown; path = "07-platform-specific.md"; sourceTree = "<group>"; };
		46D8865D2F6B857A0029BF80 /* SceneDelegate.swift */ = {isa = PBXFileReference; lastKnownFileType = sourcecode.swift; path = SceneDelegate.swift; sourceTree = "<group>"; };
		46F00009000000000000FAC1 /* MacAppDelegate.swift */ = {isa = PBXFileReference; lastKnownFileType = sourcecode.swift; path = MacAppDelegate.swift; sourceTree = "<group>"; };
		46F0000B000000000000FAC1 /* NotificationHandler.swift */ = {isa = PBXFileReference; lastKnownFileType = sourcecode.swift; path = NotificationHandler.swift; sourceTree = "<group>"; };
		46F00100000000000000FAC1 /* LiveActivity */ = {isa = PBXFileReference; lastKnownFileType = wrapper; path = LiveActivity; sourceTree = "<group>"; };
		46F00500000000000000FAC1 /* WidgetUI */ = {isa = PBXFileReference; lastKnownFileType = wrapper; path = WidgetUI; sourceTree = "<group>"; };
		46F00800000000000000FAC1 /* WatchUI */ = {isa = PBXFileReference; lastKnownFileType = wrapper; path = WatchUI; sourceTree = "<group>"; };
/* End PBXFileReference section */

/* Begin PBXFrameworksBuildPhase section */
		46AFBC362F2BA68C00444306 /* Frameworks */ = {
			isa = PBXFrameworksBuildPhase;
			buildActionMask = 2147483647;
			files = (
				46AFBFF72F32BC5000444306 /* TodoAppIntents in Frameworks */,
				46AFBE922F2C1C7200444306 /* UI in Frameworks */,
				46F00B00000000000000FAC1 /* LiveActivity in Frameworks */,
			);
			runOnlyForDeploymentPostprocessing = 0;
		};
		46AFBEBB2F2CFEA400444306 /* Frameworks */ = {
			isa = PBXFrameworksBuildPhase;
			buildActionMask = 2147483647;
			files = (
				46AFBFA62F2D731900444306 /* Repository in Frameworks */,
				46AFBED82F2CFEEB00444306 /* Domain in Frameworks */,
				46AFBEC22F2CFEA400444306 /* SwiftUI.framework in Frameworks */,
				46AFBEDA2F2CFEEB00444306 /* TodoAppIntents in Frameworks */,
				46F00600000000000000FAC1 /* WidgetUI in Frameworks */,
				46AFBEC02F2CFEA400444306 /* WidgetKit.framework in Frameworks */,
			);
			runOnlyForDeploymentPostprocessing = 0;
		};
		46AFBEDC2F2D6D9C00444306 /* Frameworks */ = {
			isa = PBXFrameworksBuildPhase;
			buildActionMask = 2147483647;
			files = (
				46AFBFA92F2D731900444306 /* TodoAppIntents in Frameworks */,
				46AFBFA82F2D731900444306 /* Repository in Frameworks */,
				46AFBFA72F2D731900444306 /* Domain in Frameworks */,
				46F00300000000000000FAC1 /* LiveActivity in Frameworks */,
				46AFBEE12F2D6D9C00444306 /* SwiftUI.framework in Frameworks */,
				46AFBEE02F2D6D9C00444306 /* WidgetKit.framework in Frameworks */,
			);
			runOnlyForDeploymentPostprocessing = 0;
		};
		46AFBEFA2F2D6E5A00444306 /* Frameworks */ = {
			isa = PBXFrameworksBuildPhase;
			buildActionMask = 2147483647;
			files = (
				46AFBFAB2F2D731900444306 /* TodoAppIntents in Frameworks */,
				46AFBFAA2F2D731900444306 /* Domain in Frameworks */,
				46F00900000000000000FAC1 /* WatchUI in Frameworks */,
			);
			runOnlyForDeploymentPostprocessing = 0;
		};
		46AFC0F02F34F72800444306 /* Frameworks */ = {
			isa = PBXFrameworksBuildPhase;
			buildActionMask = 2147483647;
			files = (
			);
			runOnlyForDeploymentPostprocessing = 0;
		};
		46AFC1042F34F75C00444306 /* Frameworks */ = {
			isa = PBXFrameworksBuildPhase;
			buildActionMask = 2147483647;
			files = (
			);
			runOnlyForDeploymentPostprocessing = 0;
		};
/* End PBXFrameworksBuildPhase section */

/* Begin PBXGroup section */
		46AFBC302F2BA68C00444306 = {
			isa = PBXGroup;
			children = (
				46AFBE932F2C241700444306 /* AGENTS.md */,
				46AFBE942F2C241700444306 /* CLAUDE.md */,
				46AFBEAE2F2C241700444306 /* docs */,
				46AFBEAF2F2C241700444306 /* LICENSE */,
				46AFBEB02F2C241700444306 /* README.md */,
				46AFC0422F33048000444306 /* IntentTodo */,
				46AFC1002F34F73500444306 /* IntentTodoUITest */,
				46AFC0332F33047D00444306 /* IntentTodoWatchApp */,
				46AFC1142F34F76300444306 /* IntentTodoWatchAppUITest */,
				46AFC01F2F33047B00444306 /* IntentTodoLiveActivity */,
				46AFC0082F33047800444306 /* IntentTodoWidget */,
				46AFBE8F2F2C1C3B00444306 /* Packages */,
				46AFBE902F2C1C7200444306 /* Frameworks */,
				46AFBC3A2F2BA68C00444306 /* Products */,
			);
			sourceTree = "<group>";
		};
		46AFBC3A2F2BA68C00444306 /* Products */ = {
			isa = PBXGroup;
			children = (
				46AFBC392F2BA68C00444306 /* IntentTodo.app */,
				46AFBEBE2F2CFEA400444306 /* IntentTodoWidgetExtension.appex */,
				46AFBEDF2F2D6D9C00444306 /* IntentTodoLiveActivityExtension.appex */,
				46AFBEFD2F2D6E5A00444306 /* IntentTodoWatchApp.app */,
				46AFC0F32F34F72800444306 /* IntentTodoUITest.xctest */,
				46AFC1072F34F75C00444306 /* IntentTodoWatchAppUITest.xctest */,
			);
			name = Products;
			sourceTree = "<group>";
		};
		46AFBE8F2F2C1C3B00444306 /* Packages */ = {
			isa = PBXGroup;
			children = (
				46AFBE8B2F2C1C3B00444306 /* Domain */,
				46F00100000000000000FAC1 /* LiveActivity */,
				46AFBE8C2F2C1C3B00444306 /* Repository */,
				46AFBE8D2F2C1C3B00444306 /* TodoAppIntents */,
				46AFBE8E2F2C1C3B00444306 /* UI */,
				46F00500000000000000FAC1 /* WidgetUI */,
				46F00800000000000000FAC1 /* WatchUI */,
			);
			path = Packages;
			sourceTree = "<group>";
		};
		46AFBE902F2C1C7200444306 /* Frameworks */ = {
			isa = PBXGroup;
			children = (
				46AFBEBF2F2CFEA400444306 /* WidgetKit.framework */,
				46AFBEC12F2CFEA400444306 /* SwiftUI.framework */,
			);
			name = Frameworks;
			sourceTree = "<group>";
		};
		46AFBEAA2F2C241700444306 /* references */ = {
			isa = PBXGroup;
			children = (
				46AFBE952F2C241700444306 /* AGENTS.md */,
				46AFBE962F2C241700444306 /* AppIntents-Updates.md */,
				46AFBE972F2C241700444306 /* AppKit-Implementing-Liquid-Glass-Design.md */,
				46AFBE982F2C241700444306 /* Foundation-AttributedString-Updates.md */,
				46AFBE992F2C241700444306 /* FoundationModels-Using-on-device-LLM-in-your-app.md */,
				46AFBE9A2F2C241700444306 /* Implementing-Assistive-Access-in-iOS.md */,
				46AFBE9B2F2C241700444306 /* Implementing-Visual-Intelligence-in-iOS.md */,
				46AFBE9C2F2C241700444306 /* MapKit-GeoToolbox-PlaceDescriptors.md */,
				46AFBE9D2F2C241700444306 /* StoreKit-Updates.md */,
				46AFBE9E2F2C241700444306 /* Swift-Charts-3D-Visualization.md */,
				46AFBE9F2F2C241700444306 /* Swift-Concurrency-Updates.md */,
				46AFBEA02F2C241700444306 /* Swift-InlineArray-Span.md */,
				46AFBEA12F2C241700444306 /* SwiftData-Class-Inheritance.md */,
				46AFBEA22F2C241700444306 /* SwiftUI-AlarmKit-Integration.md */,
				46AFBEA32F2C241700444306 /* SwiftUI-Implementing-Liquid-Glass-Design.md */,
				46AFBEA42F2C241700444306 /* SwiftUI-New-Toolbar-Features.md */,
				46AFBEA52F2C241700444306 /* SwiftUI-Styled-Text-Editing.md */,
				46AFBEA62F2C241700444306 /* SwiftUI-WebKit-Integration.md */,
				46AFBEA72F2C241700444306 /* UIKit-Implementing-Liquid-Glass-Design.md */,
				46AFBEA82F2C241700444306 /* WidgetKit-Implementing-Liquid-Glass-Design.md */,
				46AFBEA92F2C241700444306 /* Widgets-for-visionOS.md */,
			);
			path = references;
			sourceTree = "<group>";
		};
		46AFBEAE2F2C241700444306 /* docs */ = {
			isa = PBXGroup;
			children = (
				46AFBEAA2F2C241700444306 /* references */,
				46AFBEAB2F2C241700444306 /* AGENTS.md */,
				46AFBEAC2F2C241700444306 /* INSIGHTS.md */,
				46AFBEAD2F2C241700444306 /* PLAN.md */,
				46D886522F6B7E500029BF80 /* APP_INTENT_DRIVEN_DESIGN.md */,
				46D886552F6B7F680029BF80 /* insights */,
			);
			path = docs;
			sourceTree = "<group>";
		};
		46AFBFFB2F33047800444306 /* Configuration */ = {
			isa = PBXGroup;
			children = (
				46AFBFFA2F33047800444306 /* TodoWidgetConfiguration.swift */,
			);
			path = Configuration;
			sourceTree = "<group>";
		};
		46AFBFFE2F33047800444306 /* Helpers */ = {
			isa = PBXGroup;
			children = (
				46AFBFFD2F33047800444306 /* WidgetModelContainer.swift */,
			);
			path = Helpers;
			sourceTree = "<group>";
		};
		46AFC0082F33047800444306 /* IntentTodoWidget */ = {
			isa = PBXGroup;
			children = (
				46AFBFFB2F33047800444306 /* Configuration */,
				46AFC1282F33048100444306 /* Controls */,
				46AFBFFE2F33047800444306 /* Helpers */,
				46AFC0022F33047800444306 /* Assets.xcassets */,
				46AFC0032F33047800444306 /* Info.plist */,
				46AFC0042F33047800444306 /* IntentTodoWidget.swift */,
				46AFC0052F33047800444306 /* IntentTodoWidgetBundle.swift */,
				46AFC0062F33047800444306 /* IntentTodoWidgetExtension.entitlements */,
			);
			path = IntentTodoWidget;
			sourceTree = "<group>";
		};
		46AFC01F2F33047B00444306 /* IntentTodoLiveActivity */ = {
			isa = PBXGroup;
			children = (
				46AFC01A2F33047B00444306 /* Assets.xcassets */,
				46AFC01B2F33047B00444306 /* Info.plist */,
				46AFC01C2F33047B00444306 /* IntentTodoLiveActivityBundle.swift */,
				46AFC01D2F33047B00444306 /* IntentTodoLiveActivityExtension.entitlements */,
				46AFC01E2F33047B00444306 /* TodoLiveActivity.swift */,
			);
			path = IntentTodoLiveActivity;
			sourceTree = "<group>";
		};
		46AFC0332F33047D00444306 /* IntentTodoWatchApp */ = {
			isa = PBXGroup;
			children = (
				46AFC02F2F33047D00444306 /* Assets.xcassets */,
				46AFC0302F33047D00444306 /* IntentTodoWatchApp.entitlements */,
				46AFC0312F33047D00444306 /* IntentTodoWatchApp.swift */,
				46AFC0322F33047D00444306 /* TodoComplication.swift */,
			);
			path = IntentTodoWatchApp;
			sourceTree = "<group>";
		};
		46AFC0422F33048000444306 /* IntentTodo */ = {
			isa = PBXGroup;
			children = (
				46AFC03C2F33048000444306 /* AppDelegate.swift */,
				46AFC03E2F33048000444306 /* Assets.xcassets */,
				46AFC03F2F33048000444306 /* Info.plist */,
				46AFC0402F33048000444306 /* IntentTodo.entitlements */,
				46AFC0412F33048000444306 /* IntentTodoApp.swift */,
				46F00009000000000000FAC1 /* MacAppDelegate.swift */,
				46F0000B000000000000FAC1 /* NotificationHandler.swift */,
				46D8865D2F6B857A0029BF80 /* SceneDelegate.swift */,
			);
			path = IntentTodo;
			sourceTree = "<group>";
		};
		46AFC1002F34F73500444306 /* IntentTodoUITest */ = {
			isa = PBXGroup;
			children = (
				46AFC0FE2F34F73500444306 /* IntentTodoUITest.swift */,
				4649B70F2FD964D40094754A /* AppIntentsTestingTests.swift */,
			);
			path = IntentTodoUITest;
			sourceTree = "<group>";
		};
		46AFC1142F34F76300444306 /* IntentTodoWatchAppUITest */ = {
			isa = PBXGroup;
			children = (
				46AFC1122F34F76300444306 /* IntentTodoWatchAppUITest.swift */,
			);
			path = IntentTodoWatchAppUITest;
			sourceTree = "<group>";
		};
		46AFC1282F33048100444306 /* Controls */ = {
			isa = PBXGroup;
			children = (
				46AFC1202F33048100444306 /* QuickAddTodoControl.swift */,
				46AFC1222F33048100444306 /* TodoCountControl.swift */,
				46AFC1242F33048100444306 /* ToggleUrgentTodoControl.swift */,
			);
			path = Controls;
			sourceTree = "<group>";
		};
		46D886552F6B7F680029BF80 /* insights */ = {
			isa = PBXGroup;
			children = (
				46D886562F6B804A0029BF80 /* 01-swift-package-design.md */,
				46D886572F6B804A0029BF80 /* 02-swiftdata-concurrency.md */,
				46D886582F6B804B0029BF80 /* 03-app-intents-core.md */,
				46D886592F6B804B0029BF80 /* 04-ui-integration.md */,
				46D8865A2F6B804C0029BF80 /* 05-extensions-and-data-sharing.md */,
				46D8865B2F6B804D0029BF80 /* 06-control-widget-ios26.md */,
				46D8865C2F6B804E0029BF80 /* 07-platform-specific.md */,
			);
			path = insights;
			sourceTree = "<group>";
		};
/* End PBXGroup section */

/* Begin PBXNativeTarget section */
		46AFBC382F2BA68C00444306 /* IntentTodo */ = {
			isa = PBXNativeTarget;
			buildConfigurationList = 46AFBC5D2F2BA68D00444306 /* Build configuration list for PBXNativeTarget "IntentTodo" */;
			buildPhases = (
				46AFBC352F2BA68C00444306 /* Sources */,
				46AFBC362F2BA68C00444306 /* Frameworks */,
				46AFBC372F2BA68C00444306 /* Resources */,
				46AFBED42F2CFEA500444306 /* Embed Foundation Extensions */,
				46AFBF0B2F2D6E5B00444306 /* Embed Watch Content */,
			);
			buildRules = (
			);
			dependencies = (
				46AFBECE2F2CFEA500444306 /* PBXTargetDependency */,
				46AFBEF12F2D6D9E00444306 /* PBXTargetDependency */,
				46AFBF062F2D6E5B00444306 /* PBXTargetDependency */,
			);
			name = IntentTodo;
			packageProductDependencies = (
				46AFBE912F2C1C7200444306 /* UI */,
				46AFBFF62F32BC5000444306 /* TodoAppIntents */,
				46F00C00000000000000FAC1 /* LiveActivity */,
			);
			productName = IntentTodo;
			productReference = 46AFBC392F2BA68C00444306 /* IntentTodo.app */;
			productType = "com.apple.product-type.application";
		};
		46AFBEBD2F2CFEA400444306 /* IntentTodoWidgetExtension */ = {
			isa = PBXNativeTarget;
			buildConfigurationList = 46AFBED02F2CFEA500444306 /* Build configuration list for PBXNativeTarget "IntentTodoWidgetExtension" */;
			buildPhases = (
				46AFBEBA2F2CFEA400444306 /* Sources */,
				46AFBEBB2F2CFEA400444306 /* Frameworks */,
				46AFBEBC2F2CFEA400444306 /* Resources */,
			);
			buildRules = (
			);
			dependencies = (
			);
			name = IntentTodoWidgetExtension;
			packageProductDependencies = (
				46AFBED72F2CFEEB00444306 /* Domain */,
				46AFBED92F2CFEEB00444306 /* TodoAppIntents */,
				46AFBEDB2F2D6E6A00444306 /* Repository */,
				46F00700000000000000FAC1 /* WidgetUI */,
			);
			productName = IntentTodoWidgetExtension;
			productReference = 46AFBEBE2F2CFEA400444306 /* IntentTodoWidgetExtension.appex */;
			productType = "com.apple.product-type.app-extension";
		};
		46AFBEDE2F2D6D9C00444306 /* IntentTodoLiveActivityExtension */ = {
			isa = PBXNativeTarget;
			buildConfigurationList = 46AFBEF32F2D6D9E00444306 /* Build configuration list for PBXNativeTarget "IntentTodoLiveActivityExtension" */;
			buildPhases = (
				46AFBEDB2F2D6D9C00444306 /* Sources */,
				46AFBEDC2F2D6D9C00444306 /* Frameworks */,
				46AFBEDD2F2D6D9C00444306 /* Resources */,
			);
			buildRules = (
			);
			dependencies = (
			);
			name = IntentTodoLiveActivityExtension;
			packageProductDependencies = (
				46AFBEDC2F2D6E6A00444306 /* Domain */,
				46AFBEDD2F2D6E6A00444306 /* Repository */,
				46AFBEDE2F2D6E6A00444306 /* TodoAppIntents */,
				46F00400000000000000FAC1 /* LiveActivity */,
			);
			productName = IntentTodoLiveActivityExtension;
			productReference = 46AFBEDF2F2D6D9C00444306 /* IntentTodoLiveActivityExtension.appex */;
			productType = "com.apple.product-type.app-extension";
		};
		46AFBEFC2F2D6E5A00444306 /* IntentTodoWatchApp */ = {
			isa = PBXNativeTarget;
			buildConfigurationList = 46AFBF082F2D6E5B00444306 /* Build configuration list for PBXNativeTarget "IntentTodoWatchApp" */;
			buildPhases = (
				46AFBEF92F2D6E5A00444306 /* Sources */,
				46AFBEFA2F2D6E5A00444306 /* Frameworks */,
				46AFBEFB2F2D6E5A00444306 /* Resources */,
			);
			buildRules = (
			);
			dependencies = (
			);
			name = IntentTodoWatchApp;
			packageProductDependencies = (
				46AFBEDF2F2D6E6A00444306 /* Domain */,
				46AFBEE02F2D6E6A00444306 /* TodoAppIntents */,
				46F00A00000000000000FAC1 /* WatchUI */,
			);
			productName = "IntentTodoWatchApp Watch App";
			productReference = 46AFBEFD2F2D6E5A00444306 /* IntentTodoWatchApp.app */;
			productType = "com.apple.product-type.application";
		};
		46AFC0F22F34F72800444306 /* IntentTodoUITest */ = {
			isa = PBXNativeTarget;
			buildConfigurationList = 46AFC0FB2F34F72800444306 /* Build configuration list for PBXNativeTarget "IntentTodoUITest" */;
			buildPhases = (
				46AFC0EF2F34F72800444306 /* Sources */,
				46AFC0F02F34F72800444306 /* Frameworks */,
				46AFC0F12F34F72800444306 /* Resources */,
			);
			buildRules = (
			);
			dependencies = (
				46AFC0FA2F34F72800444306 /* PBXTargetDependency */,
			);
			name = IntentTodoUITest;
			productName = IntentTodoUITest;
			productReference = 46AFC0F32F34F72800444306 /* IntentTodoUITest.xctest */;
			productType = "com.apple.product-type.bundle.ui-testing";
		};
		46AFC1062F34F75C00444306 /* IntentTodoWatchAppUITest */ = {
			isa = PBXNativeTarget;
			buildConfigurationList = 46AFC10F2F34F75C00444306 /* Build configuration list for PBXNativeTarget "IntentTodoWatchAppUITest" */;
			buildPhases = (
				46AFC1032F34F75C00444306 /* Sources */,
				46AFC1042F34F75C00444306 /* Frameworks */,
				46AFC1052F34F75C00444306 /* Resources */,
			);
			buildRules = (
			);
			dependencies = (
				46AFC10E2F34F75C00444306 /* PBXTargetDependency */,
			);
			name = IntentTodoWatchAppUITest;
			productName = IntentTodoWatchAppUITest;
			productReference = 46AFC1072F34F75C00444306 /* IntentTodoWatchAppUITest.xctest */;
			productType = "com.apple.product-type.bundle.ui-testing";
		};
/* End PBXNativeTarget section */

/* Begin PBXProject section */
		46AFBC312F2BA68C00444306 /* Project object */ = {
			isa = PBXProject;
			attributes = {
				BuildIndependentTargetsInParallel = 1;
				LastSwiftUpdateCheck = 2620;
				LastUpgradeCheck = 2620;
				TargetAttributes = {
					46AFBC382F2BA68C00444306 = {
						CreatedOnToolsVersion = 26.2;
					};
					46AFBEBD2F2CFEA400444306 = {
						CreatedOnToolsVersion = 26.2;
					};
					46AFBEDE2F2D6D9C00444306 = {
						CreatedOnToolsVersion = 26.2;
					};
					46AFBEFC2F2D6E5A00444306 = {
						CreatedOnToolsVersion = 26.2;
					};
					46AFC0F22F34F72800444306 = {
						CreatedOnToolsVersion = 26.2;
						TestTargetID = 46AFBC382F2BA68C00444306;
					};
					46AFC1062F34F75C00444306 = {
						CreatedOnToolsVersion = 26.2;
						TestTargetID = 46AFBEFC2F2D6E5A00444306;
					};
				};
			};
			buildConfigurationList = 46AFBC342F2BA68C00444306 /* Build configuration list for PBXProject "IntentTodo" */;
			developmentRegion = en;
			hasScannedForEncodings = 0;
			knownRegions = (
				en,
				Base,
			);
			mainGroup = 46AFBC302F2BA68C00444306;
			minimizedProjectReferenceProxies = 1;
			preferredProjectObjectVersion = 77;
			productRefGroup = 46AFBC3A2F2BA68C00444306 /* Products */;
			projectDirPath = "";
			projectRoot = "";
			targets = (
				46AFBC382F2BA68C00444306 /* IntentTodo */,
				46AFBEBD2F2CFEA400444306 /* IntentTodoWidgetExtension */,
				46AFBEDE2F2D6D9C00444306 /* IntentTodoLiveActivityExtension */,
				46AFBEFC2F2D6E5A00444306 /* IntentTodoWatchApp */,
				46AFC0F22F34F72800444306 /* IntentTodoUITest */,
				46AFC1062F34F75C00444306 /* IntentTodoWatchAppUITest */,
			);
		};
/* End PBXProject section */

/* Begin PBXResourcesBuildPhase section */
		46AFBC372F2BA68C00444306 /* Resources */ = {
			isa = PBXResourcesBuildPhase;
			buildActionMask = 2147483647;
			files = (
				46AFC0462F33048000444306 /* Assets.xcassets in Resources */,
			);
			runOnlyForDeploymentPostprocessing = 0;
		};
		46AFBEBC2F2CFEA400444306 /* Resources */ = {
			isa = PBXResourcesBuildPhase;
			buildActionMask = 2147483647;
			files = (
				46AFC0092F33047800444306 /* Assets.xcassets in Resources */,
			);
			runOnlyForDeploymentPostprocessing = 0;
		};
		46AFBEDD2F2D6D9C00444306 /* Resources */ = {
			isa = PBXResourcesBuildPhase;
			buildActionMask = 2147483647;
			files = (
				46AFC0202F33047B00444306 /* Assets.xcassets in Resources */,
			);
			runOnlyForDeploymentPostprocessing = 0;
		};
		46AFBEFB2F2D6E5A00444306 /* Resources */ = {
			isa = PBXResourcesBuildPhase;
			buildActionMask = 2147483647;
			files = (
				46AFC03B2F33047D00444306 /* Assets.xcassets in Resources */,
			);
			runOnlyForDeploymentPostprocessing = 0;
		};
		46AFC0F12F34F72800444306 /* Resources */ = {
			isa = PBXResourcesBuildPhase;
			buildActionMask = 2147483647;
			files = (
			);
			runOnlyForDeploymentPostprocessing = 0;
		};
		46AFC1052F34F75C00444306 /* Resources */ = {
			isa = PBXResourcesBuildPhase;
			buildActionMask = 2147483647;
			files = (
			);
			runOnlyForDeploymentPostprocessing = 0;
		};
/* End PBXResourcesBuildPhase section */

/* Begin PBXSourcesBuildPhase section */
		46AFBC352F2BA68C00444306 /* Sources */ = {
			isa = PBXSourcesBuildPhase;
			buildActionMask = 2147483647;
			files = (
				46AFC0432F33048000444306 /* AppDelegate.swift in Sources */,
				46AFC0452F33048000444306 /* IntentTodoApp.swift in Sources */,
				46F0000A000000000000FAC1 /* MacAppDelegate.swift in Sources */,
				46F0000C000000000000FAC1 /* NotificationHandler.swift in Sources */,
				46D8865E2F6B857A0029BF80 /* SceneDelegate.swift in Sources */,
			);
			runOnlyForDeploymentPostprocessing = 0;
		};
		46AFBEBA2F2CFEA400444306 /* Sources */ = {
			isa = PBXSourcesBuildPhase;
			buildActionMask = 2147483647;
			files = (
				46AFC00B2F33047800444306 /* TodoWidgetConfiguration.swift in Sources */,
				46AFC00D2F33047800444306 /* WidgetModelContainer.swift in Sources */,
				46AFC0102F33047800444306 /* IntentTodoWidget.swift in Sources */,
				46AFC0112F33047800444306 /* IntentTodoWidgetBundle.swift in Sources */,
				46AFC1212F33048100444306 /* QuickAddTodoControl.swift in Sources */,
				46AFC1232F33048100444306 /* TodoCountControl.swift in Sources */,
				46AFC1252F33048100444306 /* ToggleUrgentTodoControl.swift in Sources */,
			);
			runOnlyForDeploymentPostprocessing = 0;
		};
		46AFBEDB2F2D6D9C00444306 /* Sources */ = {
			isa = PBXSourcesBuildPhase;
			buildActionMask = 2147483647;
			files = (
				46AFC0262F33047B00444306 /* IntentTodoLiveActivityBundle.swift in Sources */,
				46AFC0272F33047B00444306 /* TodoLiveActivity.swift in Sources */,
			);
			runOnlyForDeploymentPostprocessing = 0;
		};
		46AFBEF92F2D6E5A00444306 /* Sources */ = {
			isa = PBXSourcesBuildPhase;
			buildActionMask = 2147483647;
			files = (
				46AFC0392F33047D00444306 /* IntentTodoWatchApp.swift in Sources */,
				46AFC03A2F33047D00444306 /* TodoComplication.swift in Sources */,
			);
			runOnlyForDeploymentPostprocessing = 0;
		};
		46AFC0EF2F34F72800444306 /* Sources */ = {
			isa = PBXSourcesBuildPhase;
			buildActionMask = 2147483647;
			files = (
				4649B7102FD964D40094754A /* AppIntentsTestingTests.swift in Sources */,
				46AFC1012F34F73500444306 /* IntentTodoUITest.swift in Sources */,
			);
			runOnlyForDeploymentPostprocessing = 0;
		};
		46AFC1032F34F75C00444306 /* Sources */ = {
			isa = PBXSourcesBuildPhase;
			buildActionMask = 2147483647;
			files = (
				46AFC1152F34F76300444306 /* IntentTodoWatchAppUITest.swift in Sources */,
			);
			runOnlyForDeploymentPostprocessing = 0;
		};
/* End PBXSourcesBuildPhase section */

/* Begin PBXTargetDependency section */
		46AFBECE2F2CFEA500444306 /* PBXTargetDependency */ = {
			isa = PBXTargetDependency;
			target = 46AFBEBD2F2CFEA400444306 /* IntentTodoWidgetExtension */;
			targetProxy = 46AFBECD2F2CFEA500444306 /* PBXContainerItemProxy */;
		};
		46AFBEF12F2D6D9E00444306 /* PBXTargetDependency */ = {
			isa = PBXTargetDependency;
			target = 46AFBEDE2F2D6D9C00444306 /* IntentTodoLiveActivityExtension */;
			targetProxy = 46AFBEF02F2D6D9E00444306 /* PBXContainerItemProxy */;
		};
		46AFBF062F2D6E5B00444306 /* PBXTargetDependency */ = {
			isa = PBXTargetDependency;
			target = 46AFBEFC2F2D6E5A00444306 /* IntentTodoWatchApp */;
			targetProxy = 46AFBF052F2D6E5B00444306 /* PBXContainerItemProxy */;
		};
		46AFC0FA2F34F72800444306 /* PBXTargetDependency */ = {
			isa = PBXTargetDependency;
			target = 46AFBC382F2BA68C00444306 /* IntentTodo */;
			targetProxy = 46AFC0F92F34F72800444306 /* PBXContainerItemProxy */;
		};
		46AFC10E2F34F75C00444306 /* PBXTargetDependency */ = {
			isa = PBXTargetDependency;
			target = 46AFBEFC2F2D6E5A00444306 /* IntentTodoWatchApp */;
			targetProxy = 46AFC10D2F34F75C00444306 /* PBXContainerItemProxy */;
		};
/* End PBXTargetDependency section */

/* Begin XCBuildConfiguration section */
		46AFBC5E2F2BA68D00444306 /* Debug */ = {
			isa = XCBuildConfiguration;
			buildSettings = {
				ASSETCATALOG_COMPILER_APPICON_NAME = AppIcon;
				ASSETCATALOG_COMPILER_GLOBAL_ACCENT_COLOR_NAME = AccentColor;
				CODE_SIGN_ENTITLEMENTS = IntentTodo/IntentTodo.entitlements;
				CODE_SIGN_STYLE = Automatic;
				CURRENT_PROJECT_VERSION = 1;
				DEVELOPMENT_TEAM = B4S4333JDW;
				ENABLE_APP_SANDBOX = YES;
				ENABLE_HARDENED_RUNTIME = YES;
				ENABLE_PREVIEWS = YES;
				ENABLE_USER_SELECTED_FILES = readonly;
				GENERATE_INFOPLIST_FILE = YES;
				INFOPLIST_FILE = IntentTodo/Info.plist;
				INFOPLIST_KEY_NSSupportsLiveActivities = YES;
				"INFOPLIST_KEY_UIApplicationSceneManifest_Generation[sdk=iphoneos*]" = YES;
				"INFOPLIST_KEY_UIApplicationSceneManifest_Generation[sdk=iphonesimulator*]" = YES;
				"INFOPLIST_KEY_UIApplicationSupportsIndirectInputEvents[sdk=iphoneos*]" = YES;
				"INFOPLIST_KEY_UIApplicationSupportsIndirectInputEvents[sdk=iphonesimulator*]" = YES;
				"INFOPLIST_KEY_UILaunchScreen_Generation[sdk=iphoneos*]" = YES;
				"INFOPLIST_KEY_UILaunchScreen_Generation[sdk=iphonesimulator*]" = YES;
				"INFOPLIST_KEY_UIStatusBarStyle[sdk=iphoneos*]" = UIStatusBarStyleDefault;
				"INFOPLIST_KEY_UIStatusBarStyle[sdk=iphonesimulator*]" = UIStatusBarStyleDefault;
				INFOPLIST_KEY_UISupportedInterfaceOrientations_iPad = "UIInterfaceOrientationPortrait UIInterfaceOrientationPortraitUpsideDown UIInterfaceOrientationLandscapeLeft UIInterfaceOrientationLandscapeRight";
				INFOPLIST_KEY_UISupportedInterfaceOrientations_iPhone = "UIInterfaceOrientationPortrait UIInterfaceOrientationLandscapeLeft UIInterfaceOrientationLandscapeRight";
				IPHONEOS_DEPLOYMENT_TARGET = 27.0;
				LD_RUNPATH_SEARCH_PATHS = "@executable_path/Frameworks";
				"LD_RUNPATH_SEARCH_PATHS[sdk=macosx*]" = "@executable_path/../Frameworks";
				MACOSX_DEPLOYMENT_TARGET = 27.0;
				MARKETING_VERSION = 1.0;
				PRODUCT_BUNDLE_IDENTIFIER = dev.touyou.IntentTodo;
				PRODUCT_NAME = "$(TARGET_NAME)";
				REGISTER_APP_GROUPS = YES;
				SDKROOT = auto;
				STRING_CATALOG_GENERATE_SYMBOLS = YES;
				SUPPORTED_PLATFORMS = "iphoneos iphonesimulator macosx xros xrsimulator";
				SWIFT_APPROACHABLE_CONCURRENCY = YES;
				SWIFT_DEFAULT_ACTOR_ISOLATION = MainActor;
				SWIFT_EMIT_LOC_STRINGS = YES;
				SWIFT_UPCOMING_FEATURE_MEMBER_IMPORT_VISIBILITY = YES;
				SWIFT_VERSION = 5.0;
				TARGETED_DEVICE_FAMILY = "1,2,7";
				XROS_DEPLOYMENT_TARGET = 27.0;
			};
			name = Debug;
		};
		46AFBC5F2F2BA68D00444306 /* Release */ = {
			isa = XCBuildConfiguration;
			buildSettings = {
				ASSETCATALOG_COMPILER_APPICON_NAME = AppIcon;
				ASSETCATALOG_COMPILER_GLOBAL_ACCENT_COLOR_NAME = AccentColor;
				CODE_SIGN_ENTITLEMENTS = IntentTodo/IntentTodo.entitlements;
				CODE_SIGN_STYLE = Automatic;
				CURRENT_PROJECT_VERSION = 1;
				DEVELOPMENT_TEAM = B4S4333JDW;
				ENABLE_APP_SANDBOX = YES;
				ENABLE_HARDENED_RUNTIME = YES;
				ENABLE_PREVIEWS = YES;
				ENABLE_USER_SELECTED_FILES = readonly;
				GENERATE_INFOPLIST_FILE = YES;
				INFOPLIST_FILE = IntentTodo/Info.plist;
				INFOPLIST_KEY_NSSupportsLiveActivities = YES;
				"INFOPLIST_KEY_UIApplicationSceneManifest_Generation[sdk=iphoneos*]" = YES;
				"INFOPLIST_KEY_UIApplicationSceneManifest_Generation[sdk=iphonesimulator*]" = YES;
				"INFOPLIST_KEY_UIApplicationSupportsIndirectInputEvents[sdk=iphoneos*]" = YES;
				"INFOPLIST_KEY_UIApplicationSupportsIndirectInputEvents[sdk=iphonesimulator*]" = YES;
				"INFOPLIST_KEY_UILaunchScreen_Generation[sdk=iphoneos*]" = YES;
				"INFOPLIST_KEY_UILaunchScreen_Generation[sdk=iphonesimulator*]" = YES;
				"INFOPLIST_KEY_UIStatusBarStyle[sdk=iphoneos*]" = UIStatusBarStyleDefault;
				"INFOPLIST_KEY_UIStatusBarStyle[sdk=iphonesimulator*]" = UIStatusBarStyleDefault;
				INFOPLIST_KEY_UISupportedInterfaceOrientations_iPad = "UIInterfaceOrientationPortrait UIInterfaceOrientationPortraitUpsideDown UIInterfaceOrientationLandscapeLeft UIInterfaceOrientationLandscapeRight";
				INFOPLIST_KEY_UISupportedInterfaceOrientations_iPhone = "UIInterfaceOrientationPortrait UIInterfaceOrientationLandscapeLeft UIInterfaceOrientationLandscapeRight";
				IPHONEOS_DEPLOYMENT_TARGET = 27.0;
				LD_RUNPATH_SEARCH_PATHS = "@executable_path/Frameworks";
				"LD_RUNPATH_SEARCH_PATHS[sdk=macosx*]" = "@executable_path/../Frameworks";
				MACOSX_DEPLOYMENT_TARGET = 27.0;
				MARKETING_VERSION = 1.0;
				PRODUCT_BUNDLE_IDENTIFIER = dev.touyou.IntentTodo;
				PRODUCT_NAME = "$(TARGET_NAME)";
				REGISTER_APP_GROUPS = YES;
				SDKROOT = auto;
				STRING_CATALOG_GENERATE_SYMBOLS = YES;
				SUPPORTED_PLATFORMS = "iphoneos iphonesimulator macosx xros xrsimulator";
				SWIFT_APPROACHABLE_CONCURRENCY = YES;
				SWIFT_DEFAULT_ACTOR_ISOLATION = MainActor;
				SWIFT_EMIT_LOC_STRINGS = YES;
				SWIFT_UPCOMING_FEATURE_MEMBER_IMPORT_VISIBILITY = YES;
				SWIFT_VERSION = 5.0;
				TARGETED_DEVICE_FAMILY = "1,2,7";
				XROS_DEPLOYMENT_TARGET = 27.0;
			};
			name = Release;
		};
		46AFBC602F2BA68D00444306 /* Debug */ = {
			isa = XCBuildConfiguration;
			buildSettings = {
				ALWAYS_SEARCH_USER_PATHS = NO;
				ASSETCATALOG_COMPILER_GENERATE_SWIFT_ASSET_SYMBOL_EXTENSIONS = YES;
				CLANG_ANALYZER_NONNULL = YES;
				CLANG_ANALYZER_NUMBER_OBJECT_CONVERSION = YES_AGGRESSIVE;
				CLANG_CXX_LANGUAGE_STANDARD = "gnu++20";
				CLANG_ENABLE_MODULES = YES;
				CLANG_ENABLE_OBJC_ARC = YES;
				CLANG_ENABLE_OBJC_WEAK = YES;
				CLANG_WARN_BLOCK_CAPTURE_AUTORELEASING = YES;
				CLANG_WARN_BOOL_CONVERSION = YES;
				CLANG_WARN_COMMA = YES;
				CLANG_WARN_CONSTANT_CONVERSION = YES;
				CLANG_WARN_DEPRECATED_OBJC_IMPLEMENTATIONS = YES;
				CLANG_WARN_DIRECT_OBJC_ISA_USAGE = YES_ERROR;
				CLANG_WARN_DOCUMENTATION_COMMENTS = YES;
				CLANG_WARN_EMPTY_BODY = YES;
				CLANG_WARN_ENUM_CONVERSION = YES;
				CLANG_WARN_INFINITE_RECURSION = YES;
				CLANG_WARN_INT_CONVERSION = YES;
				CLANG_WARN_NON_LITERAL_NULL_CONVERSION = YES;
				CLANG_WARN_OBJC_IMPLICIT_RETAIN_SELF = YES;
				CLANG_WARN_OBJC_LITERAL_CONVERSION = YES;
				CLANG_WARN_OBJC_ROOT_CLASS = YES_ERROR;
				CLANG_WARN_QUOTED_INCLUDE_IN_FRAMEWORK_HEADER = YES;
				CLANG_WARN_RANGE_LOOP_ANALYSIS = YES;
				CLANG_WARN_STRICT_PROTOTYPES = YES;
				CLANG_WARN_SUSPICIOUS_MOVE = YES;
				CLANG_WARN_UNGUARDED_AVAILABILITY = YES_AGGRESSIVE;
				CLANG_WARN_UNREACHABLE_CODE = YES;
				CLANG_WARN__DUPLICATE_METHOD_MATCH = YES;
				COPY_PHASE_STRIP = NO;
				DEBUG_INFORMATION_FORMAT = dwarf;
				DEVELOPMENT_TEAM = B4S4333JDW;
				ENABLE_STRICT_OBJC_MSGSEND = YES;
				ENABLE_TESTABILITY = YES;
				ENABLE_USER_SCRIPT_SANDBOXING = YES;
				GCC_C_LANGUAGE_STANDARD = gnu17;
				GCC_DYNAMIC_NO_PIC = NO;
				GCC_NO_COMMON_BLOCKS = YES;
				GCC_OPTIMIZATION_LEVEL = 0;
				GCC_PREPROCESSOR_DEFINITIONS = (
					"DEBUG=1",
					"$(inherited)",
				);
				GCC_WARN_64_TO_32_BIT_CONVERSION = YES;
				GCC_WARN_ABOUT_RETURN_TYPE = YES_ERROR;
				GCC_WARN_UNDECLARED_SELECTOR = YES;
				GCC_WARN_UNINITIALIZED_AUTOS = YES_AGGRESSIVE;
				GCC_WARN_UNUSED_FUNCTION = YES;
				GCC_WARN_UNUSED_VARIABLE = YES;
				LOCALIZATION_PREFERS_STRING_CATALOGS = YES;
				MTL_ENABLE_DEBUG_INFO = INCLUDE_SOURCE;
				MTL_FAST_MATH = YES;
				ONLY_ACTIVE_ARCH = YES;
				SWIFT_ACTIVE_COMPILATION_CONDITIONS = "DEBUG $(inherited)";
				SWIFT_OPTIMIZATION_LEVEL = "-Onone";
			};
			name = Debug;
		};
		46AFBC612F2BA68D00444306 /* Release */ = {
			isa = XCBuildConfiguration;
			buildSettings = {
				ALWAYS_SEARCH_USER_PATHS = NO;
				ASSETCATALOG_COMPILER_GENERATE_SWIFT_ASSET_SYMBOL_EXTENSIONS = YES;
				CLANG_ANALYZER_NONNULL = YES;
				CLANG_ANALYZER_NUMBER_OBJECT_CONVERSION = YES_AGGRESSIVE;
				CLANG_CXX_LANGUAGE_STANDARD = "gnu++20";
				CLANG_ENABLE_MODULES = YES;
				CLANG_ENABLE_OBJC_ARC = YES;
				CLANG_ENABLE_OBJC_WEAK = YES;
				CLANG_WARN_BLOCK_CAPTURE_AUTORELEASING = YES;
				CLANG_WARN_BOOL_CONVERSION = YES;
				CLANG_WARN_COMMA = YES;
				CLANG_WARN_CONSTANT_CONVERSION = YES;
				CLANG_WARN_DEPRECATED_OBJC_IMPLEMENTATIONS = YES;
				CLANG_WARN_DIRECT_OBJC_ISA_USAGE = YES_ERROR;
				CLANG_WARN_DOCUMENTATION_COMMENTS = YES;
				CLANG_WARN_EMPTY_BODY = YES;
				CLANG_WARN_ENUM_CONVERSION = YES;
				CLANG_WARN_INFINITE_RECURSION = YES;
				CLANG_WARN_INT_CONVERSION = YES;
				CLANG_WARN_NON_LITERAL_NULL_CONVERSION = YES;
				CLANG_WARN_OBJC_IMPLICIT_RETAIN_SELF = YES;
				CLANG_WARN_OBJC_LITERAL_CONVERSION = YES;
				CLANG_WARN_OBJC_ROOT_CLASS = YES_ERROR;
				CLANG_WARN_QUOTED_INCLUDE_IN_FRAMEWORK_HEADER = YES;
				CLANG_WARN_RANGE_LOOP_ANALYSIS = YES;
				CLANG_WARN_STRICT_PROTOTYPES = YES;
				CLANG_WARN_SUSPICIOUS_MOVE = YES;
				CLANG_WARN_UNGUARDED_AVAILABILITY = YES_AGGRESSIVE;
				CLANG_WARN_UNREACHABLE_CODE = YES;
				CLANG_WARN__DUPLICATE_METHOD_MATCH = YES;
				COPY_PHASE_STRIP = NO;
				DEBUG_INFORMATION_FORMAT = "dwarf-with-dsym";
				DEVELOPMENT_TEAM = B4S4333JDW;
				ENABLE_NS_ASSERTIONS = NO;
				ENABLE_STRICT_OBJC_MSGSEND = YES;
				ENABLE_USER_SCRIPT_SANDBOXING = YES;
				GCC_C_LANGUAGE_STANDARD = gnu17;
				GCC_NO_COMMON_BLOCKS = YES;
				GCC_WARN_64_TO_32_BIT_CONVERSION = YES;
				GCC_WARN_ABOUT_RETURN_TYPE = YES_ERROR;
				GCC_WARN_UNDECLARED_SELECTOR = YES;
				GCC_WARN_UNINITIALIZED_AUTOS = YES_AGGRESSIVE;
				GCC_WARN_UNUSED_FUNCTION = YES;
				GCC_WARN_UNUSED_VARIABLE = YES;
				LOCALIZATION_PREFERS_STRING_CATALOGS = YES;
				MTL_ENABLE_DEBUG_INFO = NO;
				MTL_FAST_MATH = YES;
				SWIFT_COMPILATION_MODE = wholemodule;
			};
			name = Release;
		};
		46AFBED12F2CFEA500444306 /* Debug */ = {
			isa = XCBuildConfiguration;
			buildSettings = {
				ASSETCATALOG_COMPILER_GLOBAL_ACCENT_COLOR_NAME = AccentColor;
				ASSETCATALOG_COMPILER_WIDGET_BACKGROUND_COLOR_NAME = WidgetBackground;
				CODE_SIGN_ENTITLEMENTS = IntentTodoWidget/IntentTodoWidgetExtension.entitlements;
				CODE_SIGN_STYLE = Automatic;
				CURRENT_PROJECT_VERSION = 1;
				DEVELOPMENT_TEAM = B4S4333JDW;
				ENABLE_APP_SANDBOX = YES;
				ENABLE_HARDENED_RUNTIME = YES;
				GENERATE_INFOPLIST_FILE = YES;
				INFOPLIST_FILE = IntentTodoWidget/Info.plist;
				INFOPLIST_KEY_CFBundleDisplayName = IntentTodoWidget;
				INFOPLIST_KEY_NSHumanReadableCopyright = "";
				IPHONEOS_DEPLOYMENT_TARGET = 27.0;
				LD_RUNPATH_SEARCH_PATHS = (
					"$(inherited)",
					"@executable_path/Frameworks",
					"@executable_path/../../Frameworks",
				);
				"LD_RUNPATH_SEARCH_PATHS[sdk=macosx*]" = (
					"$(inherited)",
					"@executable_path/../Frameworks",
					"@executable_path/../../../../Frameworks",
				);
				MACOSX_DEPLOYMENT_TARGET = 27.0;
				MARKETING_VERSION = 1.0;
				PRODUCT_BUNDLE_IDENTIFIER = dev.touyou.IntentTodo.IntentTodoWidget;
				PRODUCT_NAME = "$(TARGET_NAME)";
				REGISTER_APP_GROUPS = YES;
				SDKROOT = auto;
				SKIP_INSTALL = YES;
				STRING_CATALOG_GENERATE_SYMBOLS = YES;
				SUPPORTED_PLATFORMS = "iphoneos iphonesimulator macosx xros xrsimulator";
				SWIFT_APPROACHABLE_CONCURRENCY = YES;
				SWIFT_EMIT_LOC_STRINGS = YES;
				SWIFT_UPCOMING_FEATURE_MEMBER_IMPORT_VISIBILITY = YES;
				SWIFT_VERSION = 5.0;
				TARGETED_DEVICE_FAMILY = "1,2,7";
				XROS_DEPLOYMENT_TARGET = 27.0;
			};
			name = Debug;
		};
		46AFBED22F2CFEA500444306 /* Release */ = {
			isa = XCBuildConfiguration;
			buildSettings = {
				ASSETCATALOG_COMPILER_GLOBAL_ACCENT_COLOR_NAME = AccentColor;
				ASSETCATALOG_COMPILER_WIDGET_BACKGROUND_COLOR_NAME = WidgetBackground;
				CODE_SIGN_ENTITLEMENTS = IntentTodoWidget/IntentTodoWidgetExtension.entitlements;
				CODE_SIGN_STYLE = Automatic;
				CURRENT_PROJECT_VERSION = 1;
				DEVELOPMENT_TEAM = B4S4333JDW;
				ENABLE_APP_SANDBOX = YES;
				ENABLE_HARDENED_RUNTIME = YES;
				GENERATE_INFOPLIST_FILE = YES;
				INFOPLIST_FILE = IntentTodoWidget/Info.plist;
				INFOPLIST_KEY_CFBundleDisplayName = IntentTodoWidget;
				INFOPLIST_KEY_NSHumanReadableCopyright = "";
				IPHONEOS_DEPLOYMENT_TARGET = 27.0;
				LD_RUNPATH_SEARCH_PATHS = (
					"$(inherited)",
					"@executable_path/Frameworks",
					"@executable_path/../../Frameworks",
				);
				"LD_RUNPATH_SEARCH_PATHS[sdk=macosx*]" = (
					"$(inherited)",
					"@executable_path/../Frameworks",
					"@executable_path/../../../../Frameworks",
				);
				MACOSX_DEPLOYMENT_TARGET = 27.0;
				MARKETING_VERSION = 1.0;
				PRODUCT_BUNDLE_IDENTIFIER = dev.touyou.IntentTodo.IntentTodoWidget;
				PRODUCT_NAME = "$(TARGET_NAME)";
				REGISTER_APP_GROUPS = YES;
				SDKROOT = auto;
				SKIP_INSTALL = YES;
				STRING_CATALOG_GENERATE_SYMBOLS = YES;
				SUPPORTED_PLATFORMS = "iphoneos iphonesimulator macosx xros xrsimulator";
				SWIFT_APPROACHABLE_CONCURRENCY = YES;
				SWIFT_EMIT_LOC_STRINGS = YES;
				SWIFT_UPCOMING_FEATURE_MEMBER_IMPORT_VISIBILITY = YES;
				SWIFT_VERSION = 5.0;
				TARGETED_DEVICE_FAMILY = "1,2,7";
				XROS_DEPLOYMENT_TARGET = 27.0;
			};
			name = Release;
		};
		46AFBEF42F2D6D9E00444306 /* Debug */ = {
			isa = XCBuildConfiguration;
			buildSettings = {
				ASSETCATALOG_COMPILER_GLOBAL_ACCENT_COLOR_NAME = AccentColor;
				ASSETCATALOG_COMPILER_WIDGET_BACKGROUND_COLOR_NAME = WidgetBackground;
				CODE_SIGN_ENTITLEMENTS = IntentTodoLiveActivity/IntentTodoLiveActivityExtension.entitlements;
				CODE_SIGN_STYLE = Automatic;
				CURRENT_PROJECT_VERSION = 1;
				DEVELOPMENT_TEAM = B4S4333JDW;
				GENERATE_INFOPLIST_FILE = YES;
				INFOPLIST_FILE = IntentTodoLiveActivity/Info.plist;
				INFOPLIST_KEY_CFBundleDisplayName = IntentTodoLiveActivity;
				INFOPLIST_KEY_NSHumanReadableCopyright = "";
				IPHONEOS_DEPLOYMENT_TARGET = 27.0;
				LD_RUNPATH_SEARCH_PATHS = (
					"$(inherited)",
					"@executable_path/Frameworks",
					"@executable_path/../../Frameworks",
				);
				MARKETING_VERSION = 1.0;
				PRODUCT_BUNDLE_IDENTIFIER = dev.touyou.IntentTodo.IntentTodoLiveActivity;
				PRODUCT_NAME = "$(TARGET_NAME)";
				SDKROOT = iphoneos;
				SKIP_INSTALL = YES;
				STRING_CATALOG_GENERATE_SYMBOLS = YES;
				SWIFT_APPROACHABLE_CONCURRENCY = YES;
				SWIFT_EMIT_LOC_STRINGS = YES;
				SWIFT_UPCOMING_FEATURE_MEMBER_IMPORT_VISIBILITY = YES;
				SWIFT_VERSION = 5.0;
				TARGETED_DEVICE_FAMILY = "1,2";
			};
			name = Debug;
		};
		46AFBEF52F2D6D9E00444306 /* Release */ = {
			isa = XCBuildConfiguration;
			buildSettings = {
				ASSETCATALOG_COMPILER_GLOBAL_ACCENT_COLOR_NAME = AccentColor;
				ASSETCATALOG_COMPILER_WIDGET_BACKGROUND_COLOR_NAME = WidgetBackground;
				CODE_SIGN_ENTITLEMENTS = IntentTodoLiveActivity/IntentTodoLiveActivityExtension.entitlements;
				CODE_SIGN_STYLE = Automatic;
				CURRENT_PROJECT_VERSION = 1;
				DEVELOPMENT_TEAM = B4S4333JDW;
				GENERATE_INFOPLIST_FILE = YES;
				INFOPLIST_FILE = IntentTodoLiveActivity/Info.plist;
				INFOPLIST_KEY_CFBundleDisplayName = IntentTodoLiveActivity;
				INFOPLIST_KEY_NSHumanReadableCopyright = "";
				IPHONEOS_DEPLOYMENT_TARGET = 27.0;
				LD_RUNPATH_SEARCH_PATHS = (
					"$(inherited)",
					"@executable_path/Frameworks",
					"@executable_path/../../Frameworks",
				);
				MARKETING_VERSION = 1.0;
				PRODUCT_BUNDLE_IDENTIFIER = dev.touyou.IntentTodo.IntentTodoLiveActivity;
				PRODUCT_NAME = "$(TARGET_NAME)";
				SDKROOT = iphoneos;
				SKIP_INSTALL = YES;
				STRING_CATALOG_GENERATE_SYMBOLS = YES;
				SWIFT_APPROACHABLE_CONCURRENCY = YES;
				SWIFT_EMIT_LOC_STRINGS = YES;
				SWIFT_UPCOMING_FEATURE_MEMBER_IMPORT_VISIBILITY = YES;
				SWIFT_VERSION = 5.0;
				TARGETED_DEVICE_FAMILY = "1,2";
				VALIDATE_PRODUCT = YES;
			};
			name = Release;
		};
		46AFBF092F2D6E5B00444306 /* Debug */ = {
			isa = XCBuildConfiguration;
			buildSettings = {
				ASSETCATALOG_COMPILER_APPICON_NAME = AppIcon;
				ASSETCATALOG_COMPILER_GLOBAL_ACCENT_COLOR_NAME = AccentColor;
				CODE_SIGN_ENTITLEMENTS = IntentTodoWatchApp/IntentTodoWatchApp.entitlements;
				CODE_SIGN_STYLE = Automatic;
				CURRENT_PROJECT_VERSION = 1;
				DEVELOPMENT_TEAM = B4S4333JDW;
				ENABLE_PREVIEWS = YES;
				GENERATE_INFOPLIST_FILE = YES;
				INFOPLIST_KEY_CFBundleDisplayName = IntentTodoWatchApp;
				INFOPLIST_KEY_UISupportedInterfaceOrientations = "UIInterfaceOrientationPortrait UIInterfaceOrientationPortraitUpsideDown";
				INFOPLIST_KEY_WKCompanionAppBundleIdentifier = dev.touyou.IntentTodo;
				LD_RUNPATH_SEARCH_PATHS = (
					"$(inherited)",
					"@executable_path/Frameworks",
				);
				MARKETING_VERSION = 1.0;
				PRODUCT_BUNDLE_IDENTIFIER = dev.touyou.IntentTodo.watchkitapp;
				PRODUCT_NAME = "$(TARGET_NAME)";
				SDKROOT = watchos;
				SKIP_INSTALL = YES;
				STRING_CATALOG_GENERATE_SYMBOLS = YES;
				SWIFT_APPROACHABLE_CONCURRENCY = YES;
				SWIFT_DEFAULT_ACTOR_ISOLATION = MainActor;
				SWIFT_EMIT_LOC_STRINGS = YES;
				SWIFT_UPCOMING_FEATURE_MEMBER_IMPORT_VISIBILITY = YES;
				SWIFT_VERSION = 5.0;
				TARGETED_DEVICE_FAMILY = 4;
				WATCHOS_DEPLOYMENT_TARGET = 27.0;
			};
			name = Debug;
		};
		46AFBF0A2F2D6E5B00444306 /* Release */ = {
			isa = XCBuildConfiguration;
			buildSettings = {
				ASSETCATALOG_COMPILER_APPICON_NAME = AppIcon;
				ASSETCATALOG_COMPILER_GLOBAL_ACCENT_COLOR_NAME = AccentColor;
				CODE_SIGN_ENTITLEMENTS = IntentTodoWatchApp/IntentTodoWatchApp.entitlements;
				CODE_SIGN_STYLE = Automatic;
				CURRENT_PROJECT_VERSION = 1;
				DEVELOPMENT_TEAM = B4S4333JDW;
				ENABLE_PREVIEWS = YES;
				GENERATE_INFOPLIST_FILE = YES;
				INFOPLIST_KEY_CFBundleDisplayName = IntentTodoWatchApp;
				INFOPLIST_KEY_UISupportedInterfaceOrientations = "UIInterfaceOrientationPortrait UIInterfaceOrientationPortraitUpsideDown";
				INFOPLIST_KEY_WKCompanionAppBundleIdentifier = dev.touyou.IntentTodo;
				LD_RUNPATH_SEARCH_PATHS = (
					"$(inherited)",
					"@executable_path/Frameworks",
				);
				MARKETING_VERSION = 1.0;
				PRODUCT_BUNDLE_IDENTIFIER = dev.touyou.IntentTodo.watchkitapp;
				PRODUCT_NAME = "$(TARGET_NAME)";
				SDKROOT = watchos;
				SKIP_INSTALL = YES;
				STRING_CATALOG_GENERATE_SYMBOLS = YES;
				SWIFT_APPROACHABLE_CONCURRENCY = YES;
				SWIFT_DEFAULT_ACTOR_ISOLATION = MainActor;
				SWIFT_EMIT_LOC_STRINGS = YES;
				SWIFT_UPCOMING_FEATURE_MEMBER_IMPORT_VISIBILITY = YES;
				SWIFT_VERSION = 5.0;
				TARGETED_DEVICE_FAMILY = 4;
				VALIDATE_PRODUCT = YES;
				WATCHOS_DEPLOYMENT_TARGET = 27.0;
			};
			name = Release;
		};
		46AFC0FC2F34F72800444306 /* Debug */ = {
			isa = XCBuildConfiguration;
			buildSettings = {
				CODE_SIGN_STYLE = Automatic;
				CURRENT_PROJECT_VERSION = 1;
				DEVELOPMENT_TEAM = B4S4333JDW;
				GENERATE_INFOPLIST_FILE = YES;
				IPHONEOS_DEPLOYMENT_TARGET = 27.0;
				MACOSX_DEPLOYMENT_TARGET = 27.0;
				MARKETING_VERSION = 1.0;
				PRODUCT_BUNDLE_IDENTIFIER = dev.touyou.IntentTodo.IntentTodoUITest;
				PRODUCT_NAME = "$(TARGET_NAME)";
				SDKROOT = auto;
				STRING_CATALOG_GENERATE_SYMBOLS = NO;
				SUPPORTED_PLATFORMS = "iphoneos iphonesimulator macosx xros xrsimulator";
				SWIFT_APPROACHABLE_CONCURRENCY = YES;
				SWIFT_EMIT_LOC_STRINGS = NO;
				SWIFT_UPCOMING_FEATURE_MEMBER_IMPORT_VISIBILITY = YES;
				SWIFT_VERSION = 5.0;
				TARGETED_DEVICE_FAMILY = "1,2,7";
				TEST_TARGET_NAME = IntentTodo;
				XROS_DEPLOYMENT_TARGET = 27.0;
			};
			name = Debug;
		};
		46AFC0FD2F34F72800444306 /* Release */ = {
			isa = XCBuildConfiguration;
			buildSettings = {
				CODE_SIGN_STYLE = Automatic;
				CURRENT_PROJECT_VERSION = 1;
				DEVELOPMENT_TEAM = B4S4333JDW;
				GENERATE_INFOPLIST_FILE = YES;
				IPHONEOS_DEPLOYMENT_TARGET = 27.0;
				MACOSX_DEPLOYMENT_TARGET = 27.0;
				MARKETING_VERSION = 1.0;
				PRODUCT_BUNDLE_IDENTIFIER = dev.touyou.IntentTodo.IntentTodoUITest;
				PRODUCT_NAME = "$(TARGET_NAME)";
				SDKROOT = auto;
				STRING_CATALOG_GENERATE_SYMBOLS = NO;
				SUPPORTED_PLATFORMS = "iphoneos iphonesimulator macosx xros xrsimulator";
				SWIFT_APPROACHABLE_CONCURRENCY = YES;
				SWIFT_EMIT_LOC_STRINGS = NO;
				SWIFT_UPCOMING_FEATURE_MEMBER_IMPORT_VISIBILITY = YES;
				SWIFT_VERSION = 5.0;
				TARGETED_DEVICE_FAMILY = "1,2,7";
				TEST_TARGET_NAME = IntentTodo;
				XROS_DEPLOYMENT_TARGET = 27.0;
			};
			name = Release;
		};
		46AFC1102F34F75C00444306 /* Debug */ = {
			isa = XCBuildConfiguration;
			buildSettings = {
				CODE_SIGN_STYLE = Automatic;
				CURRENT_PROJECT_VERSION = 1;
				DEVELOPMENT_TEAM = B4S4333JDW;
				GENERATE_INFOPLIST_FILE = YES;
				MARKETING_VERSION = 1.0;
				PRODUCT_BUNDLE_IDENTIFIER = dev.touyou.IntentTodo.IntentTodoWatchAppUITest;
				PRODUCT_NAME = "$(TARGET_NAME)";
				SDKROOT = watchos;
				STRING_CATALOG_GENERATE_SYMBOLS = NO;
				SWIFT_APPROACHABLE_CONCURRENCY = YES;
				SWIFT_EMIT_LOC_STRINGS = NO;
				SWIFT_UPCOMING_FEATURE_MEMBER_IMPORT_VISIBILITY = YES;
				SWIFT_VERSION = 5.0;
				TARGETED_DEVICE_FAMILY = 4;
				TEST_TARGET_NAME = IntentTodoWatchApp;
				WATCHOS_DEPLOYMENT_TARGET = 27.0;
			};
			name = Debug;
		};
		46AFC1112F34F75C00444306 /* Release */ = {
			isa = XCBuildConfiguration;
			buildSettings = {
				CODE_SIGN_STYLE = Automatic;
				CURRENT_PROJECT_VERSION = 1;
				DEVELOPMENT_TEAM = B4S4333JDW;
				GENERATE_INFOPLIST_FILE = YES;
				MARKETING_VERSION = 1.0;
				PRODUCT_BUNDLE_IDENTIFIER = dev.touyou.IntentTodo.IntentTodoWatchAppUITest;
				PRODUCT_NAME = "$(TARGET_NAME)";
				SDKROOT = watchos;
				STRING_CATALOG_GENERATE_SYMBOLS = NO;
				SWIFT_APPROACHABLE_CONCURRENCY = YES;
				SWIFT_EMIT_LOC_STRINGS = NO;
				SWIFT_UPCOMING_FEATURE_MEMBER_IMPORT_VISIBILITY = YES;
				SWIFT_VERSION = 5.0;
				TARGETED_DEVICE_FAMILY = 4;
				TEST_TARGET_NAME = IntentTodoWatchApp;
				VALIDATE_PRODUCT = YES;
				WATCHOS_DEPLOYMENT_TARGET = 27.0;
			};
			name = Release;
		};
/* End XCBuildConfiguration section */

/* Begin XCConfigurationList section */
		46AFBC342F2BA68C00444306 /* Build configuration list for PBXProject "IntentTodo" */ = {
			isa = XCConfigurationList;
			buildConfigurations = (
				46AFBC602F2BA68D00444306 /* Debug */,
				46AFBC612F2BA68D00444306 /* Release */,
			);
			defaultConfigurationIsVisible = 0;
			defaultConfigurationName = Release;
		};
		46AFBC5D2F2BA68D00444306 /* Build configuration list for PBXNativeTarget "IntentTodo" */ = {
			isa = XCConfigurationList;
			buildConfigurations = (
				46AFBC5E2F2BA68D00444306 /* Debug */,
				46AFBC5F2F2BA68D00444306 /* Release */,
			);
			defaultConfigurationIsVisible = 0;
			defaultConfigurationName = Release;
		};
		46AFBED02F2CFEA500444306 /* Build configuration list for PBXNativeTarget "IntentTodoWidgetExtension" */ = {
			isa = XCConfigurationList;
			buildConfigurations = (
				46AFBED12F2CFEA500444306 /* Debug */,
				46AFBED22F2CFEA500444306 /* Release */,
			);
			defaultConfigurationIsVisible = 0;
			defaultConfigurationName = Release;
		};
		46AFBEF32F2D6D9E00444306 /* Build configuration list for PBXNativeTarget "IntentTodoLiveActivityExtension" */ = {
			isa = XCConfigurationList;
			buildConfigurations = (
				46AFBEF42F2D6D9E00444306 /* Debug */,
				46AFBEF52F2D6D9E00444306 /* Release */,
			);
			defaultConfigurationIsVisible = 0;
			defaultConfigurationName = Release;
		};
		46AFBF082F2D6E5B00444306 /* Build configuration list for PBXNativeTarget "IntentTodoWatchApp" */ = {
			isa = XCConfigurationList;
			buildConfigurations = (
				46AFBF092F2D6E5B00444306 /* Debug */,
				46AFBF0A2F2D6E5B00444306 /* Release */,
			);
			defaultConfigurationIsVisible = 0;
			defaultConfigurationName = Release;
		};
		46AFC0FB2F34F72800444306 /* Build configuration list for PBXNativeTarget "IntentTodoUITest" */ = {
			isa = XCConfigurationList;
			buildConfigurations = (
				46AFC0FC2F34F72800444306 /* Debug */,
				46AFC0FD2F34F72800444306 /* Release */,
			);
			defaultConfigurationIsVisible = 0;
			defaultConfigurationName = Release;
		};
		46AFC10F2F34F75C00444306 /* Build configuration list for PBXNativeTarget "IntentTodoWatchAppUITest" */ = {
			isa = XCConfigurationList;
			buildConfigurations = (
				46AFC1102F34F75C00444306 /* Debug */,
				46AFC1112F34F75C00444306 /* Release */,
			);
			defaultConfigurationIsVisible = 0;
			defaultConfigurationName = Release;
		};
/* End XCConfigurationList section */

/* Begin XCSwiftPackageProductDependency section */
		46AFBE912F2C1C7200444306 /* UI */ = {
			isa = XCSwiftPackageProductDependency;
			productName = UI;
		};
		46AFBED72F2CFEEB00444306 /* Domain */ = {
			isa = XCSwiftPackageProductDependency;
			productName = Domain;
		};
		46AFBED92F2CFEEB00444306 /* TodoAppIntents */ = {
			isa = XCSwiftPackageProductDependency;
			productName = TodoAppIntents;
		};
		46AFBEDB2F2D6E6A00444306 /* Repository */ = {
			isa = XCSwiftPackageProductDependency;
			productName = Repository;
		};
		46AFBEDC2F2D6E6A00444306 /* Domain */ = {
			isa = XCSwiftPackageProductDependency;
			productName = Domain;
		};
		46AFBEDD2F2D6E6A00444306 /* Repository */ = {
			isa = XCSwiftPackageProductDependency;
			productName = Repository;
		};
		46AFBEDE2F2D6E6A00444306 /* TodoAppIntents */ = {
			isa = XCSwiftPackageProductDependency;
			productName = TodoAppIntents;
		};
		46AFBEDF2F2D6E6A00444306 /* Domain */ = {
			isa = XCSwiftPackageProductDependency;
			productName = Domain;
		};
		46AFBEE02F2D6E6A00444306 /* TodoAppIntents */ = {
			isa = XCSwiftPackageProductDependency;
			productName = TodoAppIntents;
		};
		46AFBFF62F32BC5000444306 /* TodoAppIntents */ = {
			isa = XCSwiftPackageProductDependency;
			productName = TodoAppIntents;
		};
		46F00400000000000000FAC1 /* LiveActivity */ = {
			isa = XCSwiftPackageProductDependency;
			productName = LiveActivity;
		};
		46F00700000000000000FAC1 /* WidgetUI */ = {
			isa = XCSwiftPackageProductDependency;
			productName = WidgetUI;
		};
		46F00A00000000000000FAC1 /* WatchUI */ = {
			isa = XCSwiftPackageProductDependency;
			productName = WatchUI;
		};
		46F00C00000000000000FAC1 /* LiveActivity */ = {
			isa = XCSwiftPackageProductDependency;
			productName = LiveActivity;
		};
/* End XCSwiftPackageProductDependency section */
	};
	rootObject = 46AFBC312F2BA68C00444306 /* Project object */;
}
